
Microsoft Visual Studio Solution File, Format Version 12.00
# Visual Studio Version 18
VisualStudioVersion = 18.0.11205.157
MinimumVisualStudioVersion = 10.0.40219.1
Project("{FAE04EC0-301F-11D3-BF4B-00C04F79EFBC}") = "Sorcha.AppHost", "src\Apps\Sorcha.AppHost\Sorcha.AppHost.csproj", "{8415A6DE-64EE-4FA5-B194-C26121856EB6}"
EndProject
Project("{FAE04EC0-301F-11D3-BF4B-00C04F79EFBC}") = "Sorcha.Peer.Service", "src\Services\Sorcha.Peer.Service\Sorcha.Peer.Service.csproj", "{59043B65-2161-45CD-B5C9-D37CCC029E95}"
EndProject
Project("{FAE04EC0-301F-11D3-BF4B-00C04F79EFBC}") = "Sorcha.Blueprint.Models", "src\Common\Sorcha.Blueprint.Models\Sorcha.Blueprint.Models.csproj", "{606A593C-4E67-4575-9105-A09B81F7469B}"
EndProject
Project("{FAE04EC0-301F-11D3-BF4B-00C04F79EFBC}") = "Sorcha.ServiceDefaults", "src\Common\Sorcha.ServiceDefaults\Sorcha.ServiceDefaults.csproj", "{968916AB-C2D2-4101-ABB9-2F940F0336C2}"
EndProject
Project("{FAE04EC0-301F-11D3-BF4B-00C04F79EFBC}") = "Sorcha.Blueprint.Service", "src\Services\Sorcha.Blueprint.Service\Sorcha.Blueprint.Service.csproj", "{DBDBDA02-A857-48A0-B326-D11E59D6A81D}"
EndProject
Project("{FAE04EC0-301F-11D3-BF4B-00C04F79EFBC}") = "Sorcha.ApiGateway", "src\Services\Sorcha.ApiGateway\Sorcha.ApiGateway.csproj", "{76ACE34D-EB6B-49E9-9DC2-8ECB9F06177A}"
EndProject
Project("{FAE04EC0-301F-11D3-BF4B-00C04F79EFBC}") = "Sorcha.Blueprint.Designer.Client", "src\Apps\UI\Sorcha.Blueprint.Designer.Client\Sorcha.Blueprint.Designer.Client.csproj", "{56D63ADD-BA7F-44FF-937C-E7A79E65A21B}"
EndProject
Project("{FAE04EC0-301F-11D3-BF4B-00C04F79EFBC}") = "Sorcha.Blueprint.Fluent", "src\Core\Sorcha.Blueprint.Fluent\Sorcha.Blueprint.Fluent.csproj", "{26629583-D1B0-43D0-BAFD-80A6D2DB4831}"
EndProject
Project("{FAE04EC0-301F-11D3-BF4B-00C04F79EFBC}") = "Sorcha.Blueprint.Schemas", "src\Core\Sorcha.Blueprint.Schemas\Sorcha.Blueprint.Schemas.csproj", "{895EB229-1A04-44AB-A2DD-5DF66266F8CE}"
EndProject
Project("{2150E333-8FDC-42A3-9474-1A3956D46DE8}") = "UI", "UI", "{E98D06B3-1836-C841-A91F-F8BF7727761E}"
EndProject
Project("{FAE04EC0-301F-11D3-BF4B-00C04F79EFBC}") = "Sorcha.Cryptography", "src\Common\Sorcha.Cryptography\Sorcha.Cryptography.csproj", "{5C66D946-BB01-4F77-BAEB-A93D099E017A}"
EndProject
Project("{2150E333-8FDC-42A3-9474-1A3956D46DE8}") = "Core", "Core", "{FBF56CC3-7AE6-AD2D-3F14-7F97FD322CD6}"
EndProject
Project("{FAE04EC0-301F-11D3-BF4B-00C04F79EFBC}") = "Sorcha.Blueprint.Engine", "src\Core\Sorcha.Blueprint.Engine\Sorcha.Blueprint.Engine.csproj", "{EBF9BE4E-5E48-44B1-A854-D80DEF7AB403}"
EndProject
Project("{2150E333-8FDC-42A3-9474-1A3956D46DE8}") = "Services", "Services", "{5854FF58-B8C5-05C6-5BF2-ACE42193F22B}"
EndProject
Project("{2150E333-8FDC-42A3-9474-1A3956D46DE8}") = "tests", "tests", "{0AB3BF05-4346-4AA6-1389-037BE0695223}"
EndProject
Project("{FAE04EC0-301F-11D3-BF4B-00C04F79EFBC}") = "Sorcha.Blueprint.Engine.Tests", "tests\Sorcha.Blueprint.Engine.Tests\Sorcha.Blueprint.Engine.Tests.csproj", "{955DC5DC-7050-4C61-94C7-BAEC132E269D}"
EndProject
Project("{FAE04EC0-301F-11D3-BF4B-00C04F79EFBC}") = "Sorcha.Blueprint.Fluent.Tests", "tests\Sorcha.Blueprint.Fluent.Tests\Sorcha.Blueprint.Fluent.Tests.csproj", "{401060E8-069C-4B33-ACE3-52011955F73A}"
EndProject
Project("{FAE04EC0-301F-11D3-BF4B-00C04F79EFBC}") = "Sorcha.Blueprint.Models.Tests", "tests\Sorcha.Blueprint.Models.Tests\Sorcha.Blueprint.Models.Tests.csproj", "{ABEC131D-4CE8-4EDA-A65E-EEFBBFE89663}"
EndProject
Project("{FAE04EC0-301F-11D3-BF4B-00C04F79EFBC}") = "Sorcha.Blueprint.Schemas.Tests", "tests\Sorcha.Blueprint.Schemas.Tests\Sorcha.Blueprint.Schemas.Tests.csproj", "{F219355A-4F03-4304-9EDC-4F1CE76EB561}"
EndProject
Project("{FAE04EC0-301F-11D3-BF4B-00C04F79EFBC}") = "Sorcha.Cryptography.Tests", "tests\Sorcha.Cryptography.Tests\Sorcha.Cryptography.Tests.csproj", "{48BC6839-6D94-47D0-B5A4-60A2011DE481}"
EndProject
Project("{FAE04EC0-301F-11D3-BF4B-00C04F79EFBC}") = "Sorcha.Gateway.Integration.Tests", "tests\Sorcha.Gateway.Integration.Tests\Sorcha.Gateway.Integration.Tests.csproj", "{6772803D-CE91-4681-B15A-22A546554779}"
EndProject
Project("{FAE04EC0-301F-11D3-BF4B-00C04F79EFBC}") = "Sorcha.Integration.Tests", "tests\Sorcha.Integration.Tests\Sorcha.Integration.Tests.csproj", "{8168CC38-E090-4078-9D5A-D4061BB8EF9A}"
EndProject
Project("{FAE04EC0-301F-11D3-BF4B-00C04F79EFBC}") = "Sorcha.Peer.Service.Tests", "tests\Sorcha.Peer.Service.Tests\Sorcha.Peer.Service.Tests.csproj", "{9C060B36-E0EE-4A99-A09C-6DE3145FE997}"
EndProject
Project("{FAE04EC0-301F-11D3-BF4B-00C04F79EFBC}") = "Sorcha.Performance.Tests", "tests\Sorcha.Performance.Tests\Sorcha.Performance.Tests.csproj", "{DCC82966-0609-40E9-8296-D7B0250E157F}"
EndProject
Project("{FAE04EC0-301F-11D3-BF4B-00C04F79EFBC}") = "Sorcha.UI.E2E.Tests", "tests\Sorcha.UI.E2E.Tests\Sorcha.UI.E2E.Tests.csproj", "{154ABCE4-1D32-4965-924F-8AFF7EC0B948}"
EndProject
Project("{2150E333-8FDC-42A3-9474-1A3956D46DE8}") = "src", "src", "{827E0CD3-B72D-47B6-A68D-7590B98EB39B}"
EndProject
Project("{2150E333-8FDC-42A3-9474-1A3956D46DE8}") = "Common", "Common", "{BFF2DF6E-AA54-47C7-211F-79ACCBB4577C}"
EndProject
Project("{FAE04EC0-301F-11D3-BF4B-00C04F79EFBC}") = "Sorcha.TransactionHandler", "src\Common\Sorcha.TransactionHandler\Sorcha.TransactionHandler.csproj", "{CA7B1479-B46C-48D8-AB17-E037382305D7}"
EndProject
Project("{FAE04EC0-301F-11D3-BF4B-00C04F79EFBC}") = "Sorcha.TransactionHandler.Tests", "tests\Sorcha.TransactionHandler.Tests\Sorcha.TransactionHandler.Tests.csproj", "{B239CB04-E08B-403C-8E94-EADC9EA66518}"
EndProject
Project("{FAE04EC0-301F-11D3-BF4B-00C04F79EFBC}") = "Sorcha.WalletService", "src\Common\Sorcha.WalletService\Sorcha.WalletService.csproj", "{31B50C6E-E509-40C7-BBE1-B9A2CE3C2ECE}"
EndProject
Project("{FAE04EC0-301F-11D3-BF4B-00C04F79EFBC}") = "Sorcha.WalletService.Tests", "tests\Sorcha.WalletService.Tests\Sorcha.WalletService.Tests.csproj", "{EE19FC42-DE11-42AF-BCD2-3D52C2FCD704}"
EndProject
Project("{FAE04EC0-301F-11D3-BF4B-00C04F79EFBC}") = "Sorcha.WalletService.IntegrationTests", "tests\Sorcha.WalletService.IntegrationTests\Sorcha.WalletService.IntegrationTests.csproj", "{5D94E4AB-3B0C-4A86-AE55-62E726D4D5AF}"
EndProject
Project("{2150E333-8FDC-42A3-9474-1A3956D46DE8}") = "Apps", "Apps", "{AD2A5A3B-A595-3E96-334A-002D08FE630C}"
EndProject
Project("{FAE04EC0-301F-11D3-BF4B-00C04F79EFBC}") = "Sorcha.WalletService.Api", "src\Apps\Services\Sorcha.WalletService.Api\Sorcha.WalletService.Api.csproj", "{F7643110-C6DB-4AF8-8A73-F4344FEA1CA9}"
EndProject
Project("{2150E333-8FDC-42A3-9474-1A3956D46DE8}") = "docs", "docs", "{1A7A2863-164E-4E57-8D10-7CC734740A50}"
	ProjectSection(SolutionItems) = preProject
		docs\architecture.md = docs\architecture.md
		docs\blockchain-transaction-format.md = docs\blockchain-transaction-format.md
		docs\blueprint-architecture.md = docs\blueprint-architecture.md
		docs\blueprint-designer-plan.md = docs\blueprint-designer-plan.md
		docs\blueprint-format.md = docs\blueprint-format.md
		docs\blueprint-schema.md = docs\blueprint-schema.md
		docs\BlueprintApiImplementationPlan.md = docs\BlueprintApiImplementationPlan.md
		docs\development-status.md = docs\development-status.md
		docs\getting-started.md = docs\getting-started.md
		docs\json-ld-implementation-summary.md = docs\json-ld-implementation-summary.md
		docs\json-ld-quick-reference.md = docs\json-ld-quick-reference.md
		docs\nuget-setup-guide.md = docs\nuget-setup-guide.md
		docs\peer-service-completion.md = docs\peer-service-completion.md
		docs\peer-service-design.md = docs\peer-service-design.md
		docs\peer-service-implementation-plan.md = docs\peer-service-implementation-plan.md
		docs\peer-service-summary.md = docs\peer-service-summary.md
		docs\project-structure.md = docs\project-structure.md
		docs\README.md = docs\README.md
		docs\schema-caching-implementation.md = docs\schema-caching-implementation.md
		docs\schema-library-architecture.md = docs\schema-library-architecture.md
		docs\STRUCTURE_CHANGES.md = docs\STRUCTURE_CHANGES.md
		docs\testing.md = docs\testing.md
	EndProjectSection
EndProject
Project("{2150E333-8FDC-42A3-9474-1A3956D46DE8}") = "Solution Items", "Solution Items", "{F7E461FF-5506-42A9-9864-02AA021A6994}"
	ProjectSection(SolutionItems) = preProject
		.gitattributes = .gitattributes
		.gitignore = .gitignore
		CHANGELOG.md = CHANGELOG.md
		CODE_OF_CONDUCT.md = CODE_OF_CONDUCT.md
		CONTRIBUTING.md = CONTRIBUTING.md
		DEPLOYMENT.md = DEPLOYMENT.md
		docker-compose.yml = docker-compose.yml
		LICENSE = LICENSE
		nuget.config = nuget.config
		PROJECT_STRUCTURE.md = PROJECT_STRUCTURE.md
		README.md = README.md
		TROUBLESHOOTING.md = TROUBLESHOOTING.md
	EndProjectSection
EndProject
Global
	GlobalSection(SolutionConfigurationPlatforms) = preSolution
		Debug|Any CPU = Debug|Any CPU
		Debug|x64 = Debug|x64
		Debug|x86 = Debug|x86
		Release|Any CPU = Release|Any CPU
		Release|x64 = Release|x64
		Release|x86 = Release|x86
	EndGlobalSection
	GlobalSection(ProjectConfigurationPlatforms) = postSolution
		{8415A6DE-64EE-4FA5-B194-C26121856EB6}.Debug|Any CPU.ActiveCfg = Debug|Any CPU
		{8415A6DE-64EE-4FA5-B194-C26121856EB6}.Debug|Any CPU.Build.0 = Debug|Any CPU
		{8415A6DE-64EE-4FA5-B194-C26121856EB6}.Debug|x64.ActiveCfg = Debug|Any CPU
		{8415A6DE-64EE-4FA5-B194-C26121856EB6}.Debug|x64.Build.0 = Debug|Any CPU
		{8415A6DE-64EE-4FA5-B194-C26121856EB6}.Debug|x86.ActiveCfg = Debug|Any CPU
		{8415A6DE-64EE-4FA5-B194-C26121856EB6}.Debug|x86.Build.0 = Debug|Any CPU
		{8415A6DE-64EE-4FA5-B194-C26121856EB6}.Release|Any CPU.ActiveCfg = Release|Any CPU
		{8415A6DE-64EE-4FA5-B194-C26121856EB6}.Release|Any CPU.Build.0 = Release|Any CPU
		{8415A6DE-64EE-4FA5-B194-C26121856EB6}.Release|x64.ActiveCfg = Release|Any CPU
		{8415A6DE-64EE-4FA5-B194-C26121856EB6}.Release|x64.Build.0 = Release|Any CPU
		{8415A6DE-64EE-4FA5-B194-C26121856EB6}.Release|x86.ActiveCfg = Release|Any CPU
		{8415A6DE-64EE-4FA5-B194-C26121856EB6}.Release|x86.Build.0 = Release|Any CPU
		{59043B65-2161-45CD-B5C9-D37CCC029E95}.Debug|Any CPU.ActiveCfg = Debug|Any CPU
		{59043B65-2161-45CD-B5C9-D37CCC029E95}.Debug|Any CPU.Build.0 = Debug|Any CPU
		{59043B65-2161-45CD-B5C9-D37CCC029E95}.Debug|x64.ActiveCfg = Debug|Any CPU
		{59043B65-2161-45CD-B5C9-D37CCC029E95}.Debug|x64.Build.0 = Debug|Any CPU
		{59043B65-2161-45CD-B5C9-D37CCC029E95}.Debug|x86.ActiveCfg = Debug|Any CPU
		{59043B65-2161-45CD-B5C9-D37CCC029E95}.Debug|x86.Build.0 = Debug|Any CPU
		{59043B65-2161-45CD-B5C9-D37CCC029E95}.Release|Any CPU.ActiveCfg = Release|Any CPU
		{59043B65-2161-45CD-B5C9-D37CCC029E95}.Release|Any CPU.Build.0 = Release|Any CPU
		{59043B65-2161-45CD-B5C9-D37CCC029E95}.Release|x64.ActiveCfg = Release|Any CPU
		{59043B65-2161-45CD-B5C9-D37CCC029E95}.Release|x64.Build.0 = Release|Any CPU
		{59043B65-2161-45CD-B5C9-D37CCC029E95}.Release|x86.ActiveCfg = Release|Any CPU
		{59043B65-2161-45CD-B5C9-D37CCC029E95}.Release|x86.Build.0 = Release|Any CPU
		{606A593C-4E67-4575-9105-A09B81F7469B}.Debug|Any CPU.ActiveCfg = Debug|Any CPU
		{606A593C-4E67-4575-9105-A09B81F7469B}.Debug|Any CPU.Build.0 = Debug|Any CPU
		{606A593C-4E67-4575-9105-A09B81F7469B}.Debug|x64.ActiveCfg = Debug|Any CPU
		{606A593C-4E67-4575-9105-A09B81F7469B}.Debug|x64.Build.0 = Debug|Any CPU
		{606A593C-4E67-4575-9105-A09B81F7469B}.Debug|x86.ActiveCfg = Debug|Any CPU
		{606A593C-4E67-4575-9105-A09B81F7469B}.Debug|x86.Build.0 = Debug|Any CPU
		{606A593C-4E67-4575-9105-A09B81F7469B}.Release|Any CPU.ActiveCfg = Release|Any CPU
		{606A593C-4E67-4575-9105-A09B81F7469B}.Release|Any CPU.Build.0 = Release|Any CPU
		{606A593C-4E67-4575-9105-A09B81F7469B}.Release|x64.ActiveCfg = Release|Any CPU
		{606A593C-4E67-4575-9105-A09B81F7469B}.Release|x64.Build.0 = Release|Any CPU
		{606A593C-4E67-4575-9105-A09B81F7469B}.Release|x86.ActiveCfg = Release|Any CPU
		{606A593C-4E67-4575-9105-A09B81F7469B}.Release|x86.Build.0 = Release|Any CPU
		{968916AB-C2D2-4101-ABB9-2F940F0336C2}.Debug|Any CPU.ActiveCfg = Debug|Any CPU
		{968916AB-C2D2-4101-ABB9-2F940F0336C2}.Debug|Any CPU.Build.0 = Debug|Any CPU
		{968916AB-C2D2-4101-ABB9-2F940F0336C2}.Debug|x64.ActiveCfg = Debug|Any CPU
		{968916AB-C2D2-4101-ABB9-2F940F0336C2}.Debug|x64.Build.0 = Debug|Any CPU
		{968916AB-C2D2-4101-ABB9-2F940F0336C2}.Debug|x86.ActiveCfg = Debug|Any CPU
		{968916AB-C2D2-4101-ABB9-2F940F0336C2}.Debug|x86.Build.0 = Debug|Any CPU
		{968916AB-C2D2-4101-ABB9-2F940F0336C2}.Release|Any CPU.ActiveCfg = Release|Any CPU
		{968916AB-C2D2-4101-ABB9-2F940F0336C2}.Release|Any CPU.Build.0 = Release|Any CPU
		{968916AB-C2D2-4101-ABB9-2F940F0336C2}.Release|x64.ActiveCfg = Release|Any CPU
		{968916AB-C2D2-4101-ABB9-2F940F0336C2}.Release|x64.Build.0 = Release|Any CPU
		{968916AB-C2D2-4101-ABB9-2F940F0336C2}.Release|x86.ActiveCfg = Release|Any CPU
		{968916AB-C2D2-4101-ABB9-2F940F0336C2}.Release|x86.Build.0 = Release|Any CPU
		{DBDBDA02-A857-48A0-B326-D11E59D6A81D}.Debug|Any CPU.ActiveCfg = Debug|Any CPU
		{DBDBDA02-A857-48A0-B326-D11E59D6A81D}.Debug|Any CPU.Build.0 = Debug|Any CPU
		{DBDBDA02-A857-48A0-B326-D11E59D6A81D}.Debug|x64.ActiveCfg = Debug|Any CPU
		{DBDBDA02-A857-48A0-B326-D11E59D6A81D}.Debug|x64.Build.0 = Debug|Any CPU
		{DBDBDA02-A857-48A0-B326-D11E59D6A81D}.Debug|x86.ActiveCfg = Debug|Any CPU
		{DBDBDA02-A857-48A0-B326-D11E59D6A81D}.Debug|x86.Build.0 = Debug|Any CPU
		{DBDBDA02-A857-48A0-B326-D11E59D6A81D}.Release|Any CPU.ActiveCfg = Release|Any CPU
		{DBDBDA02-A857-48A0-B326-D11E59D6A81D}.Release|Any CPU.Build.0 = Release|Any CPU
		{DBDBDA02-A857-48A0-B326-D11E59D6A81D}.Release|x64.ActiveCfg = Release|Any CPU
		{DBDBDA02-A857-48A0-B326-D11E59D6A81D}.Release|x64.Build.0 = Release|Any CPU
		{DBDBDA02-A857-48A0-B326-D11E59D6A81D}.Release|x86.ActiveCfg = Release|Any CPU
		{DBDBDA02-A857-48A0-B326-D11E59D6A81D}.Release|x86.Build.0 = Release|Any CPU
		{76ACE34D-EB6B-49E9-9DC2-8ECB9F06177A}.Debug|Any CPU.ActiveCfg = Debug|Any CPU
		{76ACE34D-EB6B-49E9-9DC2-8ECB9F06177A}.Debug|Any CPU.Build.0 = Debug|Any CPU
		{76ACE34D-EB6B-49E9-9DC2-8ECB9F06177A}.Debug|x64.ActiveCfg = Debug|Any CPU
		{76ACE34D-EB6B-49E9-9DC2-8ECB9F06177A}.Debug|x64.Build.0 = Debug|Any CPU
		{76ACE34D-EB6B-49E9-9DC2-8ECB9F06177A}.Debug|x86.ActiveCfg = Debug|Any CPU
		{76ACE34D-EB6B-49E9-9DC2-8ECB9F06177A}.Debug|x86.Build.0 = Debug|Any CPU
		{76ACE34D-EB6B-49E9-9DC2-8ECB9F06177A}.Release|Any CPU.ActiveCfg = Release|Any CPU
		{76ACE34D-EB6B-49E9-9DC2-8ECB9F06177A}.Release|Any CPU.Build.0 = Release|Any CPU
		{76ACE34D-EB6B-49E9-9DC2-8ECB9F06177A}.Release|x64.ActiveCfg = Release|Any CPU
		{76ACE34D-EB6B-49E9-9DC2-8ECB9F06177A}.Release|x64.Build.0 = Release|Any CPU
		{76ACE34D-EB6B-49E9-9DC2-8ECB9F06177A}.Release|x86.ActiveCfg = Release|Any CPU
		{76ACE34D-EB6B-49E9-9DC2-8ECB9F06177A}.Release|x86.Build.0 = Release|Any CPU
		{56D63ADD-BA7F-44FF-937C-E7A79E65A21B}.Debug|Any CPU.ActiveCfg = Debug|Any CPU
		{56D63ADD-BA7F-44FF-937C-E7A79E65A21B}.Debug|Any CPU.Build.0 = Debug|Any CPU
		{56D63ADD-BA7F-44FF-937C-E7A79E65A21B}.Debug|x64.ActiveCfg = Debug|Any CPU
		{56D63ADD-BA7F-44FF-937C-E7A79E65A21B}.Debug|x64.Build.0 = Debug|Any CPU
		{56D63ADD-BA7F-44FF-937C-E7A79E65A21B}.Debug|x86.ActiveCfg = Debug|Any CPU
		{56D63ADD-BA7F-44FF-937C-E7A79E65A21B}.Debug|x86.Build.0 = Debug|Any CPU
		{56D63ADD-BA7F-44FF-937C-E7A79E65A21B}.Release|Any CPU.ActiveCfg = Release|Any CPU
		{56D63ADD-BA7F-44FF-937C-E7A79E65A21B}.Release|Any CPU.Build.0 = Release|Any CPU
		{56D63ADD-BA7F-44FF-937C-E7A79E65A21B}.Release|x64.ActiveCfg = Release|Any CPU
		{56D63ADD-BA7F-44FF-937C-E7A79E65A21B}.Release|x64.Build.0 = Release|Any CPU
		{56D63ADD-BA7F-44FF-937C-E7A79E65A21B}.Release|x86.ActiveCfg = Release|Any CPU
		{56D63ADD-BA7F-44FF-937C-E7A79E65A21B}.Release|x86.Build.0 = Release|Any CPU
		{26629583-D1B0-43D0-BAFD-80A6D2DB4831}.Debug|Any CPU.ActiveCfg = Debug|Any CPU
		{26629583-D1B0-43D0-BAFD-80A6D2DB4831}.Debug|Any CPU.Build.0 = Debug|Any CPU
		{26629583-D1B0-43D0-BAFD-80A6D2DB4831}.Debug|x64.ActiveCfg = Debug|Any CPU
		{26629583-D1B0-43D0-BAFD-80A6D2DB4831}.Debug|x64.Build.0 = Debug|Any CPU
		{26629583-D1B0-43D0-BAFD-80A6D2DB4831}.Debug|x86.ActiveCfg = Debug|Any CPU
		{26629583-D1B0-43D0-BAFD-80A6D2DB4831}.Debug|x86.Build.0 = Debug|Any CPU
		{26629583-D1B0-43D0-BAFD-80A6D2DB4831}.Release|Any CPU.ActiveCfg = Release|Any CPU
		{26629583-D1B0-43D0-BAFD-80A6D2DB4831}.Release|Any CPU.Build.0 = Release|Any CPU
		{26629583-D1B0-43D0-BAFD-80A6D2DB4831}.Release|x64.ActiveCfg = Release|Any CPU
		{26629583-D1B0-43D0-BAFD-80A6D2DB4831}.Release|x64.Build.0 = Release|Any CPU
		{26629583-D1B0-43D0-BAFD-80A6D2DB4831}.Release|x86.ActiveCfg = Release|Any CPU
		{26629583-D1B0-43D0-BAFD-80A6D2DB4831}.Release|x86.Build.0 = Release|Any CPU
		{895EB229-1A04-44AB-A2DD-5DF66266F8CE}.Debug|Any CPU.ActiveCfg = Debug|Any CPU
		{895EB229-1A04-44AB-A2DD-5DF66266F8CE}.Debug|Any CPU.Build.0 = Debug|Any CPU
		{895EB229-1A04-44AB-A2DD-5DF66266F8CE}.Debug|x64.ActiveCfg = Debug|Any CPU
		{895EB229-1A04-44AB-A2DD-5DF66266F8CE}.Debug|x64.Build.0 = Debug|Any CPU
		{895EB229-1A04-44AB-A2DD-5DF66266F8CE}.Debug|x86.ActiveCfg = Debug|Any CPU
		{895EB229-1A04-44AB-A2DD-5DF66266F8CE}.Debug|x86.Build.0 = Debug|Any CPU
		{895EB229-1A04-44AB-A2DD-5DF66266F8CE}.Release|Any CPU.ActiveCfg = Release|Any CPU
		{895EB229-1A04-44AB-A2DD-5DF66266F8CE}.Release|Any CPU.Build.0 = Release|Any CPU
		{895EB229-1A04-44AB-A2DD-5DF66266F8CE}.Release|x64.ActiveCfg = Release|Any CPU
		{895EB229-1A04-44AB-A2DD-5DF66266F8CE}.Release|x64.Build.0 = Release|Any CPU
		{895EB229-1A04-44AB-A2DD-5DF66266F8CE}.Release|x86.ActiveCfg = Release|Any CPU
		{895EB229-1A04-44AB-A2DD-5DF66266F8CE}.Release|x86.Build.0 = Release|Any CPU
		{5C66D946-BB01-4F77-BAEB-A93D099E017A}.Debug|Any CPU.ActiveCfg = Debug|Any CPU
		{5C66D946-BB01-4F77-BAEB-A93D099E017A}.Debug|Any CPU.Build.0 = Debug|Any CPU
		{5C66D946-BB01-4F77-BAEB-A93D099E017A}.Debug|x64.ActiveCfg = Debug|Any CPU
		{5C66D946-BB01-4F77-BAEB-A93D099E017A}.Debug|x64.Build.0 = Debug|Any CPU
		{5C66D946-BB01-4F77-BAEB-A93D099E017A}.Debug|x86.ActiveCfg = Debug|Any CPU
		{5C66D946-BB01-4F77-BAEB-A93D099E017A}.Debug|x86.Build.0 = Debug|Any CPU
		{5C66D946-BB01-4F77-BAEB-A93D099E017A}.Release|Any CPU.ActiveCfg = Release|Any CPU
		{5C66D946-BB01-4F77-BAEB-A93D099E017A}.Release|Any CPU.Build.0 = Release|Any CPU
		{5C66D946-BB01-4F77-BAEB-A93D099E017A}.Release|x64.ActiveCfg = Release|Any CPU
		{5C66D946-BB01-4F77-BAEB-A93D099E017A}.Release|x64.Build.0 = Release|Any CPU
		{5C66D946-BB01-4F77-BAEB-A93D099E017A}.Release|x86.ActiveCfg = Release|Any CPU
		{5C66D946-BB01-4F77-BAEB-A93D099E017A}.Release|x86.Build.0 = Release|Any CPU
		{EBF9BE4E-5E48-44B1-A854-D80DEF7AB403}.Debug|Any CPU.ActiveCfg = Debug|Any CPU
		{EBF9BE4E-5E48-44B1-A854-D80DEF7AB403}.Debug|Any CPU.Build.0 = Debug|Any CPU
		{EBF9BE4E-5E48-44B1-A854-D80DEF7AB403}.Debug|x64.ActiveCfg = Debug|Any CPU
		{EBF9BE4E-5E48-44B1-A854-D80DEF7AB403}.Debug|x64.Build.0 = Debug|Any CPU
		{EBF9BE4E-5E48-44B1-A854-D80DEF7AB403}.Debug|x86.ActiveCfg = Debug|Any CPU
		{EBF9BE4E-5E48-44B1-A854-D80DEF7AB403}.Debug|x86.Build.0 = Debug|Any CPU
		{EBF9BE4E-5E48-44B1-A854-D80DEF7AB403}.Release|Any CPU.ActiveCfg = Release|Any CPU
		{EBF9BE4E-5E48-44B1-A854-D80DEF7AB403}.Release|Any CPU.Build.0 = Release|Any CPU
		{EBF9BE4E-5E48-44B1-A854-D80DEF7AB403}.Release|x64.ActiveCfg = Release|Any CPU
		{EBF9BE4E-5E48-44B1-A854-D80DEF7AB403}.Release|x64.Build.0 = Release|Any CPU
		{EBF9BE4E-5E48-44B1-A854-D80DEF7AB403}.Release|x86.ActiveCfg = Release|Any CPU
		{EBF9BE4E-5E48-44B1-A854-D80DEF7AB403}.Release|x86.Build.0 = Release|Any CPU
		{955DC5DC-7050-4C61-94C7-BAEC132E269D}.Debug|Any CPU.ActiveCfg = Debug|Any CPU
		{955DC5DC-7050-4C61-94C7-BAEC132E269D}.Debug|Any CPU.Build.0 = Debug|Any CPU
		{955DC5DC-7050-4C61-94C7-BAEC132E269D}.Debug|x64.ActiveCfg = Debug|Any CPU
		{955DC5DC-7050-4C61-94C7-BAEC132E269D}.Debug|x64.Build.0 = Debug|Any CPU
		{955DC5DC-7050-4C61-94C7-BAEC132E269D}.Debug|x86.ActiveCfg = Debug|Any CPU
		{955DC5DC-7050-4C61-94C7-BAEC132E269D}.Debug|x86.Build.0 = Debug|Any CPU
		{955DC5DC-7050-4C61-94C7-BAEC132E269D}.Release|Any CPU.ActiveCfg = Release|Any CPU
		{955DC5DC-7050-4C61-94C7-BAEC132E269D}.Release|Any CPU.Build.0 = Release|Any CPU
		{955DC5DC-7050-4C61-94C7-BAEC132E269D}.Release|x64.ActiveCfg = Release|Any CPU
		{955DC5DC-7050-4C61-94C7-BAEC132E269D}.Release|x64.Build.0 = Release|Any CPU
		{955DC5DC-7050-4C61-94C7-BAEC132E269D}.Release|x86.ActiveCfg = Release|Any CPU
		{955DC5DC-7050-4C61-94C7-BAEC132E269D}.Release|x86.Build.0 = Release|Any CPU
		{401060E8-069C-4B33-ACE3-52011955F73A}.Debug|Any CPU.ActiveCfg = Debug|Any CPU
		{401060E8-069C-4B33-ACE3-52011955F73A}.Debug|Any CPU.Build.0 = Debug|Any CPU
		{401060E8-069C-4B33-ACE3-52011955F73A}.Debug|x64.ActiveCfg = Debug|Any CPU
		{401060E8-069C-4B33-ACE3-52011955F73A}.Debug|x64.Build.0 = Debug|Any CPU
		{401060E8-069C-4B33-ACE3-52011955F73A}.Debug|x86.ActiveCfg = Debug|Any CPU
		{401060E8-069C-4B33-ACE3-52011955F73A}.Debug|x86.Build.0 = Debug|Any CPU
		{401060E8-069C-4B33-ACE3-52011955F73A}.Release|Any CPU.ActiveCfg = Release|Any CPU
		{401060E8-069C-4B33-ACE3-52011955F73A}.Release|Any CPU.Build.0 = Release|Any CPU
		{401060E8-069C-4B33-ACE3-52011955F73A}.Release|x64.ActiveCfg = Release|Any CPU
		{401060E8-069C-4B33-ACE3-52011955F73A}.Release|x64.Build.0 = Release|Any CPU
		{401060E8-069C-4B33-ACE3-52011955F73A}.Release|x86.ActiveCfg = Release|Any CPU
		{401060E8-069C-4B33-ACE3-52011955F73A}.Release|x86.Build.0 = Release|Any CPU
		{ABEC131D-4CE8-4EDA-A65E-EEFBBFE89663}.Debug|Any CPU.ActiveCfg = Debug|Any CPU
		{ABEC131D-4CE8-4EDA-A65E-EEFBBFE89663}.Debug|Any CPU.Build.0 = Debug|Any CPU
		{ABEC131D-4CE8-4EDA-A65E-EEFBBFE89663}.Debug|x64.ActiveCfg = Debug|Any CPU
		{ABEC131D-4CE8-4EDA-A65E-EEFBBFE89663}.Debug|x64.Build.0 = Debug|Any CPU
		{ABEC131D-4CE8-4EDA-A65E-EEFBBFE89663}.Debug|x86.ActiveCfg = Debug|Any CPU
		{ABEC131D-4CE8-4EDA-A65E-EEFBBFE89663}.Debug|x86.Build.0 = Debug|Any CPU
		{ABEC131D-4CE8-4EDA-A65E-EEFBBFE89663}.Release|Any CPU.ActiveCfg = Release|Any CPU
		{ABEC131D-4CE8-4EDA-A65E-EEFBBFE89663}.Release|Any CPU.Build.0 = Release|Any CPU
		{ABEC131D-4CE8-4EDA-A65E-EEFBBFE89663}.Release|x64.ActiveCfg = Release|Any CPU
		{ABEC131D-4CE8-4EDA-A65E-EEFBBFE89663}.Release|x64.Build.0 = Release|Any CPU
		{ABEC131D-4CE8-4EDA-A65E-EEFBBFE89663}.Release|x86.ActiveCfg = Release|Any CPU
		{ABEC131D-4CE8-4EDA-A65E-EEFBBFE89663}.Release|x86.Build.0 = Release|Any CPU
		{F219355A-4F03-4304-9EDC-4F1CE76EB561}.Debug|Any CPU.ActiveCfg = Debug|Any CPU
		{F219355A-4F03-4304-9EDC-4F1CE76EB561}.Debug|Any CPU.Build.0 = Debug|Any CPU
		{F219355A-4F03-4304-9EDC-4F1CE76EB561}.Debug|x64.ActiveCfg = Debug|Any CPU
		{F219355A-4F03-4304-9EDC-4F1CE76EB561}.Debug|x64.Build.0 = Debug|Any CPU
		{F219355A-4F03-4304-9EDC-4F1CE76EB561}.Debug|x86.ActiveCfg = Debug|Any CPU
		{F219355A-4F03-4304-9EDC-4F1CE76EB561}.Debug|x86.Build.0 = Debug|Any CPU
		{F219355A-4F03-4304-9EDC-4F1CE76EB561}.Release|Any CPU.ActiveCfg = Release|Any CPU
		{F219355A-4F03-4304-9EDC-4F1CE76EB561}.Release|Any CPU.Build.0 = Release|Any CPU
		{F219355A-4F03-4304-9EDC-4F1CE76EB561}.Release|x64.ActiveCfg = Release|Any CPU
		{F219355A-4F03-4304-9EDC-4F1CE76EB561}.Release|x64.Build.0 = Release|Any CPU
		{F219355A-4F03-4304-9EDC-4F1CE76EB561}.Release|x86.ActiveCfg = Release|Any CPU
		{F219355A-4F03-4304-9EDC-4F1CE76EB561}.Release|x86.Build.0 = Release|Any CPU
		{48BC6839-6D94-47D0-B5A4-60A2011DE481}.Debug|Any CPU.ActiveCfg = Debug|Any CPU
		{48BC6839-6D94-47D0-B5A4-60A2011DE481}.Debug|Any CPU.Build.0 = Debug|Any CPU
		{48BC6839-6D94-47D0-B5A4-60A2011DE481}.Debug|x64.ActiveCfg = Debug|Any CPU
		{48BC6839-6D94-47D0-B5A4-60A2011DE481}.Debug|x64.Build.0 = Debug|Any CPU
		{48BC6839-6D94-47D0-B5A4-60A2011DE481}.Debug|x86.ActiveCfg = Debug|Any CPU
		{48BC6839-6D94-47D0-B5A4-60A2011DE481}.Debug|x86.Build.0 = Debug|Any CPU
		{48BC6839-6D94-47D0-B5A4-60A2011DE481}.Release|Any CPU.ActiveCfg = Release|Any CPU
		{48BC6839-6D94-47D0-B5A4-60A2011DE481}.Release|Any CPU.Build.0 = Release|Any CPU
		{48BC6839-6D94-47D0-B5A4-60A2011DE481}.Release|x64.ActiveCfg = Release|Any CPU
		{48BC6839-6D94-47D0-B5A4-60A2011DE481}.Release|x64.Build.0 = Release|Any CPU
		{48BC6839-6D94-47D0-B5A4-60A2011DE481}.Release|x86.ActiveCfg = Release|Any CPU
		{48BC6839-6D94-47D0-B5A4-60A2011DE481}.Release|x86.Build.0 = Release|Any CPU
		{6772803D-CE91-4681-B15A-22A546554779}.Debug|Any CPU.ActiveCfg = Debug|Any CPU
		{6772803D-CE91-4681-B15A-22A546554779}.Debug|Any CPU.Build.0 = Debug|Any CPU
		{6772803D-CE91-4681-B15A-22A546554779}.Debug|x64.ActiveCfg = Debug|Any CPU
		{6772803D-CE91-4681-B15A-22A546554779}.Debug|x64.Build.0 = Debug|Any CPU
		{6772803D-CE91-4681-B15A-22A546554779}.Debug|x86.ActiveCfg = Debug|Any CPU
		{6772803D-CE91-4681-B15A-22A546554779}.Debug|x86.Build.0 = Debug|Any CPU
		{6772803D-CE91-4681-B15A-22A546554779}.Release|Any CPU.ActiveCfg = Release|Any CPU
		{6772803D-CE91-4681-B15A-22A546554779}.Release|Any CPU.Build.0 = Release|Any CPU
		{6772803D-CE91-4681-B15A-22A546554779}.Release|x64.ActiveCfg = Release|Any CPU
		{6772803D-CE91-4681-B15A-22A546554779}.Release|x64.Build.0 = Release|Any CPU
		{6772803D-CE91-4681-B15A-22A546554779}.Release|x86.ActiveCfg = Release|Any CPU
		{6772803D-CE91-4681-B15A-22A546554779}.Release|x86.Build.0 = Release|Any CPU
		{8168CC38-E090-4078-9D5A-D4061BB8EF9A}.Debug|Any CPU.ActiveCfg = Debug|Any CPU
		{8168CC38-E090-4078-9D5A-D4061BB8EF9A}.Debug|Any CPU.Build.0 = Debug|Any CPU
		{8168CC38-E090-4078-9D5A-D4061BB8EF9A}.Debug|x64.ActiveCfg = Debug|Any CPU
		{8168CC38-E090-4078-9D5A-D4061BB8EF9A}.Debug|x64.Build.0 = Debug|Any CPU
		{8168CC38-E090-4078-9D5A-D4061BB8EF9A}.Debug|x86.ActiveCfg = Debug|Any CPU
		{8168CC38-E090-4078-9D5A-D4061BB8EF9A}.Debug|x86.Build.0 = Debug|Any CPU
		{8168CC38-E090-4078-9D5A-D4061BB8EF9A}.Release|Any CPU.ActiveCfg = Release|Any CPU
		{8168CC38-E090-4078-9D5A-D4061BB8EF9A}.Release|Any CPU.Build.0 = Release|Any CPU
		{8168CC38-E090-4078-9D5A-D4061BB8EF9A}.Release|x64.ActiveCfg = Release|Any CPU
		{8168CC38-E090-4078-9D5A-D4061BB8EF9A}.Release|x64.Build.0 = Release|Any CPU
		{8168CC38-E090-4078-9D5A-D4061BB8EF9A}.Release|x86.ActiveCfg = Release|Any CPU
		{8168CC38-E090-4078-9D5A-D4061BB8EF9A}.Release|x86.Build.0 = Release|Any CPU
		{9C060B36-E0EE-4A99-A09C-6DE3145FE997}.Debug|Any CPU.ActiveCfg = Debug|Any CPU
		{9C060B36-E0EE-4A99-A09C-6DE3145FE997}.Debug|Any CPU.Build.0 = Debug|Any CPU
		{9C060B36-E0EE-4A99-A09C-6DE3145FE997}.Debug|x64.ActiveCfg = Debug|Any CPU
		{9C060B36-E0EE-4A99-A09C-6DE3145FE997}.Debug|x64.Build.0 = Debug|Any CPU
		{9C060B36-E0EE-4A99-A09C-6DE3145FE997}.Debug|x86.ActiveCfg = Debug|Any CPU
		{9C060B36-E0EE-4A99-A09C-6DE3145FE997}.Debug|x86.Build.0 = Debug|Any CPU
		{9C060B36-E0EE-4A99-A09C-6DE3145FE997}.Release|Any CPU.ActiveCfg = Release|Any CPU
		{9C060B36-E0EE-4A99-A09C-6DE3145FE997}.Release|Any CPU.Build.0 = Release|Any CPU
		{9C060B36-E0EE-4A99-A09C-6DE3145FE997}.Release|x64.ActiveCfg = Release|Any CPU
		{9C060B36-E0EE-4A99-A09C-6DE3145FE997}.Release|x64.Build.0 = Release|Any CPU
		{9C060B36-E0EE-4A99-A09C-6DE3145FE997}.Release|x86.ActiveCfg = Release|Any CPU
		{9C060B36-E0EE-4A99-A09C-6DE3145FE997}.Release|x86.Build.0 = Release|Any CPU
		{DCC82966-0609-40E9-8296-D7B0250E157F}.Debug|Any CPU.ActiveCfg = Debug|Any CPU
		{DCC82966-0609-40E9-8296-D7B0250E157F}.Debug|Any CPU.Build.0 = Debug|Any CPU
		{DCC82966-0609-40E9-8296-D7B0250E157F}.Debug|x64.ActiveCfg = Debug|Any CPU
		{DCC82966-0609-40E9-8296-D7B0250E157F}.Debug|x64.Build.0 = Debug|Any CPU
		{DCC82966-0609-40E9-8296-D7B0250E157F}.Debug|x86.ActiveCfg = Debug|Any CPU
		{DCC82966-0609-40E9-8296-D7B0250E157F}.Debug|x86.Build.0 = Debug|Any CPU
		{DCC82966-0609-40E9-8296-D7B0250E157F}.Release|Any CPU.ActiveCfg = Release|Any CPU
		{DCC82966-0609-40E9-8296-D7B0250E157F}.Release|Any CPU.Build.0 = Release|Any CPU
		{DCC82966-0609-40E9-8296-D7B0250E157F}.Release|x64.ActiveCfg = Release|Any CPU
		{DCC82966-0609-40E9-8296-D7B0250E157F}.Release|x64.Build.0 = Release|Any CPU
		{DCC82966-0609-40E9-8296-D7B0250E157F}.Release|x86.ActiveCfg = Release|Any CPU
		{DCC82966-0609-40E9-8296-D7B0250E157F}.Release|x86.Build.0 = Release|Any CPU
		{154ABCE4-1D32-4965-924F-8AFF7EC0B948}.Debug|Any CPU.ActiveCfg = Debug|Any CPU
		{154ABCE4-1D32-4965-924F-8AFF7EC0B948}.Debug|Any CPU.Build.0 = Debug|Any CPU
		{154ABCE4-1D32-4965-924F-8AFF7EC0B948}.Debug|x64.ActiveCfg = Debug|Any CPU
		{154ABCE4-1D32-4965-924F-8AFF7EC0B948}.Debug|x64.Build.0 = Debug|Any CPU
		{154ABCE4-1D32-4965-924F-8AFF7EC0B948}.Debug|x86.ActiveCfg = Debug|Any CPU
		{154ABCE4-1D32-4965-924F-8AFF7EC0B948}.Debug|x86.Build.0 = Debug|Any CPU
		{154ABCE4-1D32-4965-924F-8AFF7EC0B948}.Release|Any CPU.ActiveCfg = Release|Any CPU
		{154ABCE4-1D32-4965-924F-8AFF7EC0B948}.Release|Any CPU.Build.0 = Release|Any CPU
		{154ABCE4-1D32-4965-924F-8AFF7EC0B948}.Release|x64.ActiveCfg = Release|Any CPU
		{154ABCE4-1D32-4965-924F-8AFF7EC0B948}.Release|x64.Build.0 = Release|Any CPU
		{154ABCE4-1D32-4965-924F-8AFF7EC0B948}.Release|x86.ActiveCfg = Release|Any CPU
		{154ABCE4-1D32-4965-924F-8AFF7EC0B948}.Release|x86.Build.0 = Release|Any CPU
		{CA7B1479-B46C-48D8-AB17-E037382305D7}.Debug|Any CPU.ActiveCfg = Debug|Any CPU
		{CA7B1479-B46C-48D8-AB17-E037382305D7}.Debug|Any CPU.Build.0 = Debug|Any CPU
		{CA7B1479-B46C-48D8-AB17-E037382305D7}.Debug|x64.ActiveCfg = Debug|Any CPU
		{CA7B1479-B46C-48D8-AB17-E037382305D7}.Debug|x64.Build.0 = Debug|Any CPU
		{CA7B1479-B46C-48D8-AB17-E037382305D7}.Debug|x86.ActiveCfg = Debug|Any CPU
		{CA7B1479-B46C-48D8-AB17-E037382305D7}.Debug|x86.Build.0 = Debug|Any CPU
		{CA7B1479-B46C-48D8-AB17-E037382305D7}.Release|Any CPU.ActiveCfg = Release|Any CPU
		{CA7B1479-B46C-48D8-AB17-E037382305D7}.Release|Any CPU.Build.0 = Release|Any CPU
		{CA7B1479-B46C-48D8-AB17-E037382305D7}.Release|x64.ActiveCfg = Release|Any CPU
		{CA7B1479-B46C-48D8-AB17-E037382305D7}.Release|x64.Build.0 = Release|Any CPU
		{CA7B1479-B46C-48D8-AB17-E037382305D7}.Release|x86.ActiveCfg = Release|Any CPU
		{CA7B1479-B46C-48D8-AB17-E037382305D7}.Release|x86.Build.0 = Release|Any CPU
		{B239CB04-E08B-403C-8E94-EADC9EA66518}.Debug|Any CPU.ActiveCfg = Debug|Any CPU
		{B239CB04-E08B-403C-8E94-EADC9EA66518}.Debug|Any CPU.Build.0 = Debug|Any CPU
		{B239CB04-E08B-403C-8E94-EADC9EA66518}.Debug|x64.ActiveCfg = Debug|Any CPU
		{B239CB04-E08B-403C-8E94-EADC9EA66518}.Debug|x64.Build.0 = Debug|Any CPU
		{B239CB04-E08B-403C-8E94-EADC9EA66518}.Debug|x86.ActiveCfg = Debug|Any CPU
		{B239CB04-E08B-403C-8E94-EADC9EA66518}.Debug|x86.Build.0 = Debug|Any CPU
		{B239CB04-E08B-403C-8E94-EADC9EA66518}.Release|Any CPU.ActiveCfg = Release|Any CPU
		{B239CB04-E08B-403C-8E94-EADC9EA66518}.Release|Any CPU.Build.0 = Release|Any CPU
		{B239CB04-E08B-403C-8E94-EADC9EA66518}.Release|x64.ActiveCfg = Release|Any CPU
		{B239CB04-E08B-403C-8E94-EADC9EA66518}.Release|x64.Build.0 = Release|Any CPU
		{B239CB04-E08B-403C-8E94-EADC9EA66518}.Release|x86.ActiveCfg = Release|Any CPU
		{B239CB04-E08B-403C-8E94-EADC9EA66518}.Release|x86.Build.0 = Release|Any CPU
		{31B50C6E-E509-40C7-BBE1-B9A2CE3C2ECE}.Debug|Any CPU.ActiveCfg = Debug|Any CPU
		{31B50C6E-E509-40C7-BBE1-B9A2CE3C2ECE}.Debug|Any CPU.Build.0 = Debug|Any CPU
		{31B50C6E-E509-40C7-BBE1-B9A2CE3C2ECE}.Debug|x64.ActiveCfg = Debug|Any CPU
		{31B50C6E-E509-40C7-BBE1-B9A2CE3C2ECE}.Debug|x64.Build.0 = Debug|Any CPU
		{31B50C6E-E509-40C7-BBE1-B9A2CE3C2ECE}.Debug|x86.ActiveCfg = Debug|Any CPU
		{31B50C6E-E509-40C7-BBE1-B9A2CE3C2ECE}.Debug|x86.Build.0 = Debug|Any CPU
		{31B50C6E-E509-40C7-BBE1-B9A2CE3C2ECE}.Release|Any CPU.ActiveCfg = Release|Any CPU
		{31B50C6E-E509-40C7-BBE1-B9A2CE3C2ECE}.Release|Any CPU.Build.0 = Release|Any CPU
		{31B50C6E-E509-40C7-BBE1-B9A2CE3C2ECE}.Release|x64.ActiveCfg = Release|Any CPU
		{31B50C6E-E509-40C7-BBE1-B9A2CE3C2ECE}.Release|x64.Build.0 = Release|Any CPU
		{31B50C6E-E509-40C7-BBE1-B9A2CE3C2ECE}.Release|x86.ActiveCfg = Release|Any CPU
		{31B50C6E-E509-40C7-BBE1-B9A2CE3C2ECE}.Release|x86.Build.0 = Release|Any CPU
		{EE19FC42-DE11-42AF-BCD2-3D52C2FCD704}.Debug|Any CPU.ActiveCfg = Debug|Any CPU
		{EE19FC42-DE11-42AF-BCD2-3D52C2FCD704}.Debug|Any CPU.Build.0 = Debug|Any CPU
		{EE19FC42-DE11-42AF-BCD2-3D52C2FCD704}.Debug|x64.ActiveCfg = Debug|Any CPU
		{EE19FC42-DE11-42AF-BCD2-3D52C2FCD704}.Debug|x64.Build.0 = Debug|Any CPU
		{EE19FC42-DE11-42AF-BCD2-3D52C2FCD704}.Debug|x86.ActiveCfg = Debug|Any CPU
		{EE19FC42-DE11-42AF-BCD2-3D52C2FCD704}.Debug|x86.Build.0 = Debug|Any CPU
		{EE19FC42-DE11-42AF-BCD2-3D52C2FCD704}.Release|Any CPU.ActiveCfg = Release|Any CPU
		{EE19FC42-DE11-42AF-BCD2-3D52C2FCD704}.Release|Any CPU.Build.0 = Release|Any CPU
		{EE19FC42-DE11-42AF-BCD2-3D52C2FCD704}.Release|x64.ActiveCfg = Release|Any CPU
		{EE19FC42-DE11-42AF-BCD2-3D52C2FCD704}.Release|x64.Build.0 = Release|Any CPU
		{EE19FC42-DE11-42AF-BCD2-3D52C2FCD704}.Release|x86.ActiveCfg = Release|Any CPU
		{EE19FC42-DE11-42AF-BCD2-3D52C2FCD704}.Release|x86.Build.0 = Release|Any CPU
		{5D94E4AB-3B0C-4A86-AE55-62E726D4D5AF}.Debug|Any CPU.ActiveCfg = Debug|Any CPU
		{5D94E4AB-3B0C-4A86-AE55-62E726D4D5AF}.Debug|Any CPU.Build.0 = Debug|Any CPU
		{5D94E4AB-3B0C-4A86-AE55-62E726D4D5AF}.Debug|x64.ActiveCfg = Debug|Any CPU
		{5D94E4AB-3B0C-4A86-AE55-62E726D4D5AF}.Debug|x64.Build.0 = Debug|Any CPU
		{5D94E4AB-3B0C-4A86-AE55-62E726D4D5AF}.Debug|x86.ActiveCfg = Debug|Any CPU
		{5D94E4AB-3B0C-4A86-AE55-62E726D4D5AF}.Debug|x86.Build.0 = Debug|Any CPU
		{5D94E4AB-3B0C-4A86-AE55-62E726D4D5AF}.Release|Any CPU.ActiveCfg = Release|Any CPU
		{5D94E4AB-3B0C-4A86-AE55-62E726D4D5AF}.Release|Any CPU.Build.0 = Release|Any CPU
		{5D94E4AB-3B0C-4A86-AE55-62E726D4D5AF}.Release|x64.ActiveCfg = Release|Any CPU
		{5D94E4AB-3B0C-4A86-AE55-62E726D4D5AF}.Release|x64.Build.0 = Release|Any CPU
		{5D94E4AB-3B0C-4A86-AE55-62E726D4D5AF}.Release|x86.ActiveCfg = Release|Any CPU
		{5D94E4AB-3B0C-4A86-AE55-62E726D4D5AF}.Release|x86.Build.0 = Release|Any CPU
		{F7643110-C6DB-4AF8-8A73-F4344FEA1CA9}.Debug|Any CPU.ActiveCfg = Debug|Any CPU
		{F7643110-C6DB-4AF8-8A73-F4344FEA1CA9}.Debug|Any CPU.Build.0 = Debug|Any CPU
		{F7643110-C6DB-4AF8-8A73-F4344FEA1CA9}.Debug|x64.ActiveCfg = Debug|Any CPU
		{F7643110-C6DB-4AF8-8A73-F4344FEA1CA9}.Debug|x64.Build.0 = Debug|Any CPU
		{F7643110-C6DB-4AF8-8A73-F4344FEA1CA9}.Debug|x86.ActiveCfg = Debug|Any CPU
		{F7643110-C6DB-4AF8-8A73-F4344FEA1CA9}.Debug|x86.Build.0 = Debug|Any CPU
		{F7643110-C6DB-4AF8-8A73-F4344FEA1CA9}.Release|Any CPU.ActiveCfg = Release|Any CPU
		{F7643110-C6DB-4AF8-8A73-F4344FEA1CA9}.Release|Any CPU.Build.0 = Release|Any CPU
		{F7643110-C6DB-4AF8-8A73-F4344FEA1CA9}.Release|x64.ActiveCfg = Release|Any CPU
		{F7643110-C6DB-4AF8-8A73-F4344FEA1CA9}.Release|x64.Build.0 = Release|Any CPU
		{F7643110-C6DB-4AF8-8A73-F4344FEA1CA9}.Release|x86.ActiveCfg = Release|Any CPU
		{F7643110-C6DB-4AF8-8A73-F4344FEA1CA9}.Release|x86.Build.0 = Release|Any CPU
	EndGlobalSection
	GlobalSection(SolutionProperties) = preSolution
		HideSolutionNode = FALSE
	EndGlobalSection
	GlobalSection(NestedProjects) = preSolution
		{8415A6DE-64EE-4FA5-B194-C26121856EB6} = {AD2A5A3B-A595-3E96-334A-002D08FE630C}
		{59043B65-2161-45CD-B5C9-D37CCC029E95} = {5854FF58-B8C5-05C6-5BF2-ACE42193F22B}
		{606A593C-4E67-4575-9105-A09B81F7469B} = {BFF2DF6E-AA54-47C7-211F-79ACCBB4577C}
		{968916AB-C2D2-4101-ABB9-2F940F0336C2} = {BFF2DF6E-AA54-47C7-211F-79ACCBB4577C}
		{DBDBDA02-A857-48A0-B326-D11E59D6A81D} = {5854FF58-B8C5-05C6-5BF2-ACE42193F22B}
		{76ACE34D-EB6B-49E9-9DC2-8ECB9F06177A} = {5854FF58-B8C5-05C6-5BF2-ACE42193F22B}
		{56D63ADD-BA7F-44FF-937C-E7A79E65A21B} = {E98D06B3-1836-C841-A91F-F8BF7727761E}
		{26629583-D1B0-43D0-BAFD-80A6D2DB4831} = {FBF56CC3-7AE6-AD2D-3F14-7F97FD322CD6}
		{895EB229-1A04-44AB-A2DD-5DF66266F8CE} = {FBF56CC3-7AE6-AD2D-3F14-7F97FD322CD6}
		{E98D06B3-1836-C841-A91F-F8BF7727761E} = {AD2A5A3B-A595-3E96-334A-002D08FE630C}
		{5C66D946-BB01-4F77-BAEB-A93D099E017A} = {BFF2DF6E-AA54-47C7-211F-79ACCBB4577C}
		{FBF56CC3-7AE6-AD2D-3F14-7F97FD322CD6} = {827E0CD3-B72D-47B6-A68D-7590B98EB39B}
		{EBF9BE4E-5E48-44B1-A854-D80DEF7AB403} = {FBF56CC3-7AE6-AD2D-3F14-7F97FD322CD6}
		{5854FF58-B8C5-05C6-5BF2-ACE42193F22B} = {827E0CD3-B72D-47B6-A68D-7590B98EB39B}
		{955DC5DC-7050-4C61-94C7-BAEC132E269D} = {0AB3BF05-4346-4AA6-1389-037BE0695223}
		{401060E8-069C-4B33-ACE3-52011955F73A} = {0AB3BF05-4346-4AA6-1389-037BE0695223}
		{ABEC131D-4CE8-4EDA-A65E-EEFBBFE89663} = {0AB3BF05-4346-4AA6-1389-037BE0695223}
		{F219355A-4F03-4304-9EDC-4F1CE76EB561} = {0AB3BF05-4346-4AA6-1389-037BE0695223}
		{48BC6839-6D94-47D0-B5A4-60A2011DE481} = {0AB3BF05-4346-4AA6-1389-037BE0695223}
		{6772803D-CE91-4681-B15A-22A546554779} = {0AB3BF05-4346-4AA6-1389-037BE0695223}
		{8168CC38-E090-4078-9D5A-D4061BB8EF9A} = {0AB3BF05-4346-4AA6-1389-037BE0695223}
		{9C060B36-E0EE-4A99-A09C-6DE3145FE997} = {0AB3BF05-4346-4AA6-1389-037BE0695223}
		{DCC82966-0609-40E9-8296-D7B0250E157F} = {0AB3BF05-4346-4AA6-1389-037BE0695223}
		{154ABCE4-1D32-4965-924F-8AFF7EC0B948} = {0AB3BF05-4346-4AA6-1389-037BE0695223}
		{BFF2DF6E-AA54-47C7-211F-79ACCBB4577C} = {827E0CD3-B72D-47B6-A68D-7590B98EB39B}
		{CA7B1479-B46C-48D8-AB17-E037382305D7} = {BFF2DF6E-AA54-47C7-211F-79ACCBB4577C}
		{B239CB04-E08B-403C-8E94-EADC9EA66518} = {0AB3BF05-4346-4AA6-1389-037BE0695223}
		{31B50C6E-E509-40C7-BBE1-B9A2CE3C2ECE} = {BFF2DF6E-AA54-47C7-211F-79ACCBB4577C}
		{EE19FC42-DE11-42AF-BCD2-3D52C2FCD704} = {0AB3BF05-4346-4AA6-1389-037BE0695223}
		{5D94E4AB-3B0C-4A86-AE55-62E726D4D5AF} = {0AB3BF05-4346-4AA6-1389-037BE0695223}
		{AD2A5A3B-A595-3E96-334A-002D08FE630C} = {827E0CD3-B72D-47B6-A68D-7590B98EB39B}
		{F7643110-C6DB-4AF8-8A73-F4344FEA1CA9} = {5854FF58-B8C5-05C6-5BF2-ACE42193F22B}
	EndGlobalSection
EndGlobal
