
Microsoft Visual Studio Solution File, Format Version 12.00
# Visual Studio Version 18
VisualStudioVersion = 18.0.11205.157
MinimumVisualStudioVersion = 10.0.40219.1
Project("{FAE04EC0-301F-11D3-BF4B-00C04F79EFBC}") = "Sorcha.AppHost", "src\Apps\Sorcha.AppHost\Sorcha.AppHost.csproj", "{8415A6DE-64EE-4FA5-B194-C26121856EB6}"
EndProject
Project("{FAE04EC0-301F-11D3-BF4B-00C04F79EFBC}") = "Sorcha.Peer.Service", "src\Services\Sorcha.Peer.Service\Sorcha.Peer.Service.csproj", "{59043B65-2161-45CD-B5C9-D37CCC029E95}"
EndProject
Project("{FAE04EC0-301F-11D3-BF4B-00C04F79EFBC}") = "Sorcha.Blueprint.Models", "src\Common\Sorcha.Blueprint.Models\Sorcha.Blueprint.Models.csproj", "{606A593C-4E67-4575-9105-A09B81F7469B}"
EndProject
Project("{FAE04EC0-301F-11D3-BF4B-00C04F79EFBC}") = "Sorcha.ServiceDefaults", "src\Common\Sorcha.ServiceDefaults\Sorcha.ServiceDefaults.csproj", "{968916AB-C2D2-4101-ABB9-2F940F0336C2}"
EndProject
Project("{FAE04EC0-301F-11D3-BF4B-00C04F79EFBC}") = "Sorcha.Blueprint.Service", "src\Services\Sorcha.Blueprint.Service\Sorcha.Blueprint.Service.csproj", "{DBDBDA02-A857-48A0-B326-D11E59D6A81D}"
EndProject
Project("{FAE04EC0-301F-11D3-BF4B-00C04F79EFBC}") = "Sorcha.ApiGateway", "src\Services\Sorcha.ApiGateway\Sorcha.ApiGateway.csproj", "{76ACE34D-EB6B-49E9-9DC2-8ECB9F06177A}"
EndProject
Project("{FAE04EC0-301F-11D3-BF4B-00C04F79EFBC}") = "Sorcha.Blueprint.Fluent", "src\Core\Sorcha.Blueprint.Fluent\Sorcha.Blueprint.Fluent.csproj", "{26629583-D1B0-43D0-BAFD-80A6D2DB4831}"
EndProject
Project("{FAE04EC0-301F-11D3-BF4B-00C04F79EFBC}") = "Sorcha.Blueprint.Schemas", "src\Core\Sorcha.Blueprint.Schemas\Sorcha.Blueprint.Schemas.csproj", "{895EB229-1A04-44AB-A2DD-5DF66266F8CE}"
EndProject
Project("{2150E333-8FDC-42A3-9474-1A3956D46DE8}") = "UI", "UI", "{E98D06B3-1836-C841-A91F-F8BF7727761E}"
EndProject
Project("{FAE04EC0-301F-11D3-BF4B-00C04F79EFBC}") = "Sorcha.Cryptography", "src\Common\Sorcha.Cryptography\Sorcha.Cryptography.csproj", "{5C66D946-BB01-4F77-BAEB-A93D099E017A}"
EndProject
Project("{2150E333-8FDC-42A3-9474-1A3956D46DE8}") = "Core", "Core", "{8D626EA8-CB54-BC41-363A-217881BEBA6E}"
EndProject
Project("{FAE04EC0-301F-11D3-BF4B-00C04F79EFBC}") = "Sorcha.Blueprint.Engine", "src\Core\Sorcha.Blueprint.Engine\Sorcha.Blueprint.Engine.csproj", "{EBF9BE4E-5E48-44B1-A854-D80DEF7AB403}"
EndProject
Project("{2150E333-8FDC-42A3-9474-1A3956D46DE8}") = "Services", "Services", "{984BB9B3-3FA3-BE33-9484-CAC21695A33C}"
EndProject
Project("{2150E333-8FDC-42A3-9474-1A3956D46DE8}") = "tests", "tests", "{0AB3BF05-4346-4AA6-1389-037BE0695223}"
EndProject
Project("{FAE04EC0-301F-11D3-BF4B-00C04F79EFBC}") = "Sorcha.Blueprint.Engine.Tests", "tests\Sorcha.Blueprint.Engine.Tests\Sorcha.Blueprint.Engine.Tests.csproj", "{955DC5DC-7050-4C61-94C7-BAEC132E269D}"
EndProject
Project("{FAE04EC0-301F-11D3-BF4B-00C04F79EFBC}") = "Sorcha.Blueprint.Fluent.Tests", "tests\Sorcha.Blueprint.Fluent.Tests\Sorcha.Blueprint.Fluent.Tests.csproj", "{401060E8-069C-4B33-ACE3-52011955F73A}"
EndProject
Project("{FAE04EC0-301F-11D3-BF4B-00C04F79EFBC}") = "Sorcha.Blueprint.Models.Tests", "tests\Sorcha.Blueprint.Models.Tests\Sorcha.Blueprint.Models.Tests.csproj", "{ABEC131D-4CE8-4EDA-A65E-EEFBBFE89663}"
EndProject
Project("{FAE04EC0-301F-11D3-BF4B-00C04F79EFBC}") = "Sorcha.Blueprint.Schemas.Tests", "tests\Sorcha.Blueprint.Schemas.Tests\Sorcha.Blueprint.Schemas.Tests.csproj", "{F219355A-4F03-4304-9EDC-4F1CE76EB561}"
EndProject
Project("{FAE04EC0-301F-11D3-BF4B-00C04F79EFBC}") = "Sorcha.Cryptography.Tests", "tests\Sorcha.Cryptography.Tests\Sorcha.Cryptography.Tests.csproj", "{48BC6839-6D94-47D0-B5A4-60A2011DE481}"
EndProject
Project("{FAE04EC0-301F-11D3-BF4B-00C04F79EFBC}") = "Sorcha.Gateway.Integration.Tests", "tests\Sorcha.Gateway.Integration.Tests\Sorcha.Gateway.Integration.Tests.csproj", "{6772803D-CE91-4681-B15A-22A546554779}"
EndProject
Project("{FAE04EC0-301F-11D3-BF4B-00C04F79EFBC}") = "Sorcha.Integration.Tests", "tests\Sorcha.Integration.Tests\Sorcha.Integration.Tests.csproj", "{8168CC38-E090-4078-9D5A-D4061BB8EF9A}"
EndProject
Project("{FAE04EC0-301F-11D3-BF4B-00C04F79EFBC}") = "Sorcha.Peer.Service.Tests", "tests\Sorcha.Peer.Service.Tests\Sorcha.Peer.Service.Tests.csproj", "{9C060B36-E0EE-4A99-A09C-6DE3145FE997}"
EndProject
Project("{FAE04EC0-301F-11D3-BF4B-00C04F79EFBC}") = "Sorcha.Performance.Tests", "tests\Sorcha.Performance.Tests\Sorcha.Performance.Tests.csproj", "{DCC82966-0609-40E9-8296-D7B0250E157F}"
EndProject
Project("{FAE04EC0-301F-11D3-BF4B-00C04F79EFBC}") = "Sorcha.UI.E2E.Tests", "tests\Sorcha.UI.E2E.Tests\Sorcha.UI.E2E.Tests.csproj", "{154ABCE4-1D32-4965-924F-8AFF7EC0B948}"
EndProject
Project("{2150E333-8FDC-42A3-9474-1A3956D46DE8}") = "src", "src", "{827E0CD3-B72D-47B6-A68D-7590B98EB39B}"
EndProject
Project("{2150E333-8FDC-42A3-9474-1A3956D46DE8}") = "Common", "Common", "{BFF2DF6E-AA54-47C7-211F-79ACCBB4577C}"
EndProject
Project("{FAE04EC0-301F-11D3-BF4B-00C04F79EFBC}") = "Sorcha.TransactionHandler", "src\Common\Sorcha.TransactionHandler\Sorcha.TransactionHandler.csproj", "{CA7B1479-B46C-48D8-AB17-E037382305D7}"
EndProject
Project("{FAE04EC0-301F-11D3-BF4B-00C04F79EFBC}") = "Sorcha.TransactionHandler.Tests", "tests\Sorcha.TransactionHandler.Tests\Sorcha.TransactionHandler.Tests.csproj", "{B239CB04-E08B-403C-8E94-EADC9EA66518}"
EndProject
Project("{FAE04EC0-301F-11D3-BF4B-00C04F79EFBC}") = "Sorcha.Wallet.Core", "src\Common\Sorcha.Wallet.Core\Sorcha.Wallet.Core.csproj", "{31B50C6E-E509-40C7-BBE1-B9A2CE3C2ECE}"
EndProject
Project("{FAE04EC0-301F-11D3-BF4B-00C04F79EFBC}") = "Sorcha.Wallet.Service.Tests", "tests\Sorcha.Wallet.Service.Tests\Sorcha.Wallet.Service.Tests.csproj", "{EE19FC42-DE11-42AF-BCD2-3D52C2FCD704}"
EndProject
Project("{FAE04EC0-301F-11D3-BF4B-00C04F79EFBC}") = "Sorcha.Wallet.Service.IntegrationTests", "tests\Sorcha.Wallet.Service.IntegrationTests\Sorcha.Wallet.Service.IntegrationTests.csproj", "{5D94E4AB-3B0C-4A86-AE55-62E726D4D5AF}"
EndProject
Project("{FAE04EC0-301F-11D3-BF4B-00C04F79EFBC}") = "Sorcha.Wallet.Service.Api.Tests", "tests\Sorcha.Wallet.Service.Api.Tests\Sorcha.Wallet.Service.Api.Tests.csproj", "{A1B2C3D4-E5F6-4A5B-8C9D-0E1F2A3B4C5D}"
EndProject
Project("{2150E333-8FDC-42A3-9474-1A3956D46DE8}") = "Apps", "Apps", "{AD2A5A3B-A595-3E96-334A-002D08FE630C}"
EndProject
Project("{FAE04EC0-301F-11D3-BF4B-00C04F79EFBC}") = "Sorcha.Wallet.Service", "src\Services\Sorcha.Wallet.Service\Sorcha.Wallet.Service.csproj", "{F7643110-C6DB-4AF8-8A73-F4344FEA1CA9}"
EndProject
Project("{2150E333-8FDC-42A3-9474-1A3956D46DE8}") = "docs", "docs", "{1A7A2863-164E-4E57-8D10-7CC734740A50}"
	ProjectSection(SolutionItems) = preProject
		docs\architecture.md = docs\architecture.md
		docs\blockchain-transaction-format.md = docs\blockchain-transaction-format.md
		docs\blueprint-architecture.md = docs\blueprint-architecture.md
		docs\blueprint-designer-plan.md = docs\blueprint-designer-plan.md
		docs\blueprint-format.md = docs\blueprint-format.md
		docs\blueprint-schema.md = docs\blueprint-schema.md
		docs\BlueprintApiImplementationPlan.md = docs\BlueprintApiImplementationPlan.md
		docs\development-status.md = docs\development-status.md
		docs\getting-started.md = docs\getting-started.md
		docs\json-ld-implementation-summary.md = docs\json-ld-implementation-summary.md
		docs\json-ld-quick-reference.md = docs\json-ld-quick-reference.md
		docs\nuget-setup-guide.md = docs\nuget-setup-guide.md
		docs\peer-service-completion.md = docs\peer-service-completion.md
		docs\peer-service-design.md = docs\peer-service-design.md
		docs\peer-service-implementation-plan.md = docs\peer-service-implementation-plan.md
		docs\peer-service-summary.md = docs\peer-service-summary.md
		docs\project-structure.md = docs\project-structure.md
		docs\README.md = docs\README.md
		docs\schema-caching-implementation.md = docs\schema-caching-implementation.md
		docs\schema-library-architecture.md = docs\schema-library-architecture.md
		docs\STRUCTURE_CHANGES.md = docs\STRUCTURE_CHANGES.md
		docs\testing.md = docs\testing.md
	EndProjectSection
EndProject
Project("{2150E333-8FDC-42A3-9474-1A3956D46DE8}") = "Solution Items", "Solution Items", "{F7E461FF-5506-42A9-9864-02AA021A6994}"
	ProjectSection(SolutionItems) = preProject
		.gitattributes = .gitattributes
		.gitignore = .gitignore
		CHANGELOG.md = CHANGELOG.md
		CODE_OF_CONDUCT.md = CODE_OF_CONDUCT.md
		CONTRIBUTING.md = CONTRIBUTING.md
		DEPLOYMENT.md = DEPLOYMENT.md
		docker-compose.yml = docker-compose.yml
		LICENSE = LICENSE
		nuget.config = nuget.config
		PROJECT_STRUCTURE.md = PROJECT_STRUCTURE.md
		README.md = README.md
		TROUBLESHOOTING.md = TROUBLESHOOTING.md
	EndProjectSection
EndProject
Project("{FAE04EC0-301F-11D3-BF4B-00C04F79EFBC}") = "Sorcha.Register.Service", "src\Services\Sorcha.Register.Service\Sorcha.Register.Service.csproj", "{6365419A-93B2-4E5D-BFE6-5F8423FCAA20}"
EndProject
Project("{FAE04EC0-301F-11D3-BF4B-00C04F79EFBC}") = "Sorcha.Tenant.Service", "src\Services\Sorcha.Tenant.Service\Sorcha.Tenant.Service.csproj", "{C89922F7-7987-4122-997E-647FBE8B683C}"
EndProject
Project("{FAE04EC0-301F-11D3-BF4B-00C04F79EFBC}") = "Sorcha.Tenant.Models", "src\Common\Sorcha.Tenant.Models\Sorcha.Tenant.Models.csproj", "{5C43B859-106B-41F7-98FC-D683233B87D4}"
EndProject
Project("{FAE04EC0-301F-11D3-BF4B-00C04F79EFBC}") = "Sorcha.Tenant.Service.Tests", "tests\Sorcha.Tenant.Service.Tests\Sorcha.Tenant.Service.Tests.csproj", "{456B49C7-2159-41D0-BE38-1B6AEC10DDBF}"
EndProject
Project("{FAE04EC0-301F-11D3-BF4B-00C04F79EFBC}") = "Sorcha.Tenant.Service.IntegrationTests", "tests\Sorcha.Tenant.Service.IntegrationTests\Sorcha.Tenant.Service.IntegrationTests.csproj", "{D6B7BCD4-B3E2-448B-B1C7-99B8A228A705}"
EndProject
Project("{FAE04EC0-301F-11D3-BF4B-00C04F79EFBC}") = "Sorcha.Tenant.Service.PerformanceTests", "tests\Sorcha.Tenant.Service.PerformanceTests\Sorcha.Tenant.Service.PerformanceTests.csproj", "{0B2E7A04-7002-45CC-ACA1-2EED8C3B8D2E}"
EndProject
Project("{FAE04EC0-301F-11D3-BF4B-00C04F79EFBC}") = "Sorcha.Storage.Abstractions", "src\Common\Sorcha.Storage.Abstractions\Sorcha.Storage.Abstractions.csproj", "{721A68DC-08AB-47D2-8A1B-0BB6D43041EF}"
EndProject
Project("{FAE04EC0-301F-11D3-BF4B-00C04F79EFBC}") = "Sorcha.Storage.InMemory", "src\Common\Sorcha.Storage.InMemory\Sorcha.Storage.InMemory.csproj", "{EB3365F4-A1B6-4F15-A1B8-7D343632A034}"
EndProject
Project("{FAE04EC0-301F-11D3-BF4B-00C04F79EFBC}") = "Sorcha.Storage.Redis", "src\Common\Sorcha.Storage.Redis\Sorcha.Storage.Redis.csproj", "{DBE74B20-AC88-4B15-98AF-A745532B8AAD}"
EndProject
Project("{FAE04EC0-301F-11D3-BF4B-00C04F79EFBC}") = "Sorcha.Storage.EFCore", "src\Common\Sorcha.Storage.EFCore\Sorcha.Storage.EFCore.csproj", "{59A58CD7-1C5D-48B5-8B4E-C96842FFF465}"
EndProject
Project("{FAE04EC0-301F-11D3-BF4B-00C04F79EFBC}") = "Sorcha.Storage.MongoDB", "src\Common\Sorcha.Storage.MongoDB\Sorcha.Storage.MongoDB.csproj", "{EDB36303-5C6B-4601-BA94-A14F064156FF}"
EndProject
Project("{FAE04EC0-301F-11D3-BF4B-00C04F79EFBC}") = "Sorcha.Storage.Abstractions.Tests", "tests\Sorcha.Storage.Abstractions.Tests\Sorcha.Storage.Abstractions.Tests.csproj", "{F3CD9D50-F637-46CB-9244-1465AFAA3F00}"
EndProject
Project("{FAE04EC0-301F-11D3-BF4B-00C04F79EFBC}") = "Sorcha.Storage.InMemory.Tests", "tests\Sorcha.Storage.InMemory.Tests\Sorcha.Storage.InMemory.Tests.csproj", "{8241A4A1-E383-4260-81BC-A56DD32E9142}"
EndProject
Project("{FAE04EC0-301F-11D3-BF4B-00C04F79EFBC}") = "Sorcha.Register.Storage", "src\Core\Sorcha.Register.Storage\Sorcha.Register.Storage.csproj", "{529F4964-B667-4020-90D5-4EB49EBF4902}"
EndProject
Project("{FAE04EC0-301F-11D3-BF4B-00C04F79EFBC}") = "Sorcha.Register.Models", "src\Common\Sorcha.Register.Models\Sorcha.Register.Models.csproj", "{EB83A379-7E78-4A44-B249-528A3E4B22D3}"
EndProject
Project("{FAE04EC0-301F-11D3-BF4B-00C04F79EFBC}") = "Sorcha.Register.Core", "src\Core\Sorcha.Register.Core\Sorcha.Register.Core.csproj", "{71D4B9D9-DEA8-41AF-A5B0-46CD4E5D4319}"
EndProject
Project("{FAE04EC0-301F-11D3-BF4B-00C04F79EFBC}") = "Sorcha.Register.Storage.Tests", "tests\Sorcha.Register.Storage.Tests\Sorcha.Register.Storage.Tests.csproj", "{DFAC8DAA-64BF-47A2-856C-6ED07801A740}"
EndProject
Project("{FAE04EC0-301F-11D3-BF4B-00C04F79EFBC}") = "Sorcha.Register.Storage.MongoDB", "src\Core\Sorcha.Register.Storage.MongoDB\Sorcha.Register.Storage.MongoDB.csproj", "{B4288B35-8936-47A7-B460-6A7593A14B23}"
EndProject
Project("{FAE04EC0-301F-11D3-BF4B-00C04F79EFBC}") = "Sorcha.Register.Storage.MongoDB.Tests", "tests\Sorcha.Register.Storage.MongoDB.Tests\Sorcha.Register.Storage.MongoDB.Tests.csproj", "{98DD9FB5-EEBB-48EE-893A-3776D8707280}"
EndProject
Project("{FAE04EC0-301F-11D3-BF4B-00C04F79EFBC}") = "Sorcha.Demo", "src\Apps\Sorcha.Demo\Sorcha.Demo.csproj", "{5A019DAA-F37B-4AC2-89BA-6AFEBA61065B}"
EndProject
Project("{FAE04EC0-301F-11D3-BF4B-00C04F79EFBC}") = "Sorcha.Cli", "src\Apps\Sorcha.Cli\Sorcha.Cli.csproj", "{1F8DF756-DA11-4696-AD58-510C3A2B3DD7}"
EndProject
Project("{FAE04EC0-301F-11D3-BF4B-00C04F79EFBC}") = "Sorcha.Cli.Tests", "tests\Sorcha.Cli.Tests\Sorcha.Cli.Tests.csproj", "{37C1D713-F23B-420F-80CC-FD6D84961CFC}"
EndProject
Project("{FAE04EC0-301F-11D3-BF4B-00C04F79EFBC}") = "Sorcha.UI.Web", "src\Apps\Sorcha.UI\Sorcha.UI.Web\Sorcha.UI.Web.csproj", "{7BAC2362-78AD-43CD-B930-A830952C9C70}"
EndProject
Project("{FAE04EC0-301F-11D3-BF4B-00C04F79EFBC}") = "Sorcha.UI.Web.Client", "src\Apps\Sorcha.UI\Sorcha.UI.Web.Client\Sorcha.UI.Web.Client.csproj", "{55D5D139-48CD-40F1-BB6B-BC50160D8AA1}"
EndProject
Project("{FAE04EC0-301F-11D3-BF4B-00C04F79EFBC}") = "Sorcha.UI.Core", "src\Apps\Sorcha.UI\Sorcha.UI.Core\Sorcha.UI.Core.csproj", "{E936B3F8-6EC2-43A7-97B5-48237FACA0B5}"
EndProject
Project("{FAE04EC0-301F-11D3-BF4B-00C04F79EFBC}") = "Sorcha.Blueprint.Schemas", "src\Common\Sorcha.Blueprint.Schemas\Sorcha.Blueprint.Schemas.csproj", "{F50C29CF-87CF-4D99-862F-F9B9F95A207C}"
EndProject
Project("{FAE04EC0-301F-11D3-BF4B-00C04F79EFBC}") = "Sorcha.Blueprint.Service.IntegrationTests", "tests\Sorcha.Blueprint.Service.IntegrationTests\Sorcha.Blueprint.Service.IntegrationTests.csproj", "{C1EBE2F5-563B-4C3B-A408-2877E528972A}"
EndProject
Project("{FAE04EC0-301F-11D3-BF4B-00C04F79EFBC}") = "Sorcha.UI.Core.Tests", "tests\Sorcha.UI.Core.Tests\Sorcha.UI.Core.Tests.csproj", "{4EED6932-2F95-4B40-8733-196695BEB34E}"
EndProject
Project("{FAE04EC0-301F-11D3-BF4B-00C04F79EFBC}") = "Sorcha.Validator.Service.IntegrationTests", "tests\Sorcha.Validator.Service.IntegrationTests\Sorcha.Validator.Service.IntegrationTests.csproj", "{C5CA85DF-7670-432E-BD91-69C02B162EC9}"
EndProject
Project("{FAE04EC0-301F-11D3-BF4B-00C04F79EFBC}") = "Sorcha.Validator.Service", "src\Services\Sorcha.Validator.Service\Sorcha.Validator.Service.csproj", "{C8335F0A-FAB8-4062-846B-48F155C04DD9}"
EndProject
Project("{FAE04EC0-301F-11D3-BF4B-00C04F79EFBC}") = "Sorcha.Validator.Core", "src\Common\Sorcha.Validator.Core\Sorcha.Validator.Core.csproj", "{509EFD84-8A1A-4A7B-9468-1558422880BA}"
EndProject
Project("{FAE04EC0-301F-11D3-BF4B-00C04F79EFBC}") = "Sorcha.ServiceClients", "src\Common\Sorcha.ServiceClients\Sorcha.ServiceClients.csproj", "{9C9E228A-8BA4-4B51-9172-3A56F073D6B8}"
EndProject
Project("{2150E333-8FDC-42A3-9474-1A3956D46DE8}") = "Apps", "Apps", "{1787FE1D-075E-9E68-7218-25F1BD1BBEAB}"
EndProject
Project("{FAE04EC0-301F-11D3-BF4B-00C04F79EFBC}") = "Sorcha.McpServer", "src\Apps\Sorcha.McpServer\Sorcha.McpServer.csproj", "{7C2F3599-6885-40F2-842F-E16AA49AEE10}"
EndProject
Project("{FAE04EC0-301F-11D3-BF4B-00C04F79EFBC}") = "Sorcha.McpServer.Tests", "tests\Sorcha.McpServer.Tests\Sorcha.McpServer.Tests.csproj", "{DEF31FA5-6980-4764-AE4A-1A83A03BD188}"
EndProject
Project("{FAE04EC0-301F-11D3-BF4B-00C04F79EFBC}") = "Sorcha.ServiceClients.Tests", "tests\Sorcha.ServiceClients.Tests\Sorcha.ServiceClients.Tests.csproj", "{CDD5D595-2E4B-42F8-A14F-D84234EB73A1}"
EndProject
Project("{FAE04EC0-301F-11D3-BF4B-00C04F79EFBC}") = "Sorcha.Blueprint.Schemas.Core.Tests", "tests\Sorcha.Blueprint.Schemas.Core.Tests\Sorcha.Blueprint.Schemas.Core.Tests.csproj", "{DA5130CE-06F6-4645-8725-D0C22F25F98C}"
EndProject
Global
	GlobalSection(SolutionConfigurationPlatforms) = preSolution
		Debug|Any CPU = Debug|Any CPU
		Debug|x64 = Debug|x64
		Debug|x86 = Debug|x86
		Release|Any CPU = Release|Any CPU
		Release|x64 = Release|x64
		Release|x86 = Release|x86
	EndGlobalSection
	GlobalSection(ProjectConfigurationPlatforms) = postSolution
		{8415A6DE-64EE-4FA5-B194-C26121856EB6}.Debug|Any CPU.ActiveCfg = Debug|Any CPU
		{8415A6DE-64EE-4FA5-B194-C26121856EB6}.Debug|Any CPU.Build.0 = Debug|Any CPU
		{8415A6DE-64EE-4FA5-B194-C26121856EB6}.Debug|x64.ActiveCfg = Debug|Any CPU
		{8415A6DE-64EE-4FA5-B194-C26121856EB6}.Debug|x64.Build.0 = Debug|Any CPU
		{8415A6DE-64EE-4FA5-B194-C26121856EB6}.Debug|x86.ActiveCfg = Debug|Any CPU
		{8415A6DE-64EE-4FA5-B194-C26121856EB6}.Debug|x86.Build.0 = Debug|Any CPU
		{8415A6DE-64EE-4FA5-B194-C26121856EB6}.Release|Any CPU.ActiveCfg = Release|Any CPU
		{8415A6DE-64EE-4FA5-B194-C26121856EB6}.Release|Any CPU.Build.0 = Release|Any CPU
		{8415A6DE-64EE-4FA5-B194-C26121856EB6}.Release|x64.ActiveCfg = Release|Any CPU
		{8415A6DE-64EE-4FA5-B194-C26121856EB6}.Release|x64.Build.0 = Release|Any CPU
		{8415A6DE-64EE-4FA5-B194-C26121856EB6}.Release|x86.ActiveCfg = Release|Any CPU
		{8415A6DE-64EE-4FA5-B194-C26121856EB6}.Release|x86.Build.0 = Release|Any CPU
		{59043B65-2161-45CD-B5C9-D37CCC029E95}.Debug|Any CPU.ActiveCfg = Debug|Any CPU
		{59043B65-2161-45CD-B5C9-D37CCC029E95}.Debug|Any CPU.Build.0 = Debug|Any CPU
		{59043B65-2161-45CD-B5C9-D37CCC029E95}.Debug|x64.ActiveCfg = Debug|Any CPU
		{59043B65-2161-45CD-B5C9-D37CCC029E95}.Debug|x64.Build.0 = Debug|Any CPU
		{59043B65-2161-45CD-B5C9-D37CCC029E95}.Debug|x86.ActiveCfg = Debug|Any CPU
		{59043B65-2161-45CD-B5C9-D37CCC029E95}.Debug|x86.Build.0 = Debug|Any CPU
		{59043B65-2161-45CD-B5C9-D37CCC029E95}.Release|Any CPU.ActiveCfg = Release|Any CPU
		{59043B65-2161-45CD-B5C9-D37CCC029E95}.Release|Any CPU.Build.0 = Release|Any CPU
		{59043B65-2161-45CD-B5C9-D37CCC029E95}.Release|x64.ActiveCfg = Release|Any CPU
		{59043B65-2161-45CD-B5C9-D37CCC029E95}.Release|x64.Build.0 = Release|Any CPU
		{59043B65-2161-45CD-B5C9-D37CCC029E95}.Release|x86.ActiveCfg = Release|Any CPU
		{59043B65-2161-45CD-B5C9-D37CCC029E95}.Release|x86.Build.0 = Release|Any CPU
		{606A593C-4E67-4575-9105-A09B81F7469B}.Debug|Any CPU.ActiveCfg = Debug|Any CPU
		{606A593C-4E67-4575-9105-A09B81F7469B}.Debug|Any CPU.Build.0 = Debug|Any CPU
		{606A593C-4E67-4575-9105-A09B81F7469B}.Debug|x64.ActiveCfg = Debug|Any CPU
		{606A593C-4E67-4575-9105-A09B81F7469B}.Debug|x64.Build.0 = Debug|Any CPU
		{606A593C-4E67-4575-9105-A09B81F7469B}.Debug|x86.ActiveCfg = Debug|Any CPU
		{606A593C-4E67-4575-9105-A09B81F7469B}.Debug|x86.Build.0 = Debug|Any CPU
		{606A593C-4E67-4575-9105-A09B81F7469B}.Release|Any CPU.ActiveCfg = Release|Any CPU
		{606A593C-4E67-4575-9105-A09B81F7469B}.Release|Any CPU.Build.0 = Release|Any CPU
		{606A593C-4E67-4575-9105-A09B81F7469B}.Release|x64.ActiveCfg = Release|Any CPU
		{606A593C-4E67-4575-9105-A09B81F7469B}.Release|x64.Build.0 = Release|Any CPU
		{606A593C-4E67-4575-9105-A09B81F7469B}.Release|x86.ActiveCfg = Release|Any CPU
		{606A593C-4E67-4575-9105-A09B81F7469B}.Release|x86.Build.0 = Release|Any CPU
		{968916AB-C2D2-4101-ABB9-2F940F0336C2}.Debug|Any CPU.ActiveCfg = Debug|Any CPU
		{968916AB-C2D2-4101-ABB9-2F940F0336C2}.Debug|Any CPU.Build.0 = Debug|Any CPU
		{968916AB-C2D2-4101-ABB9-2F940F0336C2}.Debug|x64.ActiveCfg = Debug|Any CPU
		{968916AB-C2D2-4101-ABB9-2F940F0336C2}.Debug|x64.Build.0 = Debug|Any CPU
		{968916AB-C2D2-4101-ABB9-2F940F0336C2}.Debug|x86.ActiveCfg = Debug|Any CPU
		{968916AB-C2D2-4101-ABB9-2F940F0336C2}.Debug|x86.Build.0 = Debug|Any CPU
		{968916AB-C2D2-4101-ABB9-2F940F0336C2}.Release|Any CPU.ActiveCfg = Release|Any CPU
		{968916AB-C2D2-4101-ABB9-2F940F0336C2}.Release|Any CPU.Build.0 = Release|Any CPU
		{968916AB-C2D2-4101-ABB9-2F940F0336C2}.Release|x64.ActiveCfg = Release|Any CPU
		{968916AB-C2D2-4101-ABB9-2F940F0336C2}.Release|x64.Build.0 = Release|Any CPU
		{968916AB-C2D2-4101-ABB9-2F940F0336C2}.Release|x86.ActiveCfg = Release|Any CPU
		{968916AB-C2D2-4101-ABB9-2F940F0336C2}.Release|x86.Build.0 = Release|Any CPU
		{DBDBDA02-A857-48A0-B326-D11E59D6A81D}.Debug|Any CPU.ActiveCfg = Debug|Any CPU
		{DBDBDA02-A857-48A0-B326-D11E59D6A81D}.Debug|Any CPU.Build.0 = Debug|Any CPU
		{DBDBDA02-A857-48A0-B326-D11E59D6A81D}.Debug|x64.ActiveCfg = Debug|Any CPU
		{DBDBDA02-A857-48A0-B326-D11E59D6A81D}.Debug|x64.Build.0 = Debug|Any CPU
		{DBDBDA02-A857-48A0-B326-D11E59D6A81D}.Debug|x86.ActiveCfg = Debug|Any CPU
		{DBDBDA02-A857-48A0-B326-D11E59D6A81D}.Debug|x86.Build.0 = Debug|Any CPU
		{DBDBDA02-A857-48A0-B326-D11E59D6A81D}.Release|Any CPU.ActiveCfg = Release|Any CPU
		{DBDBDA02-A857-48A0-B326-D11E59D6A81D}.Release|Any CPU.Build.0 = Release|Any CPU
		{DBDBDA02-A857-48A0-B326-D11E59D6A81D}.Release|x64.ActiveCfg = Release|Any CPU
		{DBDBDA02-A857-48A0-B326-D11E59D6A81D}.Release|x64.Build.0 = Release|Any CPU
		{DBDBDA02-A857-48A0-B326-D11E59D6A81D}.Release|x86.ActiveCfg = Release|Any CPU
		{DBDBDA02-A857-48A0-B326-D11E59D6A81D}.Release|x86.Build.0 = Release|Any CPU
		{76ACE34D-EB6B-49E9-9DC2-8ECB9F06177A}.Debug|Any CPU.ActiveCfg = Debug|Any CPU
		{76ACE34D-EB6B-49E9-9DC2-8ECB9F06177A}.Debug|Any CPU.Build.0 = Debug|Any CPU
		{76ACE34D-EB6B-49E9-9DC2-8ECB9F06177A}.Debug|x64.ActiveCfg = Debug|Any CPU
		{76ACE34D-EB6B-49E9-9DC2-8ECB9F06177A}.Debug|x64.Build.0 = Debug|Any CPU
		{76ACE34D-EB6B-49E9-9DC2-8ECB9F06177A}.Debug|x86.ActiveCfg = Debug|Any CPU
		{76ACE34D-EB6B-49E9-9DC2-8ECB9F06177A}.Debug|x86.Build.0 = Debug|Any CPU
		{76ACE34D-EB6B-49E9-9DC2-8ECB9F06177A}.Release|Any CPU.ActiveCfg = Release|Any CPU
		{76ACE34D-EB6B-49E9-9DC2-8ECB9F06177A}.Release|Any CPU.Build.0 = Release|Any CPU
		{76ACE34D-EB6B-49E9-9DC2-8ECB9F06177A}.Release|x64.ActiveCfg = Release|Any CPU
		{76ACE34D-EB6B-49E9-9DC2-8ECB9F06177A}.Release|x64.Build.0 = Release|Any CPU
		{76ACE34D-EB6B-49E9-9DC2-8ECB9F06177A}.Release|x86.ActiveCfg = Release|Any CPU
		{76ACE34D-EB6B-49E9-9DC2-8ECB9F06177A}.Release|x86.Build.0 = Release|Any CPU
		{26629583-D1B0-43D0-BAFD-80A6D2DB4831}.Debug|Any CPU.ActiveCfg = Debug|Any CPU
		{26629583-D1B0-43D0-BAFD-80A6D2DB4831}.Debug|Any CPU.Build.0 = Debug|Any CPU
		{26629583-D1B0-43D0-BAFD-80A6D2DB4831}.Debug|x64.ActiveCfg = Debug|Any CPU
		{26629583-D1B0-43D0-BAFD-80A6D2DB4831}.Debug|x64.Build.0 = Debug|Any CPU
		{26629583-D1B0-43D0-BAFD-80A6D2DB4831}.Debug|x86.ActiveCfg = Debug|Any CPU
		{26629583-D1B0-43D0-BAFD-80A6D2DB4831}.Debug|x86.Build.0 = Debug|Any CPU
		{26629583-D1B0-43D0-BAFD-80A6D2DB4831}.Release|Any CPU.ActiveCfg = Release|Any CPU
		{26629583-D1B0-43D0-BAFD-80A6D2DB4831}.Release|Any CPU.Build.0 = Release|Any CPU
		{26629583-D1B0-43D0-BAFD-80A6D2DB4831}.Release|x64.ActiveCfg = Release|Any CPU
		{26629583-D1B0-43D0-BAFD-80A6D2DB4831}.Release|x64.Build.0 = Release|Any CPU
		{26629583-D1B0-43D0-BAFD-80A6D2DB4831}.Release|x86.ActiveCfg = Release|Any CPU
		{26629583-D1B0-43D0-BAFD-80A6D2DB4831}.Release|x86.Build.0 = Release|Any CPU
		{895EB229-1A04-44AB-A2DD-5DF66266F8CE}.Debug|Any CPU.ActiveCfg = Debug|Any CPU
		{895EB229-1A04-44AB-A2DD-5DF66266F8CE}.Debug|Any CPU.Build.0 = Debug|Any CPU
		{895EB229-1A04-44AB-A2DD-5DF66266F8CE}.Debug|x64.ActiveCfg = Debug|Any CPU
		{895EB229-1A04-44AB-A2DD-5DF66266F8CE}.Debug|x64.Build.0 = Debug|Any CPU
		{895EB229-1A04-44AB-A2DD-5DF66266F8CE}.Debug|x86.ActiveCfg = Debug|Any CPU
		{895EB229-1A04-44AB-A2DD-5DF66266F8CE}.Debug|x86.Build.0 = Debug|Any CPU
		{895EB229-1A04-44AB-A2DD-5DF66266F8CE}.Release|Any CPU.ActiveCfg = Release|Any CPU
		{895EB229-1A04-44AB-A2DD-5DF66266F8CE}.Release|Any CPU.Build.0 = Release|Any CPU
		{895EB229-1A04-44AB-A2DD-5DF66266F8CE}.Release|x64.ActiveCfg = Release|Any CPU
		{895EB229-1A04-44AB-A2DD-5DF66266F8CE}.Release|x64.Build.0 = Release|Any CPU
		{895EB229-1A04-44AB-A2DD-5DF66266F8CE}.Release|x86.ActiveCfg = Release|Any CPU
		{895EB229-1A04-44AB-A2DD-5DF66266F8CE}.Release|x86.Build.0 = Release|Any CPU
		{5C66D946-BB01-4F77-BAEB-A93D099E017A}.Debug|Any CPU.ActiveCfg = Debug|Any CPU
		{5C66D946-BB01-4F77-BAEB-A93D099E017A}.Debug|Any CPU.Build.0 = Debug|Any CPU
		{5C66D946-BB01-4F77-BAEB-A93D099E017A}.Debug|x64.ActiveCfg = Debug|Any CPU
		{5C66D946-BB01-4F77-BAEB-A93D099E017A}.Debug|x64.Build.0 = Debug|Any CPU
		{5C66D946-BB01-4F77-BAEB-A93D099E017A}.Debug|x86.ActiveCfg = Debug|Any CPU
		{5C66D946-BB01-4F77-BAEB-A93D099E017A}.Debug|x86.Build.0 = Debug|Any CPU
		{5C66D946-BB01-4F77-BAEB-A93D099E017A}.Release|Any CPU.ActiveCfg = Release|Any CPU
		{5C66D946-BB01-4F77-BAEB-A93D099E017A}.Release|Any CPU.Build.0 = Release|Any CPU
		{5C66D946-BB01-4F77-BAEB-A93D099E017A}.Release|x64.ActiveCfg = Release|Any CPU
		{5C66D946-BB01-4F77-BAEB-A93D099E017A}.Release|x64.Build.0 = Release|Any CPU
		{5C66D946-BB01-4F77-BAEB-A93D099E017A}.Release|x86.ActiveCfg = Release|Any CPU
		{5C66D946-BB01-4F77-BAEB-A93D099E017A}.Release|x86.Build.0 = Release|Any CPU
		{EBF9BE4E-5E48-44B1-A854-D80DEF7AB403}.Debug|Any CPU.ActiveCfg = Debug|Any CPU
		{EBF9BE4E-5E48-44B1-A854-D80DEF7AB403}.Debug|Any CPU.Build.0 = Debug|Any CPU
		{EBF9BE4E-5E48-44B1-A854-D80DEF7AB403}.Debug|x64.ActiveCfg = Debug|Any CPU
		{EBF9BE4E-5E48-44B1-A854-D80DEF7AB403}.Debug|x64.Build.0 = Debug|Any CPU
		{EBF9BE4E-5E48-44B1-A854-D80DEF7AB403}.Debug|x86.ActiveCfg = Debug|Any CPU
		{EBF9BE4E-5E48-44B1-A854-D80DEF7AB403}.Debug|x86.Build.0 = Debug|Any CPU
		{EBF9BE4E-5E48-44B1-A854-D80DEF7AB403}.Release|Any CPU.ActiveCfg = Release|Any CPU
		{EBF9BE4E-5E48-44B1-A854-D80DEF7AB403}.Release|Any CPU.Build.0 = Release|Any CPU
		{EBF9BE4E-5E48-44B1-A854-D80DEF7AB403}.Release|x64.ActiveCfg = Release|Any CPU
		{EBF9BE4E-5E48-44B1-A854-D80DEF7AB403}.Release|x64.Build.0 = Release|Any CPU
		{EBF9BE4E-5E48-44B1-A854-D80DEF7AB403}.Release|x86.ActiveCfg = Release|Any CPU
		{EBF9BE4E-5E48-44B1-A854-D80DEF7AB403}.Release|x86.Build.0 = Release|Any CPU
		{955DC5DC-7050-4C61-94C7-BAEC132E269D}.Debug|Any CPU.ActiveCfg = Debug|Any CPU
		{955DC5DC-7050-4C61-94C7-BAEC132E269D}.Debug|Any CPU.Build.0 = Debug|Any CPU
		{955DC5DC-7050-4C61-94C7-BAEC132E269D}.Debug|x64.ActiveCfg = Debug|Any CPU
		{955DC5DC-7050-4C61-94C7-BAEC132E269D}.Debug|x64.Build.0 = Debug|Any CPU
		{955DC5DC-7050-4C61-94C7-BAEC132E269D}.Debug|x86.ActiveCfg = Debug|Any CPU
		{955DC5DC-7050-4C61-94C7-BAEC132E269D}.Debug|x86.Build.0 = Debug|Any CPU
		{955DC5DC-7050-4C61-94C7-BAEC132E269D}.Release|Any CPU.ActiveCfg = Release|Any CPU
		{955DC5DC-7050-4C61-94C7-BAEC132E269D}.Release|Any CPU.Build.0 = Release|Any CPU
		{955DC5DC-7050-4C61-94C7-BAEC132E269D}.Release|x64.ActiveCfg = Release|Any CPU
		{955DC5DC-7050-4C61-94C7-BAEC132E269D}.Release|x64.Build.0 = Release|Any CPU
		{955DC5DC-7050-4C61-94C7-BAEC132E269D}.Release|x86.ActiveCfg = Release|Any CPU
		{955DC5DC-7050-4C61-94C7-BAEC132E269D}.Release|x86.Build.0 = Release|Any CPU
		{401060E8-069C-4B33-ACE3-52011955F73A}.Debug|Any CPU.ActiveCfg = Debug|Any CPU
		{401060E8-069C-4B33-ACE3-52011955F73A}.Debug|Any CPU.Build.0 = Debug|Any CPU
		{401060E8-069C-4B33-ACE3-52011955F73A}.Debug|x64.ActiveCfg = Debug|Any CPU
		{401060E8-069C-4B33-ACE3-52011955F73A}.Debug|x64.Build.0 = Debug|Any CPU
		{401060E8-069C-4B33-ACE3-52011955F73A}.Debug|x86.ActiveCfg = Debug|Any CPU
		{401060E8-069C-4B33-ACE3-52011955F73A}.Debug|x86.Build.0 = Debug|Any CPU
		{401060E8-069C-4B33-ACE3-52011955F73A}.Release|Any CPU.ActiveCfg = Release|Any CPU
		{401060E8-069C-4B33-ACE3-52011955F73A}.Release|Any CPU.Build.0 = Release|Any CPU
		{401060E8-069C-4B33-ACE3-52011955F73A}.Release|x64.ActiveCfg = Release|Any CPU
		{401060E8-069C-4B33-ACE3-52011955F73A}.Release|x64.Build.0 = Release|Any CPU
		{401060E8-069C-4B33-ACE3-52011955F73A}.Release|x86.ActiveCfg = Release|Any CPU
		{401060E8-069C-4B33-ACE3-52011955F73A}.Release|x86.Build.0 = Release|Any CPU
		{ABEC131D-4CE8-4EDA-A65E-EEFBBFE89663}.Debug|Any CPU.ActiveCfg = Debug|Any CPU
		{ABEC131D-4CE8-4EDA-A65E-EEFBBFE89663}.Debug|Any CPU.Build.0 = Debug|Any CPU
		{ABEC131D-4CE8-4EDA-A65E-EEFBBFE89663}.Debug|x64.ActiveCfg = Debug|Any CPU
		{ABEC131D-4CE8-4EDA-A65E-EEFBBFE89663}.Debug|x64.Build.0 = Debug|Any CPU
		{ABEC131D-4CE8-4EDA-A65E-EEFBBFE89663}.Debug|x86.ActiveCfg = Debug|Any CPU
		{ABEC131D-4CE8-4EDA-A65E-EEFBBFE89663}.Debug|x86.Build.0 = Debug|Any CPU
		{ABEC131D-4CE8-4EDA-A65E-EEFBBFE89663}.Release|Any CPU.ActiveCfg = Release|Any CPU
		{ABEC131D-4CE8-4EDA-A65E-EEFBBFE89663}.Release|Any CPU.Build.0 = Release|Any CPU
		{ABEC131D-4CE8-4EDA-A65E-EEFBBFE89663}.Release|x64.ActiveCfg = Release|Any CPU
		{ABEC131D-4CE8-4EDA-A65E-EEFBBFE89663}.Release|x64.Build.0 = Release|Any CPU
		{ABEC131D-4CE8-4EDA-A65E-EEFBBFE89663}.Release|x86.ActiveCfg = Release|Any CPU
		{ABEC131D-4CE8-4EDA-A65E-EEFBBFE89663}.Release|x86.Build.0 = Release|Any CPU
		{F219355A-4F03-4304-9EDC-4F1CE76EB561}.Debug|Any CPU.ActiveCfg = Debug|Any CPU
		{F219355A-4F03-4304-9EDC-4F1CE76EB561}.Debug|Any CPU.Build.0 = Debug|Any CPU
		{F219355A-4F03-4304-9EDC-4F1CE76EB561}.Debug|x64.ActiveCfg = Debug|Any CPU
		{F219355A-4F03-4304-9EDC-4F1CE76EB561}.Debug|x64.Build.0 = Debug|Any CPU
		{F219355A-4F03-4304-9EDC-4F1CE76EB561}.Debug|x86.ActiveCfg = Debug|Any CPU
		{F219355A-4F03-4304-9EDC-4F1CE76EB561}.Debug|x86.Build.0 = Debug|Any CPU
		{F219355A-4F03-4304-9EDC-4F1CE76EB561}.Release|Any CPU.ActiveCfg = Release|Any CPU
		{F219355A-4F03-4304-9EDC-4F1CE76EB561}.Release|Any CPU.Build.0 = Release|Any CPU
		{F219355A-4F03-4304-9EDC-4F1CE76EB561}.Release|x64.ActiveCfg = Release|Any CPU
		{F219355A-4F03-4304-9EDC-4F1CE76EB561}.Release|x64.Build.0 = Release|Any CPU
		{F219355A-4F03-4304-9EDC-4F1CE76EB561}.Release|x86.ActiveCfg = Release|Any CPU
		{F219355A-4F03-4304-9EDC-4F1CE76EB561}.Release|x86.Build.0 = Release|Any CPU
		{48BC6839-6D94-47D0-B5A4-60A2011DE481}.Debug|Any CPU.ActiveCfg = Debug|Any CPU
		{48BC6839-6D94-47D0-B5A4-60A2011DE481}.Debug|Any CPU.Build.0 = Debug|Any CPU
		{48BC6839-6D94-47D0-B5A4-60A2011DE481}.Debug|x64.ActiveCfg = Debug|Any CPU
		{48BC6839-6D94-47D0-B5A4-60A2011DE481}.Debug|x64.Build.0 = Debug|Any CPU
		{48BC6839-6D94-47D0-B5A4-60A2011DE481}.Debug|x86.ActiveCfg = Debug|Any CPU
		{48BC6839-6D94-47D0-B5A4-60A2011DE481}.Debug|x86.Build.0 = Debug|Any CPU
		{48BC6839-6D94-47D0-B5A4-60A2011DE481}.Release|Any CPU.ActiveCfg = Release|Any CPU
		{48BC6839-6D94-47D0-B5A4-60A2011DE481}.Release|Any CPU.Build.0 = Release|Any CPU
		{48BC6839-6D94-47D0-B5A4-60A2011DE481}.Release|x64.ActiveCfg = Release|Any CPU
		{48BC6839-6D94-47D0-B5A4-60A2011DE481}.Release|x64.Build.0 = Release|Any CPU
		{48BC6839-6D94-47D0-B5A4-60A2011DE481}.Release|x86.ActiveCfg = Release|Any CPU
		{48BC6839-6D94-47D0-B5A4-60A2011DE481}.Release|x86.Build.0 = Release|Any CPU
		{6772803D-CE91-4681-B15A-22A546554779}.Debug|Any CPU.ActiveCfg = Debug|Any CPU
		{6772803D-CE91-4681-B15A-22A546554779}.Debug|Any CPU.Build.0 = Debug|Any CPU
		{6772803D-CE91-4681-B15A-22A546554779}.Debug|x64.ActiveCfg = Debug|Any CPU
		{6772803D-CE91-4681-B15A-22A546554779}.Debug|x64.Build.0 = Debug|Any CPU
		{6772803D-CE91-4681-B15A-22A546554779}.Debug|x86.ActiveCfg = Debug|Any CPU
		{6772803D-CE91-4681-B15A-22A546554779}.Debug|x86.Build.0 = Debug|Any CPU
		{6772803D-CE91-4681-B15A-22A546554779}.Release|Any CPU.ActiveCfg = Release|Any CPU
		{6772803D-CE91-4681-B15A-22A546554779}.Release|Any CPU.Build.0 = Release|Any CPU
		{6772803D-CE91-4681-B15A-22A546554779}.Release|x64.ActiveCfg = Release|Any CPU
		{6772803D-CE91-4681-B15A-22A546554779}.Release|x64.Build.0 = Release|Any CPU
		{6772803D-CE91-4681-B15A-22A546554779}.Release|x86.ActiveCfg = Release|Any CPU
		{6772803D-CE91-4681-B15A-22A546554779}.Release|x86.Build.0 = Release|Any CPU
		{8168CC38-E090-4078-9D5A-D4061BB8EF9A}.Debug|Any CPU.ActiveCfg = Debug|Any CPU
		{8168CC38-E090-4078-9D5A-D4061BB8EF9A}.Debug|Any CPU.Build.0 = Debug|Any CPU
		{8168CC38-E090-4078-9D5A-D4061BB8EF9A}.Debug|x64.ActiveCfg = Debug|Any CPU
		{8168CC38-E090-4078-9D5A-D4061BB8EF9A}.Debug|x64.Build.0 = Debug|Any CPU
		{8168CC38-E090-4078-9D5A-D4061BB8EF9A}.Debug|x86.ActiveCfg = Debug|Any CPU
		{8168CC38-E090-4078-9D5A-D4061BB8EF9A}.Debug|x86.Build.0 = Debug|Any CPU
		{8168CC38-E090-4078-9D5A-D4061BB8EF9A}.Release|Any CPU.ActiveCfg = Release|Any CPU
		{8168CC38-E090-4078-9D5A-D4061BB8EF9A}.Release|Any CPU.Build.0 = Release|Any CPU
		{8168CC38-E090-4078-9D5A-D4061BB8EF9A}.Release|x64.ActiveCfg = Release|Any CPU
		{8168CC38-E090-4078-9D5A-D4061BB8EF9A}.Release|x64.Build.0 = Release|Any CPU
		{8168CC38-E090-4078-9D5A-D4061BB8EF9A}.Release|x86.ActiveCfg = Release|Any CPU
		{8168CC38-E090-4078-9D5A-D4061BB8EF9A}.Release|x86.Build.0 = Release|Any CPU
		{9C060B36-E0EE-4A99-A09C-6DE3145FE997}.Debug|Any CPU.ActiveCfg = Debug|Any CPU
		{9C060B36-E0EE-4A99-A09C-6DE3145FE997}.Debug|Any CPU.Build.0 = Debug|Any CPU
		{9C060B36-E0EE-4A99-A09C-6DE3145FE997}.Debug|x64.ActiveCfg = Debug|Any CPU
		{9C060B36-E0EE-4A99-A09C-6DE3145FE997}.Debug|x64.Build.0 = Debug|Any CPU
		{9C060B36-E0EE-4A99-A09C-6DE3145FE997}.Debug|x86.ActiveCfg = Debug|Any CPU
		{9C060B36-E0EE-4A99-A09C-6DE3145FE997}.Debug|x86.Build.0 = Debug|Any CPU
		{9C060B36-E0EE-4A99-A09C-6DE3145FE997}.Release|Any CPU.ActiveCfg = Release|Any CPU
		{9C060B36-E0EE-4A99-A09C-6DE3145FE997}.Release|Any CPU.Build.0 = Release|Any CPU
		{9C060B36-E0EE-4A99-A09C-6DE3145FE997}.Release|x64.ActiveCfg = Release|Any CPU
		{9C060B36-E0EE-4A99-A09C-6DE3145FE997}.Release|x64.Build.0 = Release|Any CPU
		{9C060B36-E0EE-4A99-A09C-6DE3145FE997}.Release|x86.ActiveCfg = Release|Any CPU
		{9C060B36-E0EE-4A99-A09C-6DE3145FE997}.Release|x86.Build.0 = Release|Any CPU
		{DCC82966-0609-40E9-8296-D7B0250E157F}.Debug|Any CPU.ActiveCfg = Debug|Any CPU
		{DCC82966-0609-40E9-8296-D7B0250E157F}.Debug|Any CPU.Build.0 = Debug|Any CPU
		{DCC82966-0609-40E9-8296-D7B0250E157F}.Debug|x64.ActiveCfg = Debug|Any CPU
		{DCC82966-0609-40E9-8296-D7B0250E157F}.Debug|x64.Build.0 = Debug|Any CPU
		{DCC82966-0609-40E9-8296-D7B0250E157F}.Debug|x86.ActiveCfg = Debug|Any CPU
		{DCC82966-0609-40E9-8296-D7B0250E157F}.Debug|x86.Build.0 = Debug|Any CPU
		{DCC82966-0609-40E9-8296-D7B0250E157F}.Release|Any CPU.ActiveCfg = Release|Any CPU
		{DCC82966-0609-40E9-8296-D7B0250E157F}.Release|Any CPU.Build.0 = Release|Any CPU
		{DCC82966-0609-40E9-8296-D7B0250E157F}.Release|x64.ActiveCfg = Release|Any CPU
		{DCC82966-0609-40E9-8296-D7B0250E157F}.Release|x64.Build.0 = Release|Any CPU
		{DCC82966-0609-40E9-8296-D7B0250E157F}.Release|x86.ActiveCfg = Release|Any CPU
		{DCC82966-0609-40E9-8296-D7B0250E157F}.Release|x86.Build.0 = Release|Any CPU
		{154ABCE4-1D32-4965-924F-8AFF7EC0B948}.Debug|Any CPU.ActiveCfg = Debug|Any CPU
		{154ABCE4-1D32-4965-924F-8AFF7EC0B948}.Debug|Any CPU.Build.0 = Debug|Any CPU
		{154ABCE4-1D32-4965-924F-8AFF7EC0B948}.Debug|x64.ActiveCfg = Debug|Any CPU
		{154ABCE4-1D32-4965-924F-8AFF7EC0B948}.Debug|x64.Build.0 = Debug|Any CPU
		{154ABCE4-1D32-4965-924F-8AFF7EC0B948}.Debug|x86.ActiveCfg = Debug|Any CPU
		{154ABCE4-1D32-4965-924F-8AFF7EC0B948}.Debug|x86.Build.0 = Debug|Any CPU
		{154ABCE4-1D32-4965-924F-8AFF7EC0B948}.Release|Any CPU.ActiveCfg = Release|Any CPU
		{154ABCE4-1D32-4965-924F-8AFF7EC0B948}.Release|Any CPU.Build.0 = Release|Any CPU
		{154ABCE4-1D32-4965-924F-8AFF7EC0B948}.Release|x64.ActiveCfg = Release|Any CPU
		{154ABCE4-1D32-4965-924F-8AFF7EC0B948}.Release|x64.Build.0 = Release|Any CPU
		{154ABCE4-1D32-4965-924F-8AFF7EC0B948}.Release|x86.ActiveCfg = Release|Any CPU
		{154ABCE4-1D32-4965-924F-8AFF7EC0B948}.Release|x86.Build.0 = Release|Any CPU
		{CA7B1479-B46C-48D8-AB17-E037382305D7}.Debug|Any CPU.ActiveCfg = Debug|Any CPU
		{CA7B1479-B46C-48D8-AB17-E037382305D7}.Debug|Any CPU.Build.0 = Debug|Any CPU
		{CA7B1479-B46C-48D8-AB17-E037382305D7}.Debug|x64.ActiveCfg = Debug|Any CPU
		{CA7B1479-B46C-48D8-AB17-E037382305D7}.Debug|x64.Build.0 = Debug|Any CPU
		{CA7B1479-B46C-48D8-AB17-E037382305D7}.Debug|x86.ActiveCfg = Debug|Any CPU
		{CA7B1479-B46C-48D8-AB17-E037382305D7}.Debug|x86.Build.0 = Debug|Any CPU
		{CA7B1479-B46C-48D8-AB17-E037382305D7}.Release|Any CPU.ActiveCfg = Release|Any CPU
		{CA7B1479-B46C-48D8-AB17-E037382305D7}.Release|Any CPU.Build.0 = Release|Any CPU
		{CA7B1479-B46C-48D8-AB17-E037382305D7}.Release|x64.ActiveCfg = Release|Any CPU
		{CA7B1479-B46C-48D8-AB17-E037382305D7}.Release|x64.Build.0 = Release|Any CPU
		{CA7B1479-B46C-48D8-AB17-E037382305D7}.Release|x86.ActiveCfg = Release|Any CPU
		{CA7B1479-B46C-48D8-AB17-E037382305D7}.Release|x86.Build.0 = Release|Any CPU
		{B239CB04-E08B-403C-8E94-EADC9EA66518}.Debug|Any CPU.ActiveCfg = Debug|Any CPU
		{B239CB04-E08B-403C-8E94-EADC9EA66518}.Debug|Any CPU.Build.0 = Debug|Any CPU
		{B239CB04-E08B-403C-8E94-EADC9EA66518}.Debug|x64.ActiveCfg = Debug|Any CPU
		{B239CB04-E08B-403C-8E94-EADC9EA66518}.Debug|x64.Build.0 = Debug|Any CPU
		{B239CB04-E08B-403C-8E94-EADC9EA66518}.Debug|x86.ActiveCfg = Debug|Any CPU
		{B239CB04-E08B-403C-8E94-EADC9EA66518}.Debug|x86.Build.0 = Debug|Any CPU
		{B239CB04-E08B-403C-8E94-EADC9EA66518}.Release|Any CPU.ActiveCfg = Release|Any CPU
		{B239CB04-E08B-403C-8E94-EADC9EA66518}.Release|Any CPU.Build.0 = Release|Any CPU
		{B239CB04-E08B-403C-8E94-EADC9EA66518}.Release|x64.ActiveCfg = Release|Any CPU
		{B239CB04-E08B-403C-8E94-EADC9EA66518}.Release|x64.Build.0 = Release|Any CPU
		{B239CB04-E08B-403C-8E94-EADC9EA66518}.Release|x86.ActiveCfg = Release|Any CPU
		{B239CB04-E08B-403C-8E94-EADC9EA66518}.Release|x86.Build.0 = Release|Any CPU
		{31B50C6E-E509-40C7-BBE1-B9A2CE3C2ECE}.Debug|Any CPU.ActiveCfg = Debug|Any CPU
		{31B50C6E-E509-40C7-BBE1-B9A2CE3C2ECE}.Debug|Any CPU.Build.0 = Debug|Any CPU
		{31B50C6E-E509-40C7-BBE1-B9A2CE3C2ECE}.Debug|x64.ActiveCfg = Debug|Any CPU
		{31B50C6E-E509-40C7-BBE1-B9A2CE3C2ECE}.Debug|x64.Build.0 = Debug|Any CPU
		{31B50C6E-E509-40C7-BBE1-B9A2CE3C2ECE}.Debug|x86.ActiveCfg = Debug|Any CPU
		{31B50C6E-E509-40C7-BBE1-B9A2CE3C2ECE}.Debug|x86.Build.0 = Debug|Any CPU
		{31B50C6E-E509-40C7-BBE1-B9A2CE3C2ECE}.Release|Any CPU.ActiveCfg = Release|Any CPU
		{31B50C6E-E509-40C7-BBE1-B9A2CE3C2ECE}.Release|Any CPU.Build.0 = Release|Any CPU
		{31B50C6E-E509-40C7-BBE1-B9A2CE3C2ECE}.Release|x64.ActiveCfg = Release|Any CPU
		{31B50C6E-E509-40C7-BBE1-B9A2CE3C2ECE}.Release|x64.Build.0 = Release|Any CPU
		{31B50C6E-E509-40C7-BBE1-B9A2CE3C2ECE}.Release|x86.ActiveCfg = Release|Any CPU
		{31B50C6E-E509-40C7-BBE1-B9A2CE3C2ECE}.Release|x86.Build.0 = Release|Any CPU
		{EE19FC42-DE11-42AF-BCD2-3D52C2FCD704}.Debug|Any CPU.ActiveCfg = Debug|Any CPU
		{EE19FC42-DE11-42AF-BCD2-3D52C2FCD704}.Debug|Any CPU.Build.0 = Debug|Any CPU
		{EE19FC42-DE11-42AF-BCD2-3D52C2FCD704}.Debug|x64.ActiveCfg = Debug|Any CPU
		{EE19FC42-DE11-42AF-BCD2-3D52C2FCD704}.Debug|x64.Build.0 = Debug|Any CPU
		{EE19FC42-DE11-42AF-BCD2-3D52C2FCD704}.Debug|x86.ActiveCfg = Debug|Any CPU
		{EE19FC42-DE11-42AF-BCD2-3D52C2FCD704}.Debug|x86.Build.0 = Debug|Any CPU
		{EE19FC42-DE11-42AF-BCD2-3D52C2FCD704}.Release|Any CPU.ActiveCfg = Release|Any CPU
		{EE19FC42-DE11-42AF-BCD2-3D52C2FCD704}.Release|Any CPU.Build.0 = Release|Any CPU
		{EE19FC42-DE11-42AF-BCD2-3D52C2FCD704}.Release|x64.ActiveCfg = Release|Any CPU
		{EE19FC42-DE11-42AF-BCD2-3D52C2FCD704}.Release|x64.Build.0 = Release|Any CPU
		{EE19FC42-DE11-42AF-BCD2-3D52C2FCD704}.Release|x86.ActiveCfg = Release|Any CPU
		{EE19FC42-DE11-42AF-BCD2-3D52C2FCD704}.Release|x86.Build.0 = Release|Any CPU
		{5D94E4AB-3B0C-4A86-AE55-62E726D4D5AF}.Debug|Any CPU.ActiveCfg = Debug|Any CPU
		{5D94E4AB-3B0C-4A86-AE55-62E726D4D5AF}.Debug|Any CPU.Build.0 = Debug|Any CPU
		{5D94E4AB-3B0C-4A86-AE55-62E726D4D5AF}.Debug|x64.ActiveCfg = Debug|Any CPU
		{5D94E4AB-3B0C-4A86-AE55-62E726D4D5AF}.Debug|x64.Build.0 = Debug|Any CPU
		{5D94E4AB-3B0C-4A86-AE55-62E726D4D5AF}.Debug|x86.ActiveCfg = Debug|Any CPU
		{5D94E4AB-3B0C-4A86-AE55-62E726D4D5AF}.Debug|x86.Build.0 = Debug|Any CPU
		{5D94E4AB-3B0C-4A86-AE55-62E726D4D5AF}.Release|Any CPU.ActiveCfg = Release|Any CPU
		{5D94E4AB-3B0C-4A86-AE55-62E726D4D5AF}.Release|Any CPU.Build.0 = Release|Any CPU
		{5D94E4AB-3B0C-4A86-AE55-62E726D4D5AF}.Release|x64.ActiveCfg = Release|Any CPU
		{5D94E4AB-3B0C-4A86-AE55-62E726D4D5AF}.Release|x64.Build.0 = Release|Any CPU
		{5D94E4AB-3B0C-4A86-AE55-62E726D4D5AF}.Release|x86.ActiveCfg = Release|Any CPU
		{5D94E4AB-3B0C-4A86-AE55-62E726D4D5AF}.Release|x86.Build.0 = Release|Any CPU
		{A1B2C3D4-E5F6-4A5B-8C9D-0E1F2A3B4C5D}.Debug|Any CPU.ActiveCfg = Debug|Any CPU
		{A1B2C3D4-E5F6-4A5B-8C9D-0E1F2A3B4C5D}.Debug|Any CPU.Build.0 = Debug|Any CPU
		{A1B2C3D4-E5F6-4A5B-8C9D-0E1F2A3B4C5D}.Debug|x64.ActiveCfg = Debug|Any CPU
		{A1B2C3D4-E5F6-4A5B-8C9D-0E1F2A3B4C5D}.Debug|x64.Build.0 = Debug|Any CPU
		{A1B2C3D4-E5F6-4A5B-8C9D-0E1F2A3B4C5D}.Debug|x86.ActiveCfg = Debug|Any CPU
		{A1B2C3D4-E5F6-4A5B-8C9D-0E1F2A3B4C5D}.Debug|x86.Build.0 = Debug|Any CPU
		{A1B2C3D4-E5F6-4A5B-8C9D-0E1F2A3B4C5D}.Release|Any CPU.ActiveCfg = Release|Any CPU
		{A1B2C3D4-E5F6-4A5B-8C9D-0E1F2A3B4C5D}.Release|Any CPU.Build.0 = Release|Any CPU
		{A1B2C3D4-E5F6-4A5B-8C9D-0E1F2A3B4C5D}.Release|x64.ActiveCfg = Release|Any CPU
		{A1B2C3D4-E5F6-4A5B-8C9D-0E1F2A3B4C5D}.Release|x64.Build.0 = Release|Any CPU
		{A1B2C3D4-E5F6-4A5B-8C9D-0E1F2A3B4C5D}.Release|x86.ActiveCfg = Release|Any CPU
		{A1B2C3D4-E5F6-4A5B-8C9D-0E1F2A3B4C5D}.Release|x86.Build.0 = Release|Any CPU
		{F7643110-C6DB-4AF8-8A73-F4344FEA1CA9}.Debug|Any CPU.ActiveCfg = Debug|Any CPU
		{F7643110-C6DB-4AF8-8A73-F4344FEA1CA9}.Debug|Any CPU.Build.0 = Debug|Any CPU
		{F7643110-C6DB-4AF8-8A73-F4344FEA1CA9}.Debug|x64.ActiveCfg = Debug|Any CPU
		{F7643110-C6DB-4AF8-8A73-F4344FEA1CA9}.Debug|x64.Build.0 = Debug|Any CPU
		{F7643110-C6DB-4AF8-8A73-F4344FEA1CA9}.Debug|x86.ActiveCfg = Debug|Any CPU
		{F7643110-C6DB-4AF8-8A73-F4344FEA1CA9}.Debug|x86.Build.0 = Debug|Any CPU
		{F7643110-C6DB-4AF8-8A73-F4344FEA1CA9}.Release|Any CPU.ActiveCfg = Release|Any CPU
		{F7643110-C6DB-4AF8-8A73-F4344FEA1CA9}.Release|Any CPU.Build.0 = Release|Any CPU
		{F7643110-C6DB-4AF8-8A73-F4344FEA1CA9}.Release|x64.ActiveCfg = Release|Any CPU
		{F7643110-C6DB-4AF8-8A73-F4344FEA1CA9}.Release|x64.Build.0 = Release|Any CPU
		{F7643110-C6DB-4AF8-8A73-F4344FEA1CA9}.Release|x86.ActiveCfg = Release|Any CPU
		{F7643110-C6DB-4AF8-8A73-F4344FEA1CA9}.Release|x86.Build.0 = Release|Any CPU
		{6365419A-93B2-4E5D-BFE6-5F8423FCAA20}.Debug|Any CPU.ActiveCfg = Debug|Any CPU
		{6365419A-93B2-4E5D-BFE6-5F8423FCAA20}.Debug|Any CPU.Build.0 = Debug|Any CPU
		{6365419A-93B2-4E5D-BFE6-5F8423FCAA20}.Debug|x64.ActiveCfg = Debug|Any CPU
		{6365419A-93B2-4E5D-BFE6-5F8423FCAA20}.Debug|x64.Build.0 = Debug|Any CPU
		{6365419A-93B2-4E5D-BFE6-5F8423FCAA20}.Debug|x86.ActiveCfg = Debug|Any CPU
		{6365419A-93B2-4E5D-BFE6-5F8423FCAA20}.Debug|x86.Build.0 = Debug|Any CPU
		{6365419A-93B2-4E5D-BFE6-5F8423FCAA20}.Release|Any CPU.ActiveCfg = Release|Any CPU
		{6365419A-93B2-4E5D-BFE6-5F8423FCAA20}.Release|Any CPU.Build.0 = Release|Any CPU
		{6365419A-93B2-4E5D-BFE6-5F8423FCAA20}.Release|x64.ActiveCfg = Release|Any CPU
		{6365419A-93B2-4E5D-BFE6-5F8423FCAA20}.Release|x64.Build.0 = Release|Any CPU
		{6365419A-93B2-4E5D-BFE6-5F8423FCAA20}.Release|x86.ActiveCfg = Release|Any CPU
		{6365419A-93B2-4E5D-BFE6-5F8423FCAA20}.Release|x86.Build.0 = Release|Any CPU
		{C89922F7-7987-4122-997E-647FBE8B683C}.Debug|Any CPU.ActiveCfg = Debug|Any CPU
		{C89922F7-7987-4122-997E-647FBE8B683C}.Debug|Any CPU.Build.0 = Debug|Any CPU
		{C89922F7-7987-4122-997E-647FBE8B683C}.Debug|x64.ActiveCfg = Debug|Any CPU
		{C89922F7-7987-4122-997E-647FBE8B683C}.Debug|x64.Build.0 = Debug|Any CPU
		{C89922F7-7987-4122-997E-647FBE8B683C}.Debug|x86.ActiveCfg = Debug|Any CPU
		{C89922F7-7987-4122-997E-647FBE8B683C}.Debug|x86.Build.0 = Debug|Any CPU
		{C89922F7-7987-4122-997E-647FBE8B683C}.Release|Any CPU.ActiveCfg = Release|Any CPU
		{C89922F7-7987-4122-997E-647FBE8B683C}.Release|Any CPU.Build.0 = Release|Any CPU
		{C89922F7-7987-4122-997E-647FBE8B683C}.Release|x64.ActiveCfg = Release|Any CPU
		{C89922F7-7987-4122-997E-647FBE8B683C}.Release|x64.Build.0 = Release|Any CPU
		{C89922F7-7987-4122-997E-647FBE8B683C}.Release|x86.ActiveCfg = Release|Any CPU
		{C89922F7-7987-4122-997E-647FBE8B683C}.Release|x86.Build.0 = Release|Any CPU
		{5C43B859-106B-41F7-98FC-D683233B87D4}.Debug|Any CPU.ActiveCfg = Debug|Any CPU
		{5C43B859-106B-41F7-98FC-D683233B87D4}.Debug|Any CPU.Build.0 = Debug|Any CPU
		{5C43B859-106B-41F7-98FC-D683233B87D4}.Debug|x64.ActiveCfg = Debug|Any CPU
		{5C43B859-106B-41F7-98FC-D683233B87D4}.Debug|x64.Build.0 = Debug|Any CPU
		{5C43B859-106B-41F7-98FC-D683233B87D4}.Debug|x86.ActiveCfg = Debug|Any CPU
		{5C43B859-106B-41F7-98FC-D683233B87D4}.Debug|x86.Build.0 = Debug|Any CPU
		{5C43B859-106B-41F7-98FC-D683233B87D4}.Release|Any CPU.ActiveCfg = Release|Any CPU
		{5C43B859-106B-41F7-98FC-D683233B87D4}.Release|Any CPU.Build.0 = Release|Any CPU
		{5C43B859-106B-41F7-98FC-D683233B87D4}.Release|x64.ActiveCfg = Release|Any CPU
		{5C43B859-106B-41F7-98FC-D683233B87D4}.Release|x64.Build.0 = Release|Any CPU
		{5C43B859-106B-41F7-98FC-D683233B87D4}.Release|x86.ActiveCfg = Release|Any CPU
		{5C43B859-106B-41F7-98FC-D683233B87D4}.Release|x86.Build.0 = Release|Any CPU
		{456B49C7-2159-41D0-BE38-1B6AEC10DDBF}.Debug|Any CPU.ActiveCfg = Debug|Any CPU
		{456B49C7-2159-41D0-BE38-1B6AEC10DDBF}.Debug|Any CPU.Build.0 = Debug|Any CPU
		{456B49C7-2159-41D0-BE38-1B6AEC10DDBF}.Debug|x64.ActiveCfg = Debug|Any CPU
		{456B49C7-2159-41D0-BE38-1B6AEC10DDBF}.Debug|x64.Build.0 = Debug|Any CPU
		{456B49C7-2159-41D0-BE38-1B6AEC10DDBF}.Debug|x86.ActiveCfg = Debug|Any CPU
		{456B49C7-2159-41D0-BE38-1B6AEC10DDBF}.Debug|x86.Build.0 = Debug|Any CPU
		{456B49C7-2159-41D0-BE38-1B6AEC10DDBF}.Release|Any CPU.ActiveCfg = Release|Any CPU
		{456B49C7-2159-41D0-BE38-1B6AEC10DDBF}.Release|Any CPU.Build.0 = Release|Any CPU
		{456B49C7-2159-41D0-BE38-1B6AEC10DDBF}.Release|x64.ActiveCfg = Release|Any CPU
		{456B49C7-2159-41D0-BE38-1B6AEC10DDBF}.Release|x64.Build.0 = Release|Any CPU
		{456B49C7-2159-41D0-BE38-1B6AEC10DDBF}.Release|x86.ActiveCfg = Release|Any CPU
		{456B49C7-2159-41D0-BE38-1B6AEC10DDBF}.Release|x86.Build.0 = Release|Any CPU
		{D6B7BCD4-B3E2-448B-B1C7-99B8A228A705}.Debug|Any CPU.ActiveCfg = Debug|Any CPU
		{D6B7BCD4-B3E2-448B-B1C7-99B8A228A705}.Debug|Any CPU.Build.0 = Debug|Any CPU
		{D6B7BCD4-B3E2-448B-B1C7-99B8A228A705}.Debug|x64.ActiveCfg = Debug|Any CPU
		{D6B7BCD4-B3E2-448B-B1C7-99B8A228A705}.Debug|x64.Build.0 = Debug|Any CPU
		{D6B7BCD4-B3E2-448B-B1C7-99B8A228A705}.Debug|x86.ActiveCfg = Debug|Any CPU
		{D6B7BCD4-B3E2-448B-B1C7-99B8A228A705}.Debug|x86.Build.0 = Debug|Any CPU
		{D6B7BCD4-B3E2-448B-B1C7-99B8A228A705}.Release|Any CPU.ActiveCfg = Release|Any CPU
		{D6B7BCD4-B3E2-448B-B1C7-99B8A228A705}.Release|Any CPU.Build.0 = Release|Any CPU
		{D6B7BCD4-B3E2-448B-B1C7-99B8A228A705}.Release|x64.ActiveCfg = Release|Any CPU
		{D6B7BCD4-B3E2-448B-B1C7-99B8A228A705}.Release|x64.Build.0 = Release|Any CPU
		{D6B7BCD4-B3E2-448B-B1C7-99B8A228A705}.Release|x86.ActiveCfg = Release|Any CPU
		{D6B7BCD4-B3E2-448B-B1C7-99B8A228A705}.Release|x86.Build.0 = Release|Any CPU
		{0B2E7A04-7002-45CC-ACA1-2EED8C3B8D2E}.Debug|Any CPU.ActiveCfg = Debug|Any CPU
		{0B2E7A04-7002-45CC-ACA1-2EED8C3B8D2E}.Debug|Any CPU.Build.0 = Debug|Any CPU
		{0B2E7A04-7002-45CC-ACA1-2EED8C3B8D2E}.Debug|x64.ActiveCfg = Debug|Any CPU
		{0B2E7A04-7002-45CC-ACA1-2EED8C3B8D2E}.Debug|x64.Build.0 = Debug|Any CPU
		{0B2E7A04-7002-45CC-ACA1-2EED8C3B8D2E}.Debug|x86.ActiveCfg = Debug|Any CPU
		{0B2E7A04-7002-45CC-ACA1-2EED8C3B8D2E}.Debug|x86.Build.0 = Debug|Any CPU
		{0B2E7A04-7002-45CC-ACA1-2EED8C3B8D2E}.Release|Any CPU.ActiveCfg = Release|Any CPU
		{0B2E7A04-7002-45CC-ACA1-2EED8C3B8D2E}.Release|Any CPU.Build.0 = Release|Any CPU
		{0B2E7A04-7002-45CC-ACA1-2EED8C3B8D2E}.Release|x64.ActiveCfg = Release|Any CPU
		{0B2E7A04-7002-45CC-ACA1-2EED8C3B8D2E}.Release|x64.Build.0 = Release|Any CPU
		{0B2E7A04-7002-45CC-ACA1-2EED8C3B8D2E}.Release|x86.ActiveCfg = Release|Any CPU
		{0B2E7A04-7002-45CC-ACA1-2EED8C3B8D2E}.Release|x86.Build.0 = Release|Any CPU
		{721A68DC-08AB-47D2-8A1B-0BB6D43041EF}.Debug|Any CPU.ActiveCfg = Debug|Any CPU
		{721A68DC-08AB-47D2-8A1B-0BB6D43041EF}.Debug|Any CPU.Build.0 = Debug|Any CPU
		{721A68DC-08AB-47D2-8A1B-0BB6D43041EF}.Debug|x64.ActiveCfg = Debug|Any CPU
		{721A68DC-08AB-47D2-8A1B-0BB6D43041EF}.Debug|x64.Build.0 = Debug|Any CPU
		{721A68DC-08AB-47D2-8A1B-0BB6D43041EF}.Debug|x86.ActiveCfg = Debug|Any CPU
		{721A68DC-08AB-47D2-8A1B-0BB6D43041EF}.Debug|x86.Build.0 = Debug|Any CPU
		{721A68DC-08AB-47D2-8A1B-0BB6D43041EF}.Release|Any CPU.ActiveCfg = Release|Any CPU
		{721A68DC-08AB-47D2-8A1B-0BB6D43041EF}.Release|Any CPU.Build.0 = Release|Any CPU
		{721A68DC-08AB-47D2-8A1B-0BB6D43041EF}.Release|x64.ActiveCfg = Release|Any CPU
		{721A68DC-08AB-47D2-8A1B-0BB6D43041EF}.Release|x64.Build.0 = Release|Any CPU
		{721A68DC-08AB-47D2-8A1B-0BB6D43041EF}.Release|x86.ActiveCfg = Release|Any CPU
		{721A68DC-08AB-47D2-8A1B-0BB6D43041EF}.Release|x86.Build.0 = Release|Any CPU
		{EB3365F4-A1B6-4F15-A1B8-7D343632A034}.Debug|Any CPU.ActiveCfg = Debug|Any CPU
		{EB3365F4-A1B6-4F15-A1B8-7D343632A034}.Debug|Any CPU.Build.0 = Debug|Any CPU
		{EB3365F4-A1B6-4F15-A1B8-7D343632A034}.Debug|x64.ActiveCfg = Debug|Any CPU
		{EB3365F4-A1B6-4F15-A1B8-7D343632A034}.Debug|x64.Build.0 = Debug|Any CPU
		{EB3365F4-A1B6-4F15-A1B8-7D343632A034}.Debug|x86.ActiveCfg = Debug|Any CPU
		{EB3365F4-A1B6-4F15-A1B8-7D343632A034}.Debug|x86.Build.0 = Debug|Any CPU
		{EB3365F4-A1B6-4F15-A1B8-7D343632A034}.Release|Any CPU.ActiveCfg = Release|Any CPU
		{EB3365F4-A1B6-4F15-A1B8-7D343632A034}.Release|Any CPU.Build.0 = Release|Any CPU
		{EB3365F4-A1B6-4F15-A1B8-7D343632A034}.Release|x64.ActiveCfg = Release|Any CPU
		{EB3365F4-A1B6-4F15-A1B8-7D343632A034}.Release|x64.Build.0 = Release|Any CPU
		{EB3365F4-A1B6-4F15-A1B8-7D343632A034}.Release|x86.ActiveCfg = Release|Any CPU
		{EB3365F4-A1B6-4F15-A1B8-7D343632A034}.Release|x86.Build.0 = Release|Any CPU
		{DBE74B20-AC88-4B15-98AF-A745532B8AAD}.Debug|Any CPU.ActiveCfg = Debug|Any CPU
		{DBE74B20-AC88-4B15-98AF-A745532B8AAD}.Debug|Any CPU.Build.0 = Debug|Any CPU
		{DBE74B20-AC88-4B15-98AF-A745532B8AAD}.Debug|x64.ActiveCfg = Debug|Any CPU
		{DBE74B20-AC88-4B15-98AF-A745532B8AAD}.Debug|x64.Build.0 = Debug|Any CPU
		{DBE74B20-AC88-4B15-98AF-A745532B8AAD}.Debug|x86.ActiveCfg = Debug|Any CPU
		{DBE74B20-AC88-4B15-98AF-A745532B8AAD}.Debug|x86.Build.0 = Debug|Any CPU
		{DBE74B20-AC88-4B15-98AF-A745532B8AAD}.Release|Any CPU.ActiveCfg = Release|Any CPU
		{DBE74B20-AC88-4B15-98AF-A745532B8AAD}.Release|Any CPU.Build.0 = Release|Any CPU
		{DBE74B20-AC88-4B15-98AF-A745532B8AAD}.Release|x64.ActiveCfg = Release|Any CPU
		{DBE74B20-AC88-4B15-98AF-A745532B8AAD}.Release|x64.Build.0 = Release|Any CPU
		{DBE74B20-AC88-4B15-98AF-A745532B8AAD}.Release|x86.ActiveCfg = Release|Any CPU
		{DBE74B20-AC88-4B15-98AF-A745532B8AAD}.Release|x86.Build.0 = Release|Any CPU
		{59A58CD7-1C5D-48B5-8B4E-C96842FFF465}.Debug|Any CPU.ActiveCfg = Debug|Any CPU
		{59A58CD7-1C5D-48B5-8B4E-C96842FFF465}.Debug|Any CPU.Build.0 = Debug|Any CPU
		{59A58CD7-1C5D-48B5-8B4E-C96842FFF465}.Debug|x64.ActiveCfg = Debug|Any CPU
		{59A58CD7-1C5D-48B5-8B4E-C96842FFF465}.Debug|x64.Build.0 = Debug|Any CPU
		{59A58CD7-1C5D-48B5-8B4E-C96842FFF465}.Debug|x86.ActiveCfg = Debug|Any CPU
		{59A58CD7-1C5D-48B5-8B4E-C96842FFF465}.Debug|x86.Build.0 = Debug|Any CPU
		{59A58CD7-1C5D-48B5-8B4E-C96842FFF465}.Release|Any CPU.ActiveCfg = Release|Any CPU
		{59A58CD7-1C5D-48B5-8B4E-C96842FFF465}.Release|Any CPU.Build.0 = Release|Any CPU
		{59A58CD7-1C5D-48B5-8B4E-C96842FFF465}.Release|x64.ActiveCfg = Release|Any CPU
		{59A58CD7-1C5D-48B5-8B4E-C96842FFF465}.Release|x64.Build.0 = Release|Any CPU
		{59A58CD7-1C5D-48B5-8B4E-C96842FFF465}.Release|x86.ActiveCfg = Release|Any CPU
		{59A58CD7-1C5D-48B5-8B4E-C96842FFF465}.Release|x86.Build.0 = Release|Any CPU
		{EDB36303-5C6B-4601-BA94-A14F064156FF}.Debug|Any CPU.ActiveCfg = Debug|Any CPU
		{EDB36303-5C6B-4601-BA94-A14F064156FF}.Debug|Any CPU.Build.0 = Debug|Any CPU
		{EDB36303-5C6B-4601-BA94-A14F064156FF}.Debug|x64.ActiveCfg = Debug|Any CPU
		{EDB36303-5C6B-4601-BA94-A14F064156FF}.Debug|x64.Build.0 = Debug|Any CPU
		{EDB36303-5C6B-4601-BA94-A14F064156FF}.Debug|x86.ActiveCfg = Debug|Any CPU
		{EDB36303-5C6B-4601-BA94-A14F064156FF}.Debug|x86.Build.0 = Debug|Any CPU
		{EDB36303-5C6B-4601-BA94-A14F064156FF}.Release|Any CPU.ActiveCfg = Release|Any CPU
		{EDB36303-5C6B-4601-BA94-A14F064156FF}.Release|Any CPU.Build.0 = Release|Any CPU
		{EDB36303-5C6B-4601-BA94-A14F064156FF}.Release|x64.ActiveCfg = Release|Any CPU
		{EDB36303-5C6B-4601-BA94-A14F064156FF}.Release|x64.Build.0 = Release|Any CPU
		{EDB36303-5C6B-4601-BA94-A14F064156FF}.Release|x86.ActiveCfg = Release|Any CPU
		{EDB36303-5C6B-4601-BA94-A14F064156FF}.Release|x86.Build.0 = Release|Any CPU
		{F3CD9D50-F637-46CB-9244-1465AFAA3F00}.Debug|Any CPU.ActiveCfg = Debug|Any CPU
		{F3CD9D50-F637-46CB-9244-1465AFAA3F00}.Debug|Any CPU.Build.0 = Debug|Any CPU
		{F3CD9D50-F637-46CB-9244-1465AFAA3F00}.Debug|x64.ActiveCfg = Debug|Any CPU
		{F3CD9D50-F637-46CB-9244-1465AFAA3F00}.Debug|x64.Build.0 = Debug|Any CPU
		{F3CD9D50-F637-46CB-9244-1465AFAA3F00}.Debug|x86.ActiveCfg = Debug|Any CPU
		{F3CD9D50-F637-46CB-9244-1465AFAA3F00}.Debug|x86.Build.0 = Debug|Any CPU
		{F3CD9D50-F637-46CB-9244-1465AFAA3F00}.Release|Any CPU.ActiveCfg = Release|Any CPU
		{F3CD9D50-F637-46CB-9244-1465AFAA3F00}.Release|Any CPU.Build.0 = Release|Any CPU
		{F3CD9D50-F637-46CB-9244-1465AFAA3F00}.Release|x64.ActiveCfg = Release|Any CPU
		{F3CD9D50-F637-46CB-9244-1465AFAA3F00}.Release|x64.Build.0 = Release|Any CPU
		{F3CD9D50-F637-46CB-9244-1465AFAA3F00}.Release|x86.ActiveCfg = Release|Any CPU
		{F3CD9D50-F637-46CB-9244-1465AFAA3F00}.Release|x86.Build.0 = Release|Any CPU
		{8241A4A1-E383-4260-81BC-A56DD32E9142}.Debug|Any CPU.ActiveCfg = Debug|Any CPU
		{8241A4A1-E383-4260-81BC-A56DD32E9142}.Debug|Any CPU.Build.0 = Debug|Any CPU
		{8241A4A1-E383-4260-81BC-A56DD32E9142}.Debug|x64.ActiveCfg = Debug|Any CPU
		{8241A4A1-E383-4260-81BC-A56DD32E9142}.Debug|x64.Build.0 = Debug|Any CPU
		{8241A4A1-E383-4260-81BC-A56DD32E9142}.Debug|x86.ActiveCfg = Debug|Any CPU
		{8241A4A1-E383-4260-81BC-A56DD32E9142}.Debug|x86.Build.0 = Debug|Any CPU
		{8241A4A1-E383-4260-81BC-A56DD32E9142}.Release|Any CPU.ActiveCfg = Release|Any CPU
		{8241A4A1-E383-4260-81BC-A56DD32E9142}.Release|Any CPU.Build.0 = Release|Any CPU
		{8241A4A1-E383-4260-81BC-A56DD32E9142}.Release|x64.ActiveCfg = Release|Any CPU
		{8241A4A1-E383-4260-81BC-A56DD32E9142}.Release|x64.Build.0 = Release|Any CPU
		{8241A4A1-E383-4260-81BC-A56DD32E9142}.Release|x86.ActiveCfg = Release|Any CPU
		{8241A4A1-E383-4260-81BC-A56DD32E9142}.Release|x86.Build.0 = Release|Any CPU
		{529F4964-B667-4020-90D5-4EB49EBF4902}.Debug|Any CPU.ActiveCfg = Debug|Any CPU
		{529F4964-B667-4020-90D5-4EB49EBF4902}.Debug|Any CPU.Build.0 = Debug|Any CPU
		{529F4964-B667-4020-90D5-4EB49EBF4902}.Debug|x64.ActiveCfg = Debug|Any CPU
		{529F4964-B667-4020-90D5-4EB49EBF4902}.Debug|x64.Build.0 = Debug|Any CPU
		{529F4964-B667-4020-90D5-4EB49EBF4902}.Debug|x86.ActiveCfg = Debug|Any CPU
		{529F4964-B667-4020-90D5-4EB49EBF4902}.Debug|x86.Build.0 = Debug|Any CPU
		{529F4964-B667-4020-90D5-4EB49EBF4902}.Release|Any CPU.ActiveCfg = Release|Any CPU
		{529F4964-B667-4020-90D5-4EB49EBF4902}.Release|Any CPU.Build.0 = Release|Any CPU
		{529F4964-B667-4020-90D5-4EB49EBF4902}.Release|x64.ActiveCfg = Release|Any CPU
		{529F4964-B667-4020-90D5-4EB49EBF4902}.Release|x64.Build.0 = Release|Any CPU
		{529F4964-B667-4020-90D5-4EB49EBF4902}.Release|x86.ActiveCfg = Release|Any CPU
		{529F4964-B667-4020-90D5-4EB49EBF4902}.Release|x86.Build.0 = Release|Any CPU
		{EB83A379-7E78-4A44-B249-528A3E4B22D3}.Debug|Any CPU.ActiveCfg = Debug|Any CPU
		{EB83A379-7E78-4A44-B249-528A3E4B22D3}.Debug|Any CPU.Build.0 = Debug|Any CPU
		{EB83A379-7E78-4A44-B249-528A3E4B22D3}.Debug|x64.ActiveCfg = Debug|Any CPU
		{EB83A379-7E78-4A44-B249-528A3E4B22D3}.Debug|x64.Build.0 = Debug|Any CPU
		{EB83A379-7E78-4A44-B249-528A3E4B22D3}.Debug|x86.ActiveCfg = Debug|Any CPU
		{EB83A379-7E78-4A44-B249-528A3E4B22D3}.Debug|x86.Build.0 = Debug|Any CPU
		{EB83A379-7E78-4A44-B249-528A3E4B22D3}.Release|Any CPU.ActiveCfg = Release|Any CPU
		{EB83A379-7E78-4A44-B249-528A3E4B22D3}.Release|Any CPU.Build.0 = Release|Any CPU
		{EB83A379-7E78-4A44-B249-528A3E4B22D3}.Release|x64.ActiveCfg = Release|Any CPU
		{EB83A379-7E78-4A44-B249-528A3E4B22D3}.Release|x64.Build.0 = Release|Any CPU
		{EB83A379-7E78-4A44-B249-528A3E4B22D3}.Release|x86.ActiveCfg = Release|Any CPU
		{EB83A379-7E78-4A44-B249-528A3E4B22D3}.Release|x86.Build.0 = Release|Any CPU
		{71D4B9D9-DEA8-41AF-A5B0-46CD4E5D4319}.Debug|Any CPU.ActiveCfg = Debug|Any CPU
		{71D4B9D9-DEA8-41AF-A5B0-46CD4E5D4319}.Debug|Any CPU.Build.0 = Debug|Any CPU
		{71D4B9D9-DEA8-41AF-A5B0-46CD4E5D4319}.Debug|x64.ActiveCfg = Debug|Any CPU
		{71D4B9D9-DEA8-41AF-A5B0-46CD4E5D4319}.Debug|x64.Build.0 = Debug|Any CPU
		{71D4B9D9-DEA8-41AF-A5B0-46CD4E5D4319}.Debug|x86.ActiveCfg = Debug|Any CPU
		{71D4B9D9-DEA8-41AF-A5B0-46CD4E5D4319}.Debug|x86.Build.0 = Debug|Any CPU
		{71D4B9D9-DEA8-41AF-A5B0-46CD4E5D4319}.Release|Any CPU.ActiveCfg = Release|Any CPU
		{71D4B9D9-DEA8-41AF-A5B0-46CD4E5D4319}.Release|Any CPU.Build.0 = Release|Any CPU
		{71D4B9D9-DEA8-41AF-A5B0-46CD4E5D4319}.Release|x64.ActiveCfg = Release|Any CPU
		{71D4B9D9-DEA8-41AF-A5B0-46CD4E5D4319}.Release|x64.Build.0 = Release|Any CPU
		{71D4B9D9-DEA8-41AF-A5B0-46CD4E5D4319}.Release|x86.ActiveCfg = Release|Any CPU
		{71D4B9D9-DEA8-41AF-A5B0-46CD4E5D4319}.Release|x86.Build.0 = Release|Any CPU
		{DFAC8DAA-64BF-47A2-856C-6ED07801A740}.Debug|Any CPU.ActiveCfg = Debug|Any CPU
		{DFAC8DAA-64BF-47A2-856C-6ED07801A740}.Debug|Any CPU.Build.0 = Debug|Any CPU
		{DFAC8DAA-64BF-47A2-856C-6ED07801A740}.Debug|x64.ActiveCfg = Debug|Any CPU
		{DFAC8DAA-64BF-47A2-856C-6ED07801A740}.Debug|x64.Build.0 = Debug|Any CPU
		{DFAC8DAA-64BF-47A2-856C-6ED07801A740}.Debug|x86.ActiveCfg = Debug|Any CPU
		{DFAC8DAA-64BF-47A2-856C-6ED07801A740}.Debug|x86.Build.0 = Debug|Any CPU
		{DFAC8DAA-64BF-47A2-856C-6ED07801A740}.Release|Any CPU.ActiveCfg = Release|Any CPU
		{DFAC8DAA-64BF-47A2-856C-6ED07801A740}.Release|Any CPU.Build.0 = Release|Any CPU
		{DFAC8DAA-64BF-47A2-856C-6ED07801A740}.Release|x64.ActiveCfg = Release|Any CPU
		{DFAC8DAA-64BF-47A2-856C-6ED07801A740}.Release|x64.Build.0 = Release|Any CPU
		{DFAC8DAA-64BF-47A2-856C-6ED07801A740}.Release|x86.ActiveCfg = Release|Any CPU
		{DFAC8DAA-64BF-47A2-856C-6ED07801A740}.Release|x86.Build.0 = Release|Any CPU
		{B4288B35-8936-47A7-B460-6A7593A14B23}.Debug|Any CPU.ActiveCfg = Debug|Any CPU
		{B4288B35-8936-47A7-B460-6A7593A14B23}.Debug|Any CPU.Build.0 = Debug|Any CPU
		{B4288B35-8936-47A7-B460-6A7593A14B23}.Debug|x64.ActiveCfg = Debug|Any CPU
		{B4288B35-8936-47A7-B460-6A7593A14B23}.Debug|x64.Build.0 = Debug|Any CPU
		{B4288B35-8936-47A7-B460-6A7593A14B23}.Debug|x86.ActiveCfg = Debug|Any CPU
		{B4288B35-8936-47A7-B460-6A7593A14B23}.Debug|x86.Build.0 = Debug|Any CPU
		{B4288B35-8936-47A7-B460-6A7593A14B23}.Release|Any CPU.ActiveCfg = Release|Any CPU
		{B4288B35-8936-47A7-B460-6A7593A14B23}.Release|Any CPU.Build.0 = Release|Any CPU
		{B4288B35-8936-47A7-B460-6A7593A14B23}.Release|x64.ActiveCfg = Release|Any CPU
		{B4288B35-8936-47A7-B460-6A7593A14B23}.Release|x64.Build.0 = Release|Any CPU
		{B4288B35-8936-47A7-B460-6A7593A14B23}.Release|x86.ActiveCfg = Release|Any CPU
		{B4288B35-8936-47A7-B460-6A7593A14B23}.Release|x86.Build.0 = Release|Any CPU
		{98DD9FB5-EEBB-48EE-893A-3776D8707280}.Debug|Any CPU.ActiveCfg = Debug|Any CPU
		{98DD9FB5-EEBB-48EE-893A-3776D8707280}.Debug|Any CPU.Build.0 = Debug|Any CPU
		{98DD9FB5-EEBB-48EE-893A-3776D8707280}.Debug|x64.ActiveCfg = Debug|Any CPU
		{98DD9FB5-EEBB-48EE-893A-3776D8707280}.Debug|x64.Build.0 = Debug|Any CPU
		{98DD9FB5-EEBB-48EE-893A-3776D8707280}.Debug|x86.ActiveCfg = Debug|Any CPU
		{98DD9FB5-EEBB-48EE-893A-3776D8707280}.Debug|x86.Build.0 = Debug|Any CPU
		{98DD9FB5-EEBB-48EE-893A-3776D8707280}.Release|Any CPU.ActiveCfg = Release|Any CPU
		{98DD9FB5-EEBB-48EE-893A-3776D8707280}.Release|Any CPU.Build.0 = Release|Any CPU
		{98DD9FB5-EEBB-48EE-893A-3776D8707280}.Release|x64.ActiveCfg = Release|Any CPU
		{98DD9FB5-EEBB-48EE-893A-3776D8707280}.Release|x64.Build.0 = Release|Any CPU
		{98DD9FB5-EEBB-48EE-893A-3776D8707280}.Release|x86.ActiveCfg = Release|Any CPU
		{98DD9FB5-EEBB-48EE-893A-3776D8707280}.Release|x86.Build.0 = Release|Any CPU
		{5A019DAA-F37B-4AC2-89BA-6AFEBA61065B}.Debug|Any CPU.ActiveCfg = Debug|Any CPU
		{5A019DAA-F37B-4AC2-89BA-6AFEBA61065B}.Debug|Any CPU.Build.0 = Debug|Any CPU
		{5A019DAA-F37B-4AC2-89BA-6AFEBA61065B}.Debug|x64.ActiveCfg = Debug|Any CPU
		{5A019DAA-F37B-4AC2-89BA-6AFEBA61065B}.Debug|x64.Build.0 = Debug|Any CPU
		{5A019DAA-F37B-4AC2-89BA-6AFEBA61065B}.Debug|x86.ActiveCfg = Debug|Any CPU
		{5A019DAA-F37B-4AC2-89BA-6AFEBA61065B}.Debug|x86.Build.0 = Debug|Any CPU
		{5A019DAA-F37B-4AC2-89BA-6AFEBA61065B}.Release|Any CPU.ActiveCfg = Release|Any CPU
		{5A019DAA-F37B-4AC2-89BA-6AFEBA61065B}.Release|Any CPU.Build.0 = Release|Any CPU
		{5A019DAA-F37B-4AC2-89BA-6AFEBA61065B}.Release|x64.ActiveCfg = Release|Any CPU
		{5A019DAA-F37B-4AC2-89BA-6AFEBA61065B}.Release|x64.Build.0 = Release|Any CPU
		{5A019DAA-F37B-4AC2-89BA-6AFEBA61065B}.Release|x86.ActiveCfg = Release|Any CPU
		{5A019DAA-F37B-4AC2-89BA-6AFEBA61065B}.Release|x86.Build.0 = Release|Any CPU
		{1F8DF756-DA11-4696-AD58-510C3A2B3DD7}.Debug|Any CPU.ActiveCfg = Debug|Any CPU
		{1F8DF756-DA11-4696-AD58-510C3A2B3DD7}.Debug|Any CPU.Build.0 = Debug|Any CPU
		{1F8DF756-DA11-4696-AD58-510C3A2B3DD7}.Debug|x64.ActiveCfg = Debug|Any CPU
		{1F8DF756-DA11-4696-AD58-510C3A2B3DD7}.Debug|x64.Build.0 = Debug|Any CPU
		{1F8DF756-DA11-4696-AD58-510C3A2B3DD7}.Debug|x86.ActiveCfg = Debug|Any CPU
		{1F8DF756-DA11-4696-AD58-510C3A2B3DD7}.Debug|x86.Build.0 = Debug|Any CPU
		{1F8DF756-DA11-4696-AD58-510C3A2B3DD7}.Release|Any CPU.ActiveCfg = Release|Any CPU
		{1F8DF756-DA11-4696-AD58-510C3A2B3DD7}.Release|Any CPU.Build.0 = Release|Any CPU
		{1F8DF756-DA11-4696-AD58-510C3A2B3DD7}.Release|x64.ActiveCfg = Release|Any CPU
		{1F8DF756-DA11-4696-AD58-510C3A2B3DD7}.Release|x64.Build.0 = Release|Any CPU
		{1F8DF756-DA11-4696-AD58-510C3A2B3DD7}.Release|x86.ActiveCfg = Release|Any CPU
		{1F8DF756-DA11-4696-AD58-510C3A2B3DD7}.Release|x86.Build.0 = Release|Any CPU
		{37C1D713-F23B-420F-80CC-FD6D84961CFC}.Debug|Any CPU.ActiveCfg = Debug|Any CPU
		{37C1D713-F23B-420F-80CC-FD6D84961CFC}.Debug|Any CPU.Build.0 = Debug|Any CPU
		{37C1D713-F23B-420F-80CC-FD6D84961CFC}.Debug|x64.ActiveCfg = Debug|Any CPU
		{37C1D713-F23B-420F-80CC-FD6D84961CFC}.Debug|x64.Build.0 = Debug|Any CPU
		{37C1D713-F23B-420F-80CC-FD6D84961CFC}.Debug|x86.ActiveCfg = Debug|Any CPU
		{37C1D713-F23B-420F-80CC-FD6D84961CFC}.Debug|x86.Build.0 = Debug|Any CPU
		{37C1D713-F23B-420F-80CC-FD6D84961CFC}.Release|Any CPU.ActiveCfg = Release|Any CPU
		{37C1D713-F23B-420F-80CC-FD6D84961CFC}.Release|Any CPU.Build.0 = Release|Any CPU
		{37C1D713-F23B-420F-80CC-FD6D84961CFC}.Release|x64.ActiveCfg = Release|Any CPU
		{37C1D713-F23B-420F-80CC-FD6D84961CFC}.Release|x64.Build.0 = Release|Any CPU
		{37C1D713-F23B-420F-80CC-FD6D84961CFC}.Release|x86.ActiveCfg = Release|Any CPU
		{37C1D713-F23B-420F-80CC-FD6D84961CFC}.Release|x86.Build.0 = Release|Any CPU
		{7BAC2362-78AD-43CD-B930-A830952C9C70}.Debug|Any CPU.ActiveCfg = Debug|Any CPU
		{7BAC2362-78AD-43CD-B930-A830952C9C70}.Debug|Any CPU.Build.0 = Debug|Any CPU
		{7BAC2362-78AD-43CD-B930-A830952C9C70}.Debug|x64.ActiveCfg = Debug|Any CPU
		{7BAC2362-78AD-43CD-B930-A830952C9C70}.Debug|x64.Build.0 = Debug|Any CPU
		{7BAC2362-78AD-43CD-B930-A830952C9C70}.Debug|x86.ActiveCfg = Debug|Any CPU
		{7BAC2362-78AD-43CD-B930-A830952C9C70}.Debug|x86.Build.0 = Debug|Any CPU
		{7BAC2362-78AD-43CD-B930-A830952C9C70}.Release|Any CPU.ActiveCfg = Release|Any CPU
		{7BAC2362-78AD-43CD-B930-A830952C9C70}.Release|Any CPU.Build.0 = Release|Any CPU
		{7BAC2362-78AD-43CD-B930-A830952C9C70}.Release|x64.ActiveCfg = Release|Any CPU
		{7BAC2362-78AD-43CD-B930-A830952C9C70}.Release|x64.Build.0 = Release|Any CPU
		{7BAC2362-78AD-43CD-B930-A830952C9C70}.Release|x86.ActiveCfg = Release|Any CPU
		{7BAC2362-78AD-43CD-B930-A830952C9C70}.Release|x86.Build.0 = Release|Any CPU
		{55D5D139-48CD-40F1-BB6B-BC50160D8AA1}.Debug|Any CPU.ActiveCfg = Debug|Any CPU
		{55D5D139-48CD-40F1-BB6B-BC50160D8AA1}.Debug|Any CPU.Build.0 = Debug|Any CPU
		{55D5D139-48CD-40F1-BB6B-BC50160D8AA1}.Debug|x64.ActiveCfg = Debug|Any CPU
		{55D5D139-48CD-40F1-BB6B-BC50160D8AA1}.Debug|x64.Build.0 = Debug|Any CPU
		{55D5D139-48CD-40F1-BB6B-BC50160D8AA1}.Debug|x86.ActiveCfg = Debug|Any CPU
		{55D5D139-48CD-40F1-BB6B-BC50160D8AA1}.Debug|x86.Build.0 = Debug|Any CPU
		{55D5D139-48CD-40F1-BB6B-BC50160D8AA1}.Release|Any CPU.ActiveCfg = Release|Any CPU
		{55D5D139-48CD-40F1-BB6B-BC50160D8AA1}.Release|Any CPU.Build.0 = Release|Any CPU
		{55D5D139-48CD-40F1-BB6B-BC50160D8AA1}.Release|x64.ActiveCfg = Release|Any CPU
		{55D5D139-48CD-40F1-BB6B-BC50160D8AA1}.Release|x64.Build.0 = Release|Any CPU
		{55D5D139-48CD-40F1-BB6B-BC50160D8AA1}.Release|x86.ActiveCfg = Release|Any CPU
		{55D5D139-48CD-40F1-BB6B-BC50160D8AA1}.Release|x86.Build.0 = Release|Any CPU
		{E936B3F8-6EC2-43A7-97B5-48237FACA0B5}.Debug|Any CPU.ActiveCfg = Debug|Any CPU
		{E936B3F8-6EC2-43A7-97B5-48237FACA0B5}.Debug|Any CPU.Build.0 = Debug|Any CPU
		{E936B3F8-6EC2-43A7-97B5-48237FACA0B5}.Debug|x64.ActiveCfg = Debug|Any CPU
		{E936B3F8-6EC2-43A7-97B5-48237FACA0B5}.Debug|x64.Build.0 = Debug|Any CPU
		{E936B3F8-6EC2-43A7-97B5-48237FACA0B5}.Debug|x86.ActiveCfg = Debug|Any CPU
		{E936B3F8-6EC2-43A7-97B5-48237FACA0B5}.Debug|x86.Build.0 = Debug|Any CPU
		{E936B3F8-6EC2-43A7-97B5-48237FACA0B5}.Release|Any CPU.ActiveCfg = Release|Any CPU
		{E936B3F8-6EC2-43A7-97B5-48237FACA0B5}.Release|Any CPU.Build.0 = Release|Any CPU
		{E936B3F8-6EC2-43A7-97B5-48237FACA0B5}.Release|x64.ActiveCfg = Release|Any CPU
		{E936B3F8-6EC2-43A7-97B5-48237FACA0B5}.Release|x64.Build.0 = Release|Any CPU
		{E936B3F8-6EC2-43A7-97B5-48237FACA0B5}.Release|x86.ActiveCfg = Release|Any CPU
		{E936B3F8-6EC2-43A7-97B5-48237FACA0B5}.Release|x86.Build.0 = Release|Any CPU
		{F50C29CF-87CF-4D99-862F-F9B9F95A207C}.Debug|Any CPU.ActiveCfg = Debug|Any CPU
		{F50C29CF-87CF-4D99-862F-F9B9F95A207C}.Debug|Any CPU.Build.0 = Debug|Any CPU
		{F50C29CF-87CF-4D99-862F-F9B9F95A207C}.Debug|x64.ActiveCfg = Debug|Any CPU
		{F50C29CF-87CF-4D99-862F-F9B9F95A207C}.Debug|x64.Build.0 = Debug|Any CPU
		{F50C29CF-87CF-4D99-862F-F9B9F95A207C}.Debug|x86.ActiveCfg = Debug|Any CPU
		{F50C29CF-87CF-4D99-862F-F9B9F95A207C}.Debug|x86.Build.0 = Debug|Any CPU
		{F50C29CF-87CF-4D99-862F-F9B9F95A207C}.Release|Any CPU.ActiveCfg = Release|Any CPU
		{F50C29CF-87CF-4D99-862F-F9B9F95A207C}.Release|Any CPU.Build.0 = Release|Any CPU
		{F50C29CF-87CF-4D99-862F-F9B9F95A207C}.Release|x64.ActiveCfg = Release|Any CPU
		{F50C29CF-87CF-4D99-862F-F9B9F95A207C}.Release|x64.Build.0 = Release|Any CPU
		{F50C29CF-87CF-4D99-862F-F9B9F95A207C}.Release|x86.ActiveCfg = Release|Any CPU
		{F50C29CF-87CF-4D99-862F-F9B9F95A207C}.Release|x86.Build.0 = Release|Any CPU
		{C1EBE2F5-563B-4C3B-A408-2877E528972A}.Debug|Any CPU.ActiveCfg = Debug|Any CPU
		{C1EBE2F5-563B-4C3B-A408-2877E528972A}.Debug|Any CPU.Build.0 = Debug|Any CPU
		{C1EBE2F5-563B-4C3B-A408-2877E528972A}.Debug|x64.ActiveCfg = Debug|Any CPU
		{C1EBE2F5-563B-4C3B-A408-2877E528972A}.Debug|x64.Build.0 = Debug|Any CPU
		{C1EBE2F5-563B-4C3B-A408-2877E528972A}.Debug|x86.ActiveCfg = Debug|Any CPU
		{C1EBE2F5-563B-4C3B-A408-2877E528972A}.Debug|x86.Build.0 = Debug|Any CPU
		{C1EBE2F5-563B-4C3B-A408-2877E528972A}.Release|Any CPU.ActiveCfg = Release|Any CPU
		{C1EBE2F5-563B-4C3B-A408-2877E528972A}.Release|Any CPU.Build.0 = Release|Any CPU
		{C1EBE2F5-563B-4C3B-A408-2877E528972A}.Release|x64.ActiveCfg = Release|Any CPU
		{C1EBE2F5-563B-4C3B-A408-2877E528972A}.Release|x64.Build.0 = Release|Any CPU
		{C1EBE2F5-563B-4C3B-A408-2877E528972A}.Release|x86.ActiveCfg = Release|Any CPU
		{C1EBE2F5-563B-4C3B-A408-2877E528972A}.Release|x86.Build.0 = Release|Any CPU
		{4EED6932-2F95-4B40-8733-196695BEB34E}.Debug|Any CPU.ActiveCfg = Debug|Any CPU
		{4EED6932-2F95-4B40-8733-196695BEB34E}.Debug|Any CPU.Build.0 = Debug|Any CPU
		{4EED6932-2F95-4B40-8733-196695BEB34E}.Debug|x64.ActiveCfg = Debug|Any CPU
		{4EED6932-2F95-4B40-8733-196695BEB34E}.Debug|x64.Build.0 = Debug|Any CPU
		{4EED6932-2F95-4B40-8733-196695BEB34E}.Debug|x86.ActiveCfg = Debug|Any CPU
		{4EED6932-2F95-4B40-8733-196695BEB34E}.Debug|x86.Build.0 = Debug|Any CPU
		{4EED6932-2F95-4B40-8733-196695BEB34E}.Release|Any CPU.ActiveCfg = Release|Any CPU
		{4EED6932-2F95-4B40-8733-196695BEB34E}.Release|Any CPU.Build.0 = Release|Any CPU
		{4EED6932-2F95-4B40-8733-196695BEB34E}.Release|x64.ActiveCfg = Release|Any CPU
		{4EED6932-2F95-4B40-8733-196695BEB34E}.Release|x64.Build.0 = Release|Any CPU
		{4EED6932-2F95-4B40-8733-196695BEB34E}.Release|x86.ActiveCfg = Release|Any CPU
		{4EED6932-2F95-4B40-8733-196695BEB34E}.Release|x86.Build.0 = Release|Any CPU
		{C5CA85DF-7670-432E-BD91-69C02B162EC9}.Debug|Any CPU.ActiveCfg = Debug|Any CPU
		{C5CA85DF-7670-432E-BD91-69C02B162EC9}.Debug|Any CPU.Build.0 = Debug|Any CPU
		{C5CA85DF-7670-432E-BD91-69C02B162EC9}.Debug|x64.ActiveCfg = Debug|Any CPU
		{C5CA85DF-7670-432E-BD91-69C02B162EC9}.Debug|x64.Build.0 = Debug|Any CPU
		{C5CA85DF-7670-432E-BD91-69C02B162EC9}.Debug|x86.ActiveCfg = Debug|Any CPU
		{C5CA85DF-7670-432E-BD91-69C02B162EC9}.Debug|x86.Build.0 = Debug|Any CPU
		{C5CA85DF-7670-432E-BD91-69C02B162EC9}.Release|Any CPU.ActiveCfg = Release|Any CPU
		{C5CA85DF-7670-432E-BD91-69C02B162EC9}.Release|Any CPU.Build.0 = Release|Any CPU
		{C5CA85DF-7670-432E-BD91-69C02B162EC9}.Release|x64.ActiveCfg = Release|Any CPU
		{C5CA85DF-7670-432E-BD91-69C02B162EC9}.Release|x64.Build.0 = Release|Any CPU
		{C5CA85DF-7670-432E-BD91-69C02B162EC9}.Release|x86.ActiveCfg = Release|Any CPU
		{C5CA85DF-7670-432E-BD91-69C02B162EC9}.Release|x86.Build.0 = Release|Any CPU
		{C8335F0A-FAB8-4062-846B-48F155C04DD9}.Debug|Any CPU.ActiveCfg = Debug|Any CPU
		{C8335F0A-FAB8-4062-846B-48F155C04DD9}.Debug|Any CPU.Build.0 = Debug|Any CPU
		{C8335F0A-FAB8-4062-846B-48F155C04DD9}.Debug|x64.ActiveCfg = Debug|Any CPU
		{C8335F0A-FAB8-4062-846B-48F155C04DD9}.Debug|x64.Build.0 = Debug|Any CPU
		{C8335F0A-FAB8-4062-846B-48F155C04DD9}.Debug|x86.ActiveCfg = Debug|Any CPU
		{C8335F0A-FAB8-4062-846B-48F155C04DD9}.Debug|x86.Build.0 = Debug|Any CPU
		{C8335F0A-FAB8-4062-846B-48F155C04DD9}.Release|Any CPU.ActiveCfg = Release|Any CPU
		{C8335F0A-FAB8-4062-846B-48F155C04DD9}.Release|Any CPU.Build.0 = Release|Any CPU
		{C8335F0A-FAB8-4062-846B-48F155C04DD9}.Release|x64.ActiveCfg = Release|Any CPU
		{C8335F0A-FAB8-4062-846B-48F155C04DD9}.Release|x64.Build.0 = Release|Any CPU
		{C8335F0A-FAB8-4062-846B-48F155C04DD9}.Release|x86.ActiveCfg = Release|Any CPU
		{C8335F0A-FAB8-4062-846B-48F155C04DD9}.Release|x86.Build.0 = Release|Any CPU
		{509EFD84-8A1A-4A7B-9468-1558422880BA}.Debug|Any CPU.ActiveCfg = Debug|Any CPU
		{509EFD84-8A1A-4A7B-9468-1558422880BA}.Debug|Any CPU.Build.0 = Debug|Any CPU
		{509EFD84-8A1A-4A7B-9468-1558422880BA}.Debug|x64.ActiveCfg = Debug|Any CPU
		{509EFD84-8A1A-4A7B-9468-1558422880BA}.Debug|x64.Build.0 = Debug|Any CPU
		{509EFD84-8A1A-4A7B-9468-1558422880BA}.Debug|x86.ActiveCfg = Debug|Any CPU
		{509EFD84-8A1A-4A7B-9468-1558422880BA}.Debug|x86.Build.0 = Debug|Any CPU
		{509EFD84-8A1A-4A7B-9468-1558422880BA}.Release|Any CPU.ActiveCfg = Release|Any CPU
		{509EFD84-8A1A-4A7B-9468-1558422880BA}.Release|Any CPU.Build.0 = Release|Any CPU
		{509EFD84-8A1A-4A7B-9468-1558422880BA}.Release|x64.ActiveCfg = Release|Any CPU
		{509EFD84-8A1A-4A7B-9468-1558422880BA}.Release|x64.Build.0 = Release|Any CPU
		{509EFD84-8A1A-4A7B-9468-1558422880BA}.Release|x86.ActiveCfg = Release|Any CPU
		{509EFD84-8A1A-4A7B-9468-1558422880BA}.Release|x86.Build.0 = Release|Any CPU
		{9C9E228A-8BA4-4B51-9172-3A56F073D6B8}.Debug|Any CPU.ActiveCfg = Debug|Any CPU
		{9C9E228A-8BA4-4B51-9172-3A56F073D6B8}.Debug|Any CPU.Build.0 = Debug|Any CPU
		{9C9E228A-8BA4-4B51-9172-3A56F073D6B8}.Debug|x64.ActiveCfg = Debug|Any CPU
		{9C9E228A-8BA4-4B51-9172-3A56F073D6B8}.Debug|x64.Build.0 = Debug|Any CPU
		{9C9E228A-8BA4-4B51-9172-3A56F073D6B8}.Debug|x86.ActiveCfg = Debug|Any CPU
		{9C9E228A-8BA4-4B51-9172-3A56F073D6B8}.Debug|x86.Build.0 = Debug|Any CPU
		{9C9E228A-8BA4-4B51-9172-3A56F073D6B8}.Release|Any CPU.ActiveCfg = Release|Any CPU
		{9C9E228A-8BA4-4B51-9172-3A56F073D6B8}.Release|Any CPU.Build.0 = Release|Any CPU
		{9C9E228A-8BA4-4B51-9172-3A56F073D6B8}.Release|x64.ActiveCfg = Release|Any CPU
		{9C9E228A-8BA4-4B51-9172-3A56F073D6B8}.Release|x64.Build.0 = Release|Any CPU
		{9C9E228A-8BA4-4B51-9172-3A56F073D6B8}.Release|x86.ActiveCfg = Release|Any CPU
		{9C9E228A-8BA4-4B51-9172-3A56F073D6B8}.Release|x86.Build.0 = Release|Any CPU
		{7C2F3599-6885-40F2-842F-E16AA49AEE10}.Debug|Any CPU.ActiveCfg = Debug|Any CPU
		{7C2F3599-6885-40F2-842F-E16AA49AEE10}.Debug|Any CPU.Build.0 = Debug|Any CPU
		{7C2F3599-6885-40F2-842F-E16AA49AEE10}.Debug|x64.ActiveCfg = Debug|Any CPU
		{7C2F3599-6885-40F2-842F-E16AA49AEE10}.Debug|x64.Build.0 = Debug|Any CPU
		{7C2F3599-6885-40F2-842F-E16AA49AEE10}.Debug|x86.ActiveCfg = Debug|Any CPU
		{7C2F3599-6885-40F2-842F-E16AA49AEE10}.Debug|x86.Build.0 = Debug|Any CPU
		{7C2F3599-6885-40F2-842F-E16AA49AEE10}.Release|Any CPU.ActiveCfg = Release|Any CPU
		{7C2F3599-6885-40F2-842F-E16AA49AEE10}.Release|Any CPU.Build.0 = Release|Any CPU
		{7C2F3599-6885-40F2-842F-E16AA49AEE10}.Release|x64.ActiveCfg = Release|Any CPU
		{7C2F3599-6885-40F2-842F-E16AA49AEE10}.Release|x64.Build.0 = Release|Any CPU
		{7C2F3599-6885-40F2-842F-E16AA49AEE10}.Release|x86.ActiveCfg = Release|Any CPU
		{7C2F3599-6885-40F2-842F-E16AA49AEE10}.Release|x86.Build.0 = Release|Any CPU
		{DEF31FA5-6980-4764-AE4A-1A83A03BD188}.Debug|Any CPU.ActiveCfg = Debug|Any CPU
		{DEF31FA5-6980-4764-AE4A-1A83A03BD188}.Debug|Any CPU.Build.0 = Debug|Any CPU
		{DEF31FA5-6980-4764-AE4A-1A83A03BD188}.Debug|x64.ActiveCfg = Debug|Any CPU
		{DEF31FA5-6980-4764-AE4A-1A83A03BD188}.Debug|x64.Build.0 = Debug|Any CPU
		{DEF31FA5-6980-4764-AE4A-1A83A03BD188}.Debug|x86.ActiveCfg = Debug|Any CPU
		{DEF31FA5-6980-4764-AE4A-1A83A03BD188}.Debug|x86.Build.0 = Debug|Any CPU
		{DEF31FA5-6980-4764-AE4A-1A83A03BD188}.Release|Any CPU.ActiveCfg = Release|Any CPU
		{DEF31FA5-6980-4764-AE4A-1A83A03BD188}.Release|Any CPU.Build.0 = Release|Any CPU
		{DEF31FA5-6980-4764-AE4A-1A83A03BD188}.Release|x64.ActiveCfg = Release|Any CPU
		{DEF31FA5-6980-4764-AE4A-1A83A03BD188}.Release|x64.Build.0 = Release|Any CPU
		{DEF31FA5-6980-4764-AE4A-1A83A03BD188}.Release|x86.ActiveCfg = Release|Any CPU
		{DEF31FA5-6980-4764-AE4A-1A83A03BD188}.Release|x86.Build.0 = Release|Any CPU
		{CDD5D595-2E4B-42F8-A14F-D84234EB73A1}.Debug|Any CPU.ActiveCfg = Debug|Any CPU
		{CDD5D595-2E4B-42F8-A14F-D84234EB73A1}.Debug|Any CPU.Build.0 = Debug|Any CPU
		{CDD5D595-2E4B-42F8-A14F-D84234EB73A1}.Debug|x64.ActiveCfg = Debug|Any CPU
		{CDD5D595-2E4B-42F8-A14F-D84234EB73A1}.Debug|x64.Build.0 = Debug|Any CPU
		{CDD5D595-2E4B-42F8-A14F-D84234EB73A1}.Debug|x86.ActiveCfg = Debug|Any CPU
		{CDD5D595-2E4B-42F8-A14F-D84234EB73A1}.Debug|x86.Build.0 = Debug|Any CPU
		{CDD5D595-2E4B-42F8-A14F-D84234EB73A1}.Release|Any CPU.ActiveCfg = Release|Any CPU
		{CDD5D595-2E4B-42F8-A14F-D84234EB73A1}.Release|Any CPU.Build.0 = Release|Any CPU
		{CDD5D595-2E4B-42F8-A14F-D84234EB73A1}.Release|x64.ActiveCfg = Release|Any CPU
		{CDD5D595-2E4B-42F8-A14F-D84234EB73A1}.Release|x64.Build.0 = Release|Any CPU
		{CDD5D595-2E4B-42F8-A14F-D84234EB73A1}.Release|x86.ActiveCfg = Release|Any CPU
		{CDD5D595-2E4B-42F8-A14F-D84234EB73A1}.Release|x86.Build.0 = Release|Any CPU
		{DA5130CE-06F6-4645-8725-D0C22F25F98C}.Debug|Any CPU.ActiveCfg = Debug|Any CPU
		{DA5130CE-06F6-4645-8725-D0C22F25F98C}.Debug|Any CPU.Build.0 = Debug|Any CPU
		{DA5130CE-06F6-4645-8725-D0C22F25F98C}.Debug|x64.ActiveCfg = Debug|Any CPU
		{DA5130CE-06F6-4645-8725-D0C22F25F98C}.Debug|x64.Build.0 = Debug|Any CPU
		{DA5130CE-06F6-4645-8725-D0C22F25F98C}.Debug|x86.ActiveCfg = Debug|Any CPU
		{DA5130CE-06F6-4645-8725-D0C22F25F98C}.Debug|x86.Build.0 = Debug|Any CPU
		{DA5130CE-06F6-4645-8725-D0C22F25F98C}.Release|Any CPU.ActiveCfg = Release|Any CPU
		{DA5130CE-06F6-4645-8725-D0C22F25F98C}.Release|Any CPU.Build.0 = Release|Any CPU
		{DA5130CE-06F6-4645-8725-D0C22F25F98C}.Release|x64.ActiveCfg = Release|Any CPU
		{DA5130CE-06F6-4645-8725-D0C22F25F98C}.Release|x64.Build.0 = Release|Any CPU
		{DA5130CE-06F6-4645-8725-D0C22F25F98C}.Release|x86.ActiveCfg = Release|Any CPU
		{DA5130CE-06F6-4645-8725-D0C22F25F98C}.Release|x86.Build.0 = Release|Any CPU
	EndGlobalSection
	GlobalSection(SolutionProperties) = preSolution
		HideSolutionNode = FALSE
	EndGlobalSection
	GlobalSection(NestedProjects) = preSolution
		{8415A6DE-64EE-4FA5-B194-C26121856EB6} = {AD2A5A3B-A595-3E96-334A-002D08FE630C}
		{59043B65-2161-45CD-B5C9-D37CCC029E95} = {984BB9B3-3FA3-BE33-9484-CAC21695A33C}
		{606A593C-4E67-4575-9105-A09B81F7469B} = {BFF2DF6E-AA54-47C7-211F-79ACCBB4577C}
		{968916AB-C2D2-4101-ABB9-2F940F0336C2} = {BFF2DF6E-AA54-47C7-211F-79ACCBB4577C}
		{DBDBDA02-A857-48A0-B326-D11E59D6A81D} = {984BB9B3-3FA3-BE33-9484-CAC21695A33C}
		{76ACE34D-EB6B-49E9-9DC2-8ECB9F06177A} = {984BB9B3-3FA3-BE33-9484-CAC21695A33C}
		{26629583-D1B0-43D0-BAFD-80A6D2DB4831} = {8D626EA8-CB54-BC41-363A-217881BEBA6E}
		{895EB229-1A04-44AB-A2DD-5DF66266F8CE} = {8D626EA8-CB54-BC41-363A-217881BEBA6E}
		{E98D06B3-1836-C841-A91F-F8BF7727761E} = {AD2A5A3B-A595-3E96-334A-002D08FE630C}
		{5C66D946-BB01-4F77-BAEB-A93D099E017A} = {BFF2DF6E-AA54-47C7-211F-79ACCBB4577C}
		{8D626EA8-CB54-BC41-363A-217881BEBA6E} = {827E0CD3-B72D-47B6-A68D-7590B98EB39B}
		{EBF9BE4E-5E48-44B1-A854-D80DEF7AB403} = {8D626EA8-CB54-BC41-363A-217881BEBA6E}
		{984BB9B3-3FA3-BE33-9484-CAC21695A33C} = {827E0CD3-B72D-47B6-A68D-7590B98EB39B}
		{955DC5DC-7050-4C61-94C7-BAEC132E269D} = {0AB3BF05-4346-4AA6-1389-037BE0695223}
		{401060E8-069C-4B33-ACE3-52011955F73A} = {0AB3BF05-4346-4AA6-1389-037BE0695223}
		{ABEC131D-4CE8-4EDA-A65E-EEFBBFE89663} = {0AB3BF05-4346-4AA6-1389-037BE0695223}
		{F219355A-4F03-4304-9EDC-4F1CE76EB561} = {0AB3BF05-4346-4AA6-1389-037BE0695223}
		{48BC6839-6D94-47D0-B5A4-60A2011DE481} = {0AB3BF05-4346-4AA6-1389-037BE0695223}
		{6772803D-CE91-4681-B15A-22A546554779} = {0AB3BF05-4346-4AA6-1389-037BE0695223}
		{8168CC38-E090-4078-9D5A-D4061BB8EF9A} = {0AB3BF05-4346-4AA6-1389-037BE0695223}
		{9C060B36-E0EE-4A99-A09C-6DE3145FE997} = {0AB3BF05-4346-4AA6-1389-037BE0695223}
		{DCC82966-0609-40E9-8296-D7B0250E157F} = {0AB3BF05-4346-4AA6-1389-037BE0695223}
		{154ABCE4-1D32-4965-924F-8AFF7EC0B948} = {0AB3BF05-4346-4AA6-1389-037BE0695223}
		{BFF2DF6E-AA54-47C7-211F-79ACCBB4577C} = {827E0CD3-B72D-47B6-A68D-7590B98EB39B}
		{CA7B1479-B46C-48D8-AB17-E037382305D7} = {BFF2DF6E-AA54-47C7-211F-79ACCBB4577C}
		{B239CB04-E08B-403C-8E94-EADC9EA66518} = {0AB3BF05-4346-4AA6-1389-037BE0695223}
		{31B50C6E-E509-40C7-BBE1-B9A2CE3C2ECE} = {BFF2DF6E-AA54-47C7-211F-79ACCBB4577C}
		{EE19FC42-DE11-42AF-BCD2-3D52C2FCD704} = {0AB3BF05-4346-4AA6-1389-037BE0695223}
		{5D94E4AB-3B0C-4A86-AE55-62E726D4D5AF} = {0AB3BF05-4346-4AA6-1389-037BE0695223}
		{A1B2C3D4-E5F6-4A5B-8C9D-0E1F2A3B4C5D} = {0AB3BF05-4346-4AA6-1389-037BE0695223}
		{AD2A5A3B-A595-3E96-334A-002D08FE630C} = {827E0CD3-B72D-47B6-A68D-7590B98EB39B}
		{F7643110-C6DB-4AF8-8A73-F4344FEA1CA9} = {984BB9B3-3FA3-BE33-9484-CAC21695A33C}
		{6365419A-93B2-4E5D-BFE6-5F8423FCAA20} = {984BB9B3-3FA3-BE33-9484-CAC21695A33C}
		{C89922F7-7987-4122-997E-647FBE8B683C} = {984BB9B3-3FA3-BE33-9484-CAC21695A33C}
		{5C43B859-106B-41F7-98FC-D683233B87D4} = {BFF2DF6E-AA54-47C7-211F-79ACCBB4577C}
		{456B49C7-2159-41D0-BE38-1B6AEC10DDBF} = {0AB3BF05-4346-4AA6-1389-037BE0695223}
		{D6B7BCD4-B3E2-448B-B1C7-99B8A228A705} = {0AB3BF05-4346-4AA6-1389-037BE0695223}
		{0B2E7A04-7002-45CC-ACA1-2EED8C3B8D2E} = {0AB3BF05-4346-4AA6-1389-037BE0695223}
		{721A68DC-08AB-47D2-8A1B-0BB6D43041EF} = {BFF2DF6E-AA54-47C7-211F-79ACCBB4577C}
		{EB3365F4-A1B6-4F15-A1B8-7D343632A034} = {BFF2DF6E-AA54-47C7-211F-79ACCBB4577C}
		{DBE74B20-AC88-4B15-98AF-A745532B8AAD} = {BFF2DF6E-AA54-47C7-211F-79ACCBB4577C}
		{59A58CD7-1C5D-48B5-8B4E-C96842FFF465} = {BFF2DF6E-AA54-47C7-211F-79ACCBB4577C}
		{EDB36303-5C6B-4601-BA94-A14F064156FF} = {BFF2DF6E-AA54-47C7-211F-79ACCBB4577C}
		{F3CD9D50-F637-46CB-9244-1465AFAA3F00} = {0AB3BF05-4346-4AA6-1389-037BE0695223}
		{8241A4A1-E383-4260-81BC-A56DD32E9142} = {0AB3BF05-4346-4AA6-1389-037BE0695223}
		{529F4964-B667-4020-90D5-4EB49EBF4902} = {8D626EA8-CB54-BC41-363A-217881BEBA6E}
		{EB83A379-7E78-4A44-B249-528A3E4B22D3} = {BFF2DF6E-AA54-47C7-211F-79ACCBB4577C}
		{71D4B9D9-DEA8-41AF-A5B0-46CD4E5D4319} = {8D626EA8-CB54-BC41-363A-217881BEBA6E}
		{DFAC8DAA-64BF-47A2-856C-6ED07801A740} = {0AB3BF05-4346-4AA6-1389-037BE0695223}
		{B4288B35-8936-47A7-B460-6A7593A14B23} = {8D626EA8-CB54-BC41-363A-217881BEBA6E}
		{98DD9FB5-EEBB-48EE-893A-3776D8707280} = {0AB3BF05-4346-4AA6-1389-037BE0695223}
		{5A019DAA-F37B-4AC2-89BA-6AFEBA61065B} = {AD2A5A3B-A595-3E96-334A-002D08FE630C}
		{1F8DF756-DA11-4696-AD58-510C3A2B3DD7} = {AD2A5A3B-A595-3E96-334A-002D08FE630C}
		{37C1D713-F23B-420F-80CC-FD6D84961CFC} = {0AB3BF05-4346-4AA6-1389-037BE0695223}
		{7BAC2362-78AD-43CD-B930-A830952C9C70} = {E98D06B3-1836-C841-A91F-F8BF7727761E}
		{55D5D139-48CD-40F1-BB6B-BC50160D8AA1} = {E98D06B3-1836-C841-A91F-F8BF7727761E}
		{E936B3F8-6EC2-43A7-97B5-48237FACA0B5} = {E98D06B3-1836-C841-A91F-F8BF7727761E}
		{F50C29CF-87CF-4D99-862F-F9B9F95A207C} = {BFF2DF6E-AA54-47C7-211F-79ACCBB4577C}
		{C1EBE2F5-563B-4C3B-A408-2877E528972A} = {0AB3BF05-4346-4AA6-1389-037BE0695223}
		{4EED6932-2F95-4B40-8733-196695BEB34E} = {0AB3BF05-4346-4AA6-1389-037BE0695223}
		{C5CA85DF-7670-432E-BD91-69C02B162EC9} = {0AB3BF05-4346-4AA6-1389-037BE0695223}
		{C8335F0A-FAB8-4062-846B-48F155C04DD9} = {984BB9B3-3FA3-BE33-9484-CAC21695A33C}
		{509EFD84-8A1A-4A7B-9468-1558422880BA} = {BFF2DF6E-AA54-47C7-211F-79ACCBB4577C}
		{9C9E228A-8BA4-4B51-9172-3A56F073D6B8} = {BFF2DF6E-AA54-47C7-211F-79ACCBB4577C}
		{7C2F3599-6885-40F2-842F-E16AA49AEE10} = {1787FE1D-075E-9E68-7218-25F1BD1BBEAB}
		{DEF31FA5-6980-4764-AE4A-1A83A03BD188} = {0AB3BF05-4346-4AA6-1389-037BE0695223}
		{CDD5D595-2E4B-42F8-A14F-D84234EB73A1} = {0AB3BF05-4346-4AA6-1389-037BE0695223}
		{DA5130CE-06F6-4645-8725-D0C22F25F98C} = {0AB3BF05-4346-4AA6-1389-037BE0695223}
	EndGlobalSection
EndGlobal
