
Microsoft Visual Studio Solution File, Format Version 12.00
# Visual Studio Version 16
VisualStudioVersion = 16.0.30114.105
MinimumVisualStudioVersion = 10.0.40219.1
Project("{FAE04EC0-301F-11D3-BF4B-00C04F79EFBC}") = "Sorcha.UI.Web", "Sorcha.UI.Web\Sorcha.UI.Web.csproj", "{08546483-83A7-4CB9-BD74-C03614845E27}"
EndProject
Project("{FAE04EC0-301F-11D3-BF4B-00C04F79EFBC}") = "Sorcha.UI.Web.Client", "Sorcha.UI.Web.Client\Sorcha.UI.Web.Client.csproj", "{79B65EDE-BAE0-421D-B6D0-7E2B513D6516}"
EndProject
Project("{FAE04EC0-301F-11D3-BF4B-00C04F79EFBC}") = "Sorcha.UI.Shared", "Sorcha.UI.Shared\Sorcha.UI.Shared.csproj", "{EC48B224-3D66-41D6-8E3C-A11A2BA47833}"
EndProject
Project("{FAE04EC0-301F-11D3-BF4B-00C04F79EFBC}") = "Sorcha.UI.Core", "Sorcha.UI.Core\Sorcha.UI.Core.csproj", "{17437244-6313-4B28-8124-CB614F444BEE}"
EndProject
Project("{FAE04EC0-301F-11D3-BF4B-00C04F79EFBC}") = "Sorcha.UI.Admin", "Sorcha.UI.Admin\Sorcha.UI.Admin.csproj", "{B2527393-D5EA-4064-AC36-500C1749A1F9}"
EndProject
Project("{FAE04EC0-301F-11D3-BF4B-00C04F79EFBC}") = "Sorcha.UI.Designer", "Sorcha.UI.Designer\Sorcha.UI.Designer.csproj", "{9E8F0533-D908-4297-8438-45AC26FB9D08}"
EndProject
Project("{FAE04EC0-301F-11D3-BF4B-00C04F79EFBC}") = "Sorcha.UI.Explorer", "Sorcha.UI.Explorer\Sorcha.UI.Explorer.csproj", "{0CD339CC-E668-4453-B634-C63974976D5C}"
EndProject
Project("{2150E333-8FDC-42A3-9474-1A3956D46DE8}") = "tests", "tests", "{0AB3BF05-4346-4AA6-1389-037BE0695223}"
EndProject
Project("{FAE04EC0-301F-11D3-BF4B-00C04F79EFBC}") = "Sorcha.UI.Core.Tests", "tests\Sorcha.UI.Core.Tests\Sorcha.UI.Core.Tests.csproj", "{F55B5D97-F2E8-4915-A5B4-753B154CD6EB}"
EndProject
Project("{FAE04EC0-301F-11D3-BF4B-00C04F79EFBC}") = "Sorcha.UI.Integration.Tests", "tests\Sorcha.UI.Integration.Tests\Sorcha.UI.Integration.Tests.csproj", "{6F6DAD6F-1F9D-44CD-A913-4989C73F2470}"
EndProject
Project("{FAE04EC0-301F-11D3-BF4B-00C04F79EFBC}") = "Sorcha.UI.App", "Sorcha.UI.App\Sorcha.UI.App.csproj", "{A1A512DD-E9E5-451D-8800-053F5540E90F}"
EndProject
Global
	GlobalSection(SolutionConfigurationPlatforms) = preSolution
		Debug|Any CPU = Debug|Any CPU
		Debug|x64 = Debug|x64
		Debug|x86 = Debug|x86
		Release|Any CPU = Release|Any CPU
		Release|x64 = Release|x64
		Release|x86 = Release|x86
	EndGlobalSection
	GlobalSection(ProjectConfigurationPlatforms) = postSolution
		{08546483-83A7-4CB9-BD74-C03614845E27}.Debug|Any CPU.ActiveCfg = Debug|Any CPU
		{08546483-83A7-4CB9-BD74-C03614845E27}.Debug|Any CPU.Build.0 = Debug|Any CPU
		{08546483-83A7-4CB9-BD74-C03614845E27}.Debug|x64.ActiveCfg = Debug|Any CPU
		{08546483-83A7-4CB9-BD74-C03614845E27}.Debug|x64.Build.0 = Debug|Any CPU
		{08546483-83A7-4CB9-BD74-C03614845E27}.Debug|x86.ActiveCfg = Debug|Any CPU
		{08546483-83A7-4CB9-BD74-C03614845E27}.Debug|x86.Build.0 = Debug|Any CPU
		{08546483-83A7-4CB9-BD74-C03614845E27}.Release|Any CPU.ActiveCfg = Release|Any CPU
		{08546483-83A7-4CB9-BD74-C03614845E27}.Release|Any CPU.Build.0 = Release|Any CPU
		{08546483-83A7-4CB9-BD74-C03614845E27}.Release|x64.ActiveCfg = Release|Any CPU
		{08546483-83A7-4CB9-BD74-C03614845E27}.Release|x64.Build.0 = Release|Any CPU
		{08546483-83A7-4CB9-BD74-C03614845E27}.Release|x86.ActiveCfg = Release|Any CPU
		{08546483-83A7-4CB9-BD74-C03614845E27}.Release|x86.Build.0 = Release|Any CPU
		{79B65EDE-BAE0-421D-B6D0-7E2B513D6516}.Debug|Any CPU.ActiveCfg = Debug|Any CPU
		{79B65EDE-BAE0-421D-B6D0-7E2B513D6516}.Debug|Any CPU.Build.0 = Debug|Any CPU
		{79B65EDE-BAE0-421D-B6D0-7E2B513D6516}.Debug|x64.ActiveCfg = Debug|Any CPU
		{79B65EDE-BAE0-421D-B6D0-7E2B513D6516}.Debug|x64.Build.0 = Debug|Any CPU
		{79B65EDE-BAE0-421D-B6D0-7E2B513D6516}.Debug|x86.ActiveCfg = Debug|Any CPU
		{79B65EDE-BAE0-421D-B6D0-7E2B513D6516}.Debug|x86.Build.0 = Debug|Any CPU
		{79B65EDE-BAE0-421D-B6D0-7E2B513D6516}.Release|Any CPU.ActiveCfg = Release|Any CPU
		{79B65EDE-BAE0-421D-B6D0-7E2B513D6516}.Release|Any CPU.Build.0 = Release|Any CPU
		{79B65EDE-BAE0-421D-B6D0-7E2B513D6516}.Release|x64.ActiveCfg = Release|Any CPU
		{79B65EDE-BAE0-421D-B6D0-7E2B513D6516}.Release|x64.Build.0 = Release|Any CPU
		{79B65EDE-BAE0-421D-B6D0-7E2B513D6516}.Release|x86.ActiveCfg = Release|Any CPU
		{79B65EDE-BAE0-421D-B6D0-7E2B513D6516}.Release|x86.Build.0 = Release|Any CPU
		{EC48B224-3D66-41D6-8E3C-A11A2BA47833}.Debug|Any CPU.ActiveCfg = Debug|Any CPU
		{EC48B224-3D66-41D6-8E3C-A11A2BA47833}.Debug|Any CPU.Build.0 = Debug|Any CPU
		{EC48B224-3D66-41D6-8E3C-A11A2BA47833}.Debug|x64.ActiveCfg = Debug|Any CPU
		{EC48B224-3D66-41D6-8E3C-A11A2BA47833}.Debug|x64.Build.0 = Debug|Any CPU
		{EC48B224-3D66-41D6-8E3C-A11A2BA47833}.Debug|x86.ActiveCfg = Debug|Any CPU
		{EC48B224-3D66-41D6-8E3C-A11A2BA47833}.Debug|x86.Build.0 = Debug|Any CPU
		{EC48B224-3D66-41D6-8E3C-A11A2BA47833}.Release|Any CPU.ActiveCfg = Release|Any CPU
		{EC48B224-3D66-41D6-8E3C-A11A2BA47833}.Release|Any CPU.Build.0 = Release|Any CPU
		{EC48B224-3D66-41D6-8E3C-A11A2BA47833}.Release|x64.ActiveCfg = Release|Any CPU
		{EC48B224-3D66-41D6-8E3C-A11A2BA47833}.Release|x64.Build.0 = Release|Any CPU
		{EC48B224-3D66-41D6-8E3C-A11A2BA47833}.Release|x86.ActiveCfg = Release|Any CPU
		{EC48B224-3D66-41D6-8E3C-A11A2BA47833}.Release|x86.Build.0 = Release|Any CPU
		{17437244-6313-4B28-8124-CB614F444BEE}.Debug|Any CPU.ActiveCfg = Debug|Any CPU
		{17437244-6313-4B28-8124-CB614F444BEE}.Debug|Any CPU.Build.0 = Debug|Any CPU
		{17437244-6313-4B28-8124-CB614F444BEE}.Debug|x64.ActiveCfg = Debug|Any CPU
		{17437244-6313-4B28-8124-CB614F444BEE}.Debug|x64.Build.0 = Debug|Any CPU
		{17437244-6313-4B28-8124-CB614F444BEE}.Debug|x86.ActiveCfg = Debug|Any CPU
		{17437244-6313-4B28-8124-CB614F444BEE}.Debug|x86.Build.0 = Debug|Any CPU
		{17437244-6313-4B28-8124-CB614F444BEE}.Release|Any CPU.ActiveCfg = Release|Any CPU
		{17437244-6313-4B28-8124-CB614F444BEE}.Release|Any CPU.Build.0 = Release|Any CPU
		{17437244-6313-4B28-8124-CB614F444BEE}.Release|x64.ActiveCfg = Release|Any CPU
		{17437244-6313-4B28-8124-CB614F444BEE}.Release|x64.Build.0 = Release|Any CPU
		{17437244-6313-4B28-8124-CB614F444BEE}.Release|x86.ActiveCfg = Release|Any CPU
		{17437244-6313-4B28-8124-CB614F444BEE}.Release|x86.Build.0 = Release|Any CPU
		{B2527393-D5EA-4064-AC36-500C1749A1F9}.Debug|Any CPU.ActiveCfg = Debug|Any CPU
		{B2527393-D5EA-4064-AC36-500C1749A1F9}.Debug|Any CPU.Build.0 = Debug|Any CPU
		{B2527393-D5EA-4064-AC36-500C1749A1F9}.Debug|x64.ActiveCfg = Debug|Any CPU
		{B2527393-D5EA-4064-AC36-500C1749A1F9}.Debug|x64.Build.0 = Debug|Any CPU
		{B2527393-D5EA-4064-AC36-500C1749A1F9}.Debug|x86.ActiveCfg = Debug|Any CPU
		{B2527393-D5EA-4064-AC36-500C1749A1F9}.Debug|x86.Build.0 = Debug|Any CPU
		{B2527393-D5EA-4064-AC36-500C1749A1F9}.Release|Any CPU.ActiveCfg = Release|Any CPU
		{B2527393-D5EA-4064-AC36-500C1749A1F9}.Release|Any CPU.Build.0 = Release|Any CPU
		{B2527393-D5EA-4064-AC36-500C1749A1F9}.Release|x64.ActiveCfg = Release|Any CPU
		{B2527393-D5EA-4064-AC36-500C1749A1F9}.Release|x64.Build.0 = Release|Any CPU
		{B2527393-D5EA-4064-AC36-500C1749A1F9}.Release|x86.ActiveCfg = Release|Any CPU
		{B2527393-D5EA-4064-AC36-500C1749A1F9}.Release|x86.Build.0 = Release|Any CPU
		{9E8F0533-D908-4297-8438-45AC26FB9D08}.Debug|Any CPU.ActiveCfg = Debug|Any CPU
		{9E8F0533-D908-4297-8438-45AC26FB9D08}.Debug|Any CPU.Build.0 = Debug|Any CPU
		{9E8F0533-D908-4297-8438-45AC26FB9D08}.Debug|x64.ActiveCfg = Debug|Any CPU
		{9E8F0533-D908-4297-8438-45AC26FB9D08}.Debug|x64.Build.0 = Debug|Any CPU
		{9E8F0533-D908-4297-8438-45AC26FB9D08}.Debug|x86.ActiveCfg = Debug|Any CPU
		{9E8F0533-D908-4297-8438-45AC26FB9D08}.Debug|x86.Build.0 = Debug|Any CPU
		{9E8F0533-D908-4297-8438-45AC26FB9D08}.Release|Any CPU.ActiveCfg = Release|Any CPU
		{9E8F0533-D908-4297-8438-45AC26FB9D08}.Release|Any CPU.Build.0 = Release|Any CPU
		{9E8F0533-D908-4297-8438-45AC26FB9D08}.Release|x64.ActiveCfg = Release|Any CPU
		{9E8F0533-D908-4297-8438-45AC26FB9D08}.Release|x64.Build.0 = Release|Any CPU
		{9E8F0533-D908-4297-8438-45AC26FB9D08}.Release|x86.ActiveCfg = Release|Any CPU
		{9E8F0533-D908-4297-8438-45AC26FB9D08}.Release|x86.Build.0 = Release|Any CPU
		{0CD339CC-E668-4453-B634-C63974976D5C}.Debug|Any CPU.ActiveCfg = Debug|Any CPU
		{0CD339CC-E668-4453-B634-C63974976D5C}.Debug|Any CPU.Build.0 = Debug|Any CPU
		{0CD339CC-E668-4453-B634-C63974976D5C}.Debug|x64.ActiveCfg = Debug|Any CPU
		{0CD339CC-E668-4453-B634-C63974976D5C}.Debug|x64.Build.0 = Debug|Any CPU
		{0CD339CC-E668-4453-B634-C63974976D5C}.Debug|x86.ActiveCfg = Debug|Any CPU
		{0CD339CC-E668-4453-B634-C63974976D5C}.Debug|x86.Build.0 = Debug|Any CPU
		{0CD339CC-E668-4453-B634-C63974976D5C}.Release|Any CPU.ActiveCfg = Release|Any CPU
		{0CD339CC-E668-4453-B634-C63974976D5C}.Release|Any CPU.Build.0 = Release|Any CPU
		{0CD339CC-E668-4453-B634-C63974976D5C}.Release|x64.ActiveCfg = Release|Any CPU
		{0CD339CC-E668-4453-B634-C63974976D5C}.Release|x64.Build.0 = Release|Any CPU
		{0CD339CC-E668-4453-B634-C63974976D5C}.Release|x86.ActiveCfg = Release|Any CPU
		{0CD339CC-E668-4453-B634-C63974976D5C}.Release|x86.Build.0 = Release|Any CPU
		{F55B5D97-F2E8-4915-A5B4-753B154CD6EB}.Debug|Any CPU.ActiveCfg = Debug|Any CPU
		{F55B5D97-F2E8-4915-A5B4-753B154CD6EB}.Debug|Any CPU.Build.0 = Debug|Any CPU
		{F55B5D97-F2E8-4915-A5B4-753B154CD6EB}.Debug|x64.ActiveCfg = Debug|Any CPU
		{F55B5D97-F2E8-4915-A5B4-753B154CD6EB}.Debug|x64.Build.0 = Debug|Any CPU
		{F55B5D97-F2E8-4915-A5B4-753B154CD6EB}.Debug|x86.ActiveCfg = Debug|Any CPU
		{F55B5D97-F2E8-4915-A5B4-753B154CD6EB}.Debug|x86.Build.0 = Debug|Any CPU
		{F55B5D97-F2E8-4915-A5B4-753B154CD6EB}.Release|Any CPU.ActiveCfg = Release|Any CPU
		{F55B5D97-F2E8-4915-A5B4-753B154CD6EB}.Release|Any CPU.Build.0 = Release|Any CPU
		{F55B5D97-F2E8-4915-A5B4-753B154CD6EB}.Release|x64.ActiveCfg = Release|Any CPU
		{F55B5D97-F2E8-4915-A5B4-753B154CD6EB}.Release|x64.Build.0 = Release|Any CPU
		{F55B5D97-F2E8-4915-A5B4-753B154CD6EB}.Release|x86.ActiveCfg = Release|Any CPU
		{F55B5D97-F2E8-4915-A5B4-753B154CD6EB}.Release|x86.Build.0 = Release|Any CPU
		{6F6DAD6F-1F9D-44CD-A913-4989C73F2470}.Debug|Any CPU.ActiveCfg = Debug|Any CPU
		{6F6DAD6F-1F9D-44CD-A913-4989C73F2470}.Debug|Any CPU.Build.0 = Debug|Any CPU
		{6F6DAD6F-1F9D-44CD-A913-4989C73F2470}.Debug|x64.ActiveCfg = Debug|Any CPU
		{6F6DAD6F-1F9D-44CD-A913-4989C73F2470}.Debug|x64.Build.0 = Debug|Any CPU
		{6F6DAD6F-1F9D-44CD-A913-4989C73F2470}.Debug|x86.ActiveCfg = Debug|Any CPU
		{6F6DAD6F-1F9D-44CD-A913-4989C73F2470}.Debug|x86.Build.0 = Debug|Any CPU
		{6F6DAD6F-1F9D-44CD-A913-4989C73F2470}.Release|Any CPU.ActiveCfg = Release|Any CPU
		{6F6DAD6F-1F9D-44CD-A913-4989C73F2470}.Release|Any CPU.Build.0 = Release|Any CPU
		{6F6DAD6F-1F9D-44CD-A913-4989C73F2470}.Release|x64.ActiveCfg = Release|Any CPU
		{6F6DAD6F-1F9D-44CD-A913-4989C73F2470}.Release|x64.Build.0 = Release|Any CPU
		{6F6DAD6F-1F9D-44CD-A913-4989C73F2470}.Release|x86.ActiveCfg = Release|Any CPU
		{6F6DAD6F-1F9D-44CD-A913-4989C73F2470}.Release|x86.Build.0 = Release|Any CPU
		{A1A512DD-E9E5-451D-8800-053F5540E90F}.Debug|Any CPU.ActiveCfg = Debug|Any CPU
		{A1A512DD-E9E5-451D-8800-053F5540E90F}.Debug|Any CPU.Build.0 = Debug|Any CPU
		{A1A512DD-E9E5-451D-8800-053F5540E90F}.Debug|x64.ActiveCfg = Debug|Any CPU
		{A1A512DD-E9E5-451D-8800-053F5540E90F}.Debug|x64.Build.0 = Debug|Any CPU
		{A1A512DD-E9E5-451D-8800-053F5540E90F}.Debug|x86.ActiveCfg = Debug|Any CPU
		{A1A512DD-E9E5-451D-8800-053F5540E90F}.Debug|x86.Build.0 = Debug|Any CPU
		{A1A512DD-E9E5-451D-8800-053F5540E90F}.Release|Any CPU.ActiveCfg = Release|Any CPU
		{A1A512DD-E9E5-451D-8800-053F5540E90F}.Release|Any CPU.Build.0 = Release|Any CPU
		{A1A512DD-E9E5-451D-8800-053F5540E90F}.Release|x64.ActiveCfg = Release|Any CPU
		{A1A512DD-E9E5-451D-8800-053F5540E90F}.Release|x64.Build.0 = Release|Any CPU
		{A1A512DD-E9E5-451D-8800-053F5540E90F}.Release|x86.ActiveCfg = Release|Any CPU
		{A1A512DD-E9E5-451D-8800-053F5540E90F}.Release|x86.Build.0 = Release|Any CPU
	EndGlobalSection
	GlobalSection(SolutionProperties) = preSolution
		HideSolutionNode = FALSE
	EndGlobalSection
	GlobalSection(NestedProjects) = preSolution
		{F55B5D97-F2E8-4915-A5B4-753B154CD6EB} = {0AB3BF05-4346-4AA6-1389-037BE0695223}
		{6F6DAD6F-1F9D-44CD-A913-4989C73F2470} = {0AB3BF05-4346-4AA6-1389-037BE0695223}
	EndGlobalSection
EndGlobal
