
Microsoft Visual Studio Solution File, Format Version 12.00
# Visual Studio Version 16
VisualStudioVersion = 16.0.30114.105
MinimumVisualStudioVersion = 10.0.40219.1
Project("{FAE04EC0-301F-11D3-BF4B-00C04F79EFBC}") = "Sorcha.UI.Web", "Sorcha.UI.Web\Sorcha.UI.Web.csproj", "{08546483-83A7-4CB9-BD74-C03614845E27}"
EndProject
Project("{FAE04EC0-301F-11D3-BF4B-00C04F79EFBC}") = "Sorcha.UI.Web.Client", "Sorcha.UI.Web.Client\Sorcha.UI.Web.Client.csproj", "{79B65EDE-BAE0-421D-B6D0-7E2B513D6516}"
EndProject
Project("{FAE04EC0-301F-11D3-BF4B-00C04F79EFBC}") = "Sorcha.UI.Core", "Sorcha.UI.Core\Sorcha.UI.Core.csproj", "{17437244-6313-4B28-8124-CB614F444BEE}"
EndProject
Project("{2150E333-8FDC-42A3-9474-1A3956D46DE8}") = "tests", "tests", "{0AB3BF05-4346-4AA6-1389-037BE0695223}"
EndProject
Project("{FAE04EC0-301F-11D3-BF4B-00C04F79EFBC}") = "Sorcha.UI.Core.Tests", "tests\Sorcha.UI.Core.Tests\Sorcha.UI.Core.Tests.csproj", "{F55B5D97-F2E8-4915-A5B4-753B154CD6EB}"
EndProject
Project("{FAE04EC0-301F-11D3-BF4B-00C04F79EFBC}") = "Sorcha.UI.Integration.Tests", "tests\Sorcha.UI.Integration.Tests\Sorcha.UI.Integration.Tests.csproj", "{6F6DAD6F-1F9D-44CD-A913-4989C73F2470}"
EndProject
Global
	GlobalSection(SolutionConfigurationPlatforms) = preSolution
		Debug|Any CPU = Debug|Any CPU
		Release|Any CPU = Release|Any CPU
	EndGlobalSection
	GlobalSection(ProjectConfigurationPlatforms) = postSolution
		{08546483-83A7-4CB9-BD74-C03614845E27}.Debug|Any CPU.ActiveCfg = Debug|Any CPU
		{08546483-83A7-4CB9-BD74-C03614845E27}.Debug|Any CPU.Build.0 = Debug|Any CPU
		{08546483-83A7-4CB9-BD74-C03614845E27}.Release|Any CPU.ActiveCfg = Release|Any CPU
		{08546483-83A7-4CB9-BD74-C03614845E27}.Release|Any CPU.Build.0 = Release|Any CPU
		{79B65EDE-BAE0-421D-B6D0-7E2B513D6516}.Debug|Any CPU.ActiveCfg = Debug|Any CPU
		{79B65EDE-BAE0-421D-B6D0-7E2B513D6516}.Debug|Any CPU.Build.0 = Debug|Any CPU
		{79B65EDE-BAE0-421D-B6D0-7E2B513D6516}.Release|Any CPU.ActiveCfg = Release|Any CPU
		{79B65EDE-BAE0-421D-B6D0-7E2B513D6516}.Release|Any CPU.Build.0 = Release|Any CPU
		{17437244-6313-4B28-8124-CB614F444BEE}.Debug|Any CPU.ActiveCfg = Debug|Any CPU
		{17437244-6313-4B28-8124-CB614F444BEE}.Debug|Any CPU.Build.0 = Debug|Any CPU
		{17437244-6313-4B28-8124-CB614F444BEE}.Release|Any CPU.ActiveCfg = Release|Any CPU
		{17437244-6313-4B28-8124-CB614F444BEE}.Release|Any CPU.Build.0 = Release|Any CPU
		{F55B5D97-F2E8-4915-A5B4-753B154CD6EB}.Debug|Any CPU.ActiveCfg = Debug|Any CPU
		{F55B5D97-F2E8-4915-A5B4-753B154CD6EB}.Debug|Any CPU.Build.0 = Debug|Any CPU
		{F55B5D97-F2E8-4915-A5B4-753B154CD6EB}.Release|Any CPU.ActiveCfg = Release|Any CPU
		{F55B5D97-F2E8-4915-A5B4-753B154CD6EB}.Release|Any CPU.Build.0 = Release|Any CPU
		{6F6DAD6F-1F9D-44CD-A913-4989C73F2470}.Debug|Any CPU.ActiveCfg = Debug|Any CPU
		{6F6DAD6F-1F9D-44CD-A913-4989C73F2470}.Debug|Any CPU.Build.0 = Debug|Any CPU
		{6F6DAD6F-1F9D-44CD-A913-4989C73F2470}.Release|Any CPU.ActiveCfg = Release|Any CPU
		{6F6DAD6F-1F9D-44CD-A913-4989C73F2470}.Release|Any CPU.Build.0 = Release|Any CPU
	EndGlobalSection
	GlobalSection(SolutionProperties) = preSolution
		HideSolutionNode = FALSE
	EndGlobalSection
	GlobalSection(NestedProjects) = preSolution
		{F55B5D97-F2E8-4915-A5B4-753B154CD6EB} = {0AB3BF05-4346-4AA6-1389-037BE0695223}
		{6F6DAD6F-1F9D-44CD-A913-4989C73F2470} = {0AB3BF05-4346-4AA6-1389-037BE0695223}
	EndGlobalSection
EndGlobal
